{
  "version": 4,
  "terraform_version": "1.14.6",
  "serial": 82,
  "lineage": "79fa8923-6de9-563c-a504-a54cad679c29",
  "outputs": {},
  "resources": [
    {
      "mode": "data",
      "type": "github_repository",
      "name": "existing_repo",
      "provider": "provider[\"registry.terraform.io/integrations/github\"]",
      "instances": [
        {
          "index_key": 0,
          "schema_version": 0,
          "attributes": {
            "allow_auto_merge": false,
            "allow_merge_commit": false,
            "allow_rebase_merge": false,
            "allow_squash_merge": false,
            "allow_update_branch": false,
            "archived": false,
            "default_branch": "main",
            "delete_branch_on_merge": false,
            "description": "",
            "fork": false,
            "full_name": "KCL1104/LorePack",
            "git_clone_url": "git://github.com/KCL1104/LorePack.git",
            "has_discussions": false,
            "has_downloads": true,
            "has_issues": true,
            "has_projects": true,
            "has_wiki": true,
            "homepage_url": "",
            "html_url": "https://github.com/KCL1104/LorePack",
            "http_clone_url": "https://github.com/KCL1104/LorePack.git",
            "id": "LorePack",
            "is_template": false,
            "merge_commit_message": "",
            "merge_commit_title": "",
            "name": "LorePack",
            "node_id": "R_kgDORVjRJg",
            "pages": [],
            "primary_language": "Python",
            "private": false,
            "repo_id": 1163448614,
            "repository_license": [],
            "squash_merge_commit_message": "",
            "squash_merge_commit_title": "",
            "ssh_clone_url": "git@github.com:KCL1104/LorePack.git",
            "svn_url": "https://github.com/KCL1104/LorePack",
            "template": [],
            "topics": [],
            "visibility": "public"
          },
          "sensitive_attributes": [],
          "identity_schema_version": 0
        }
      ]
    },
    {
      "mode": "data",
      "type": "google_project",
      "name": "cicd_project",
      "provider": "provider[\"registry.terraform.io/hashicorp/google\"]",
      "instances": [
        {
          "schema_version": 0,
          "attributes": {
            "auto_create_network": null,
            "billing_account": "01A237-562BCD-339ED6",
            "deletion_policy": "PREVENT",
            "effective_labels": {
              "firebase": "enabled",
              "firebase-core": "disabled"
            },
            "folder_id": null,
            "id": "projects/gemini-hack-487911",
            "labels": {
              "firebase": "enabled",
              "firebase-core": "disabled"
            },
            "name": "gemini-hack",
            "number": "532146354338",
            "org_id": null,
            "project_id": "gemini-hack-487911",
            "tags": null,
            "terraform_labels": {
              "firebase": "enabled",
              "firebase-core": "disabled"
            }
          },
          "sensitive_attributes": [],
          "identity_schema_version": 0
        }
      ]
    },
    {
      "mode": "data",
      "type": "google_project",
      "name": "projects",
      "provider": "provider[\"registry.terraform.io/hashicorp/google\"]",
      "instances": [
        {
          "index_key": "prod",
          "schema_version": 0,
          "attributes": {
            "auto_create_network": null,
            "billing_account": "01A237-562BCD-339ED6",
            "deletion_policy": "PREVENT",
            "effective_labels": {
              "firebase": "enabled",
              "firebase-core": "disabled"
            },
            "folder_id": null,
            "id": "projects/gemini-hack-487911",
            "labels": {
              "firebase": "enabled",
              "firebase-core": "disabled"
            },
            "name": "gemini-hack",
            "number": "532146354338",
            "org_id": null,
            "project_id": "gemini-hack-487911",
            "tags": null,
            "terraform_labels": {
              "firebase": "enabled",
              "firebase-core": "disabled"
            }
          },
          "sensitive_attributes": [],
          "identity_schema_version": 0
        },
        {
          "index_key": "staging",
          "schema_version": 0,
          "attributes": {
            "auto_create_network": null,
            "billing_account": "01A237-562BCD-339ED6",
            "deletion_policy": "PREVENT",
            "effective_labels": {
              "firebase": "enabled",
              "firebase-core": "disabled"
            },
            "folder_id": null,
            "id": "projects/gemini-hack-487911",
            "labels": {
              "firebase": "enabled",
              "firebase-core": "disabled"
            },
            "name": "gemini-hack",
            "number": "532146354338",
            "org_id": null,
            "project_id": "gemini-hack-487911",
            "tags": null,
            "terraform_labels": {
              "firebase": "enabled",
              "firebase-core": "disabled"
            }
          },
          "sensitive_attributes": [],
          "identity_schema_version": 0
        }
      ]
    },
    {
      "mode": "data",
      "type": "google_storage_bucket_object_content",
      "name": "dummy_source_b64",
      "provider": "provider[\"registry.terraform.io/hashicorp/google\"]",
      "instances": [
        {
          "schema_version": 0,
          "attributes": {
            "bucket": "agent-starter-pack",
            "cache_control": null,
            "content": "H4sIAJZMO2kAA+2c3W7bNhiG1QLDMO94Oya8g7bYwogUJdkFfOClARqgw7I0CFoMm8FZTCxEf5XlNDncXey817Db2dnuY9SPY0dOImuTOED+HsRJLFM2RfH7Xr2k6GN+/VpwR8T7eIK1dtB13TZNpNkZKH0uWf6VyBeJSYhlMdM2CNIJs4itoeuW6nOHxTzhsayK8Fw+F9PpzL2/3MeZEN4j73P3oFAbVW0DYqKF64wI0YembfUMHfmJ64sRsS2TDQ2bEsx0YpiE0mHv/64s0DjtRf2KZfwzYtmyo23EP2VGKf6pZcj411uvmbbz8a999vXn2lNN+4FP0Y9v0TtUkG7TvpAPKh8f5CN9/mm7txyfnp4U/6Z7/CEfX5aKPFlt/2oa+phHkSdwFIdXIuDBVGhPnmqf/g5+/fP8r98bOEjgIY5v9X+6iGMRJI4bN/0ZVfpPqV2Kf4tR0H8l1NJ/00Zvjr4fnxy8Pjo7xNc8SWJ8X/SOxj8djcNvzxbv4jPfCA97bIjeyp3evH9sp7WQhysNVeD99j+jSv/TJyX9Z7apIbP9qu18/OP94zUHKGOyhc+o9n9sef4tIgvqxDRsyP9KKOV/Oryb/wfWEMuopWxgUUjKHQS3FvUravi/Iv4NRnXwf0oA/7fTrOt/W3mg2v9ZZf0nlgH6r4I6+g/2r3vgNOpb9oA1/N9S/6lpgf9TQX7+1z3gZOIGbjKZ4Oimoc+Q7WGlTbLV/J/F5Pm3TUuH/K+CqvE/NsCEGYRZhsUgLXePPP7biPoVy/jfav4vi38Z/uD/1AD+b6cp638beaBK/+/M/+X6bzAG+q+CWvoPBrBz5PHfpvpX67++Gv9Z6r9hUdB/FXyDXi18/wbxCxEkKOLTS/kfhN/OsOn/s54wEcGFG4h0aui/54Qa/j8f/6GEwvyvGir0Pxv/NYfyAgD8fydZ+v/mo35FDf9fjP/aBoH7f9UA/n+nKet/G3mghv9f6r8O879qqKX/4P87Rx7/bap/tf7brDz/axOdgf6roN/v5wMA42wA4DDrAkh2AXQexigdFXK5h05FHHO5wUeOiLzwxpdlca93OnPnKPL4VMxCT6oHkk9jkW1w0G836OBo/+AVitxINm4g5oifJ2L1ptNY8MQNA9yTlej1zuPQRxdheCGzAncucdYn58j1ozBO8urlZa5EnIhr7uL1Xrsq6FyOo6jXywc0RvmOz3vpNY0fOsIb9S+EL6uwR7G+d+7x+az/XfZqwGXa6ztpY+RXw8V2N5gn8WKa1nTUfx8uEI9lA9057Kw4RidiHoWBgz66yewlepa1jvy5p2zRjLKVrly+al2Mjj0he2HxMkpmQranbKp8p7Rs1qT4mazbi+IYiwZIDzU79OfZ1lH2+0VlIr3H/0fRZJG43ryxPqZvv/7XktKfXf/bMP+vhCr9H1pYnp/BYGDD+t8ucuv/G4/6FXqN+7/z+DcZgfl/NYD/32k2/H8LeaBK/9f9f6H/MgOA/quglv6D/+8chf9fRn0rd4JX6b++dv93of+Uwf3fSiif/3UniGPxYeHGInX7c5xcJ//yM6rGfzf8nxQEG/K/ErbK/zob6owNICt3j3L8Nxf1K6rGfzf8n/xFYPxXDeD/dppH9L+xPFCl/xv+j1JY/6WIWvoP/q9zbOh/4+q/xf3fFi3Fvy77Iui/CvIJ172pFy6cPe5GHk/Smcifs+nDvWJu9ZdeUYw7lxCaneIx/9/UqpAa/j9f/0EJ6L8itlj/Re0Bo4wS+AKwDrLp/9v7/oft13/bsP5bFeD/d5qH9b+5PFDD/y/1H9Z/K6KW/oP/7xzl+G/z+x8e9P8G3fj+BxPWfynhdv33sgfAGnAAAICd4B8tnTeQAG4AAA==\n",
            "content_base64": "SDRzSUFKWk1PMmtBQSsyYzNXN2JOaGlHMVFMRE1POTRPeWE4ZzdiWXdvZ1VKZGtGZk9DbEFScWd3N0kwQ0ZvTW04RlpUQ3hFZjVYbE5EbmNYZXk4MTdEYjJkbnVZOVNQWTBkT0ltdVRPRUQrSHNSSkxGTTJSZkg3WHIyazZHTisvVnB3UjhUN2VJSzFkdEIxM1RaTnBOa1pLSDB1V2Y2VnlCZUpTWWhsTWRNMkNOSUpzNGl0b2V1VzZuT0h4VHpoc2F5SzhGdytGOVBwekwyLzNNZVpFTjRqNzNQM29GQWJWVzBEWXFLRjY0d0kwWWVtYmZVTUhmbUo2NHNSc1MyVERRMmJFc3gwWXBpRTBtSHYvNjRzMERqdFJmMktaZnd6WXRteW8yM0VQMlZHS2Y2cFpjajQxMXV2bWJiejhhOTk5dlhuMmxOTis0RlAwWTl2MFR0VWtHN1R2cEFQS2g4ZjVDTjkvbW03dHh5Zm5wNFUvNlo3L0NFZlg1YUtQRmx0LzJvYStwaEhrU2R3RklkWEl1REJWR2hQbm1xZi9nNSsvZlA4cjk4Yk9FamdJWTV2OVgrNmlHTVJKSTRiTi8wWlZmcFBxVjJLZjR0UjBIOGwxTkovMDBadmpyNGZueHk4UGpvN3hOYzhTV0o4WC9TT3hqOGRqY052enhidjRqUGZDQTk3YklqZXlwM2V2SDlzcDdXUWh5c05WZUQ5OWoralN2L1RKeVg5WjdhcEliUDlxdTE4L09QOTR6VUhLR095aGMrbzluOXNlZjR0SWd2cXhEUnN5UDlLS09WL09yeWIvd2ZXRU11b3BXeGdVVWpLSFFTM0Z2VXJhdmkvSXY0TlJuWHdmMG9BLzdmVHJPdC9XM21nMnY5WlpmMG5sZ0g2cjRJNitnLzJyM3ZnTk9wYjlvQTEvTjlTLzZscGdmOVRRWDcrMXozZ1pPSUdiaktaNE9pbW9jK1E3V0dsVGJMVi9KL0Y1UG0zVFV1SC9LK0NxdkUvTnNDRUdZUlpoc1VnTFhlUFBQN2JpUG9WeS9qZmF2NHZpMzhaL3VELzFBRCtiNmNwNjM4YmVhQksvKy9NLytYNmJ6QUcrcStDV3ZvUEJyQno1UEhmcHZwWDY3KytHdjlaNnI5aFVkQi9GWHlEWGkxOC93YnhDeEVrS09MVFMva2ZoTi9Pc09uL3M1NHdFY0dGRzRoMGF1aS81NFFhL2o4Zi82R0V3dnl2R2lyMFB4di9OWWZ5QWdEOGZ5ZFordi9tbzM1RkRmOWZqUC9hQm9IN2Y5VUEvbituS2V0L0czbWdodjlmNnI4Tzg3OXFxS1gvNFA4N1J4Ny9iYXAvdGY3YnJEei9heE9kZ2Y2cm9OL3Y1d01BNDJ3QTRERHJBa2gyQVhRZXhpZ2RGWEs1aDA1RkhITzV3VWVPaUx6d3hwZGxjYTkzT25QbktQTDRWTXhDVDZvSGtrOWprVzF3MEc4MzZPQm8vK0FWaXR4SU5tNGc1b2lmSjJMMXB0Tlk4TVFOQTl5VGxlajF6dVBRUnhkaGVDR3pBbmN1Y2RZbjU4ajFvekJPOHVybFphNUVuSWhyN3VMMVhyc3E2RnlPbzZqWHl3YzBSdm1PejN2cE5ZMGZPc0liOVMrRUw2dXdSN0crZCs3eCthei9YZlpxd0dYYTZ6dHBZK1JYdzhWMk41Z244V0thMW5UVWZ4OHVFSTlsQTkwNTdLdzRSaWRpSG9XQmd6NjZ5ZXdsZXBhMWp2eTVwMnpSakxLVnJseSthbDJNamowaGUySHhNa3BtUXJhbmJLcDhwN1JzMXFUNG1hemJpK0lZaXdaSUR6VTc5T2ZaMWxIMiswVmxJcjNILzBmUlpKRzQzcnl4UHFadnYvN1hrdEtmWGYvYk1QK3ZoQ3I5SDFwWW5wL0JZR0REK3Q4dWN1di9HNC82RlhxTis3L3orRGNaZ2ZsL05ZRC8zMmsyL0g4TGVhQksvOWY5ZjZIL01nT0EvcXVnbHY2RC8rOGNoZjlmUm4wcmQ0Slg2YisrZHY5M29mK1V3ZjNmU2lpZi8zVW5pR1B4WWVIR0luWDdjNXhjSi8veU02ckdmemY4bnhRRUcvSy9FcmJLL3pvYjZvd05JQ3QzajNMOE54ZjFLNnJHZnpmOG4veEZZUHhYRGVEL2RwcEg5TCt4UEZDbC94ditqMUpZLzZXSVd2b1AvcTl6Yk9oLzQrcS94ZjNmRmkzRnZ5NzdJdWkvQ3ZJSjE3MnBGeTZjUGU1R0hrL1NtY2lmcytuRHZXSnU5WmRlVVl3N2x4Q2FuZUl4LzkvVXFwQWEvajlmLzBFSjZMOGl0bGovUmUwQm80d1MrQUt3RHJMcC85djcvb2Z0MTMvYnNQNWJGZUQvZDVxSDliKzVQRkREL3kvMUg5Wi9LNktXL29QLzd4emwrRy96K3g4ZTlQOEczZmorQnhQV2Z5bmhkdjMzc2dmQUduQUFBSUNkNEI4dG5UZVFBRzRBQUE9PQo=",
            "content_base64sha512": "DaUlcMTv0K/BJ1oQfT5aNFH/ptjOkI7uVXWljz5G/mEQ9purfmM5SzusmlnjSm7r6qMeuKDRDWUsbiIDGOQ7vQ==",
            "content_disposition": null,
            "content_encoding": null,
            "content_hexsha512": "0da52570c4efd0afc1275a107d3e5a3451ffa6d8ce908eee5575a58f3e46fe6110f69bab7e63394b3bac9a59e34a6eebeaa31eb8a0d10d652c6e220318e43bbd",
            "content_language": null,
            "content_type": null,
            "contexts": null,
            "crc32c": null,
            "customer_encryption": null,
            "deletion_policy": null,
            "detect_md5hash": null,
            "event_based_hold": null,
            "force_empty_content_type": null,
            "generation": null,
            "id": "agent-starter-pack-dummy/source-b64.txt",
            "kms_key_name": null,
            "md5hash": null,
            "md5hexhash": null,
            "media_link": null,
            "metadata": null,
            "name": "dummy/source-b64.txt",
            "output_name": null,
            "retention": null,
            "self_link": null,
            "source": null,
            "source_md5hash": null,
            "storage_class": null,
            "temporary_hold": null
          },
          "sensitive_attributes": [],
          "identity_schema_version": 0
        }
      ]
    },
    {
      "mode": "managed",
      "type": "github_repository",
      "name": "repo",
      "provider": "provider[\"registry.terraform.io/integrations/github\"]",
      "instances": []
    },
    {
      "mode": "managed",
      "type": "google_bigquery_connection",
      "name": "genai_telemetry_connection",
      "provider": "provider[\"registry.terraform.io/hashicorp/google\"]",
      "instances": [
        {
          "index_key": "prod",
          "schema_version": 0,
          "attributes": {
            "aws": [],
            "azure": [],
            "cloud_resource": [
              {
                "service_account_id": "bqcx-532146354338-aiyz@gcp-sa-bigquery-condel.iam.gserviceaccount.com"
              }
            ],
            "cloud_spanner": [],
            "cloud_sql": [],
            "connection_id": "lorepack-genai-telemetry",
            "description": "",
            "friendly_name": "lorepack GenAI Telemetry Connection",
            "has_credential": false,
            "id": "projects/gemini-hack-487911/locations/asia-east1/connections/lorepack-genai-telemetry",
            "kms_key_name": "",
            "location": "asia-east1",
            "name": "projects/532146354338/locations/asia-east1/connections/lorepack-genai-telemetry",
            "project": "gemini-hack-487911",
            "spark": [],
            "timeouts": null
          },
          "sensitive_attributes": [],
          "identity_schema_version": 0,
          "private": "eyJlMmJmYjczMC1lY2FhLTExZTYtOGY4OC0zNDM2M2JjN2M0YzAiOnsiY3JlYXRlIjoxMjAwMDAwMDAwMDAwLCJkZWxldGUiOjEyMDAwMDAwMDAwMDAsInVwZGF0ZSI6MTIwMDAwMDAwMDAwMH19",
          "dependencies": [
            "google_project_service.cicd_services",
            "google_project_service.deploy_project_services"
          ]
        }
      ]
    },
    {
      "mode": "managed",
      "type": "google_bigquery_dataset",
      "name": "telemetry_dataset",
      "provider": "provider[\"registry.terraform.io/hashicorp/google\"]",
      "instances": [
        {
          "index_key": "prod",
          "schema_version": 0,
          "attributes": {
            "access": [
              {
                "condition": [],
                "dataset": [],
                "domain": "",
                "group_by_email": "",
                "iam_member": "",
                "role": "OWNER",
                "routine": [],
                "special_group": "",
                "user_by_email": "charlie011111@gmail.com",
                "view": []
              },
              {
                "condition": [],
                "dataset": [],
                "domain": "",
                "group_by_email": "",
                "iam_member": "",
                "role": "OWNER",
                "routine": [],
                "special_group": "projectOwners",
                "user_by_email": "",
                "view": []
              },
              {
                "condition": [],
                "dataset": [],
                "domain": "",
                "group_by_email": "",
                "iam_member": "",
                "role": "READER",
                "routine": [],
                "special_group": "projectReaders",
                "user_by_email": "",
                "view": []
              },
              {
                "condition": [],
                "dataset": [],
                "domain": "",
                "group_by_email": "",
                "iam_member": "",
                "role": "WRITER",
                "routine": [],
                "special_group": "projectWriters",
                "user_by_email": "",
                "view": []
              }
            ],
            "creation_time": 1772035992517,
            "dataset_id": "lorepack_telemetry",
            "default_collation": "",
            "default_encryption_configuration": [],
            "default_partition_expiration_ms": 0,
            "default_table_expiration_ms": 0,
            "delete_contents_on_destroy": false,
            "description": "Dataset for GenAI telemetry data stored in GCS",
            "effective_labels": {
              "goog-terraform-provisioned": "true"
            },
            "etag": "gFFwx9XdlVhP1Cp/7zoGmA==",
            "external_catalog_dataset_options": [],
            "external_dataset_reference": [],
            "friendly_name": "lorepack Telemetry",
            "id": "projects/gemini-hack-487911/datasets/lorepack_telemetry",
            "is_case_insensitive": false,
            "labels": null,
            "last_modified_time": 1772035992517,
            "location": "asia-east1",
            "max_time_travel_hours": "168",
            "project": "gemini-hack-487911",
            "resource_tags": null,
            "self_link": "https://bigquery.googleapis.com/bigquery/v2/projects/gemini-hack-487911/datasets/lorepack_telemetry",
            "storage_billing_model": "",
            "terraform_labels": {
              "goog-terraform-provisioned": "true"
            },
            "timeouts": null
          },
          "sensitive_attributes": [],
          "identity_schema_version": 0,
          "private": "eyJlMmJmYjczMC1lY2FhLTExZTYtOGY4OC0zNDM2M2JjN2M0YzAiOnsiY3JlYXRlIjoxMjAwMDAwMDAwMDAwLCJkZWxldGUiOjEyMDAwMDAwMDAwMDAsInVwZGF0ZSI6MTIwMDAwMDAwMDAwMH19",
          "dependencies": [
            "google_project_service.cicd_services",
            "google_project_service.deploy_project_services"
          ]
        }
      ]
    },
    {
      "mode": "managed",
      "type": "google_iam_workload_identity_pool",
      "name": "github_pool",
      "provider": "provider[\"registry.terraform.io/hashicorp/google\"]",
      "instances": [
        {
          "schema_version": 0,
          "attributes": {
            "description": "",
            "disabled": false,
            "display_name": "GitHub Actions Pool",
            "id": "projects/gemini-hack-487911/locations/global/workloadIdentityPools/lorepack-pool",
            "name": "projects/532146354338/locations/global/workloadIdentityPools/lorepack-pool",
            "project": "gemini-hack-487911",
            "state": "ACTIVE",
            "timeouts": null,
            "workload_identity_pool_id": "lorepack-pool"
          },
          "sensitive_attributes": [],
          "identity_schema_version": 0,
          "private": "eyJlMmJmYjczMC1lY2FhLTExZTYtOGY4OC0zNDM2M2JjN2M0YzAiOnsiY3JlYXRlIjoxMjAwMDAwMDAwMDAwLCJkZWxldGUiOjEyMDAwMDAwMDAwMDAsInVwZGF0ZSI6MTIwMDAwMDAwMDAwMH19",
          "dependencies": [
            "google_project_service.cicd_services",
            "google_project_service.deploy_project_services"
          ]
        }
      ]
    },
    {
      "mode": "managed",
      "type": "google_iam_workload_identity_pool_provider",
      "name": "github_provider",
      "provider": "provider[\"registry.terraform.io/hashicorp/google\"]",
      "instances": [
        {
          "schema_version": 0,
          "attributes": {
            "attribute_condition": "attribute.repository == 'KCL1104/LorePack'",
            "attribute_mapping": {
              "attribute.repository": "assertion.repository",
              "attribute.repository_owner": "assertion.repository_owner",
              "google.subject": "assertion.sub"
            },
            "aws": [],
            "description": "",
            "disabled": false,
            "display_name": "GitHub OIDC Provider",
            "id": "projects/gemini-hack-487911/locations/global/workloadIdentityPools/lorepack-pool/providers/lorepack-oidc",
            "name": "projects/532146354338/locations/global/workloadIdentityPools/lorepack-pool/providers/lorepack-oidc",
            "oidc": [
              {
                "allowed_audiences": null,
                "issuer_uri": "https://token.actions.githubusercontent.com",
                "jwks_json": ""
              }
            ],
            "project": "gemini-hack-487911",
            "saml": [],
            "state": "ACTIVE",
            "timeouts": null,
            "workload_identity_pool_id": "lorepack-pool",
            "workload_identity_pool_provider_id": "lorepack-oidc",
            "x509": []
          },
          "sensitive_attributes": [],
          "identity_schema_version": 0,
          "private": "eyJlMmJmYjczMC1lY2FhLTExZTYtOGY4OC0zNDM2M2JjN2M0YzAiOnsiY3JlYXRlIjoxMjAwMDAwMDAwMDAwLCJkZWxldGUiOjEyMDAwMDAwMDAwMDAsInVwZGF0ZSI6MTIwMDAwMDAwMDAwMH19",
          "dependencies": [
            "google_iam_workload_identity_pool.github_pool",
            "google_project_service.cicd_services",
            "google_project_service.deploy_project_services"
          ]
        }
      ]
    },
    {
      "mode": "managed",
      "type": "google_logging_project_bucket_config",
      "name": "genai_telemetry_bucket",
      "provider": "provider[\"registry.terraform.io/hashicorp/google\"]",
      "instances": [
        {
          "index_key": "prod",
          "schema_version": 0,
          "attributes": {
            "bucket_id": "lorepack-genai-telemetry",
            "cmek_settings": [],
            "description": "Dedicated Cloud Logging bucket for lorepack GenAI telemetry with 10 year retention",
            "enable_analytics": true,
            "id": "projects/gemini-hack-487911/locations/asia-east1/buckets/lorepack-genai-telemetry",
            "index_configs": [],
            "lifecycle_state": "ACTIVE",
            "location": "asia-east1",
            "locked": false,
            "name": "projects/gemini-hack-487911/locations/asia-east1/buckets/lorepack-genai-telemetry",
            "project": "gemini-hack-487911",
            "retention_days": 3650
          },
          "sensitive_attributes": [],
          "identity_schema_version": 0,
          "private": "bnVsbA==",
          "dependencies": [
            "google_project_service.cicd_services",
            "google_project_service.deploy_project_services"
          ]
        }
      ]
    },
    {
      "mode": "managed",
      "type": "google_project_iam_member",
      "name": "cicd_project_roles",
      "provider": "provider[\"registry.terraform.io/hashicorp/google\"]",
      "instances": [
        {
          "index_key": "roles/aiplatform.user",
          "schema_version": 0,
          "attributes": {
            "condition": [],
            "etag": "BwZLqElH5SY=",
            "id": "gemini-hack-487911/roles/aiplatform.user/serviceAccount:lorepack-cb@gemini-hack-487911.iam.gserviceaccount.com",
            "member": "serviceAccount:lorepack-cb@gemini-hack-487911.iam.gserviceaccount.com",
            "project": "gemini-hack-487911",
            "role": "roles/aiplatform.user"
          },
          "sensitive_attributes": [],
          "identity_schema_version": 0,
          "private": "bnVsbA==",
          "dependencies": [
            "google_project_service.cicd_services",
            "google_project_service.deploy_project_services",
            "google_service_account.cicd_runner_sa"
          ]
        },
        {
          "index_key": "roles/artifactregistry.writer",
          "schema_version": 0,
          "attributes": {
            "condition": [],
            "etag": "BwZLqExa+tA=",
            "id": "gemini-hack-487911/roles/artifactregistry.writer/serviceAccount:lorepack-cb@gemini-hack-487911.iam.gserviceaccount.com",
            "member": "serviceAccount:lorepack-cb@gemini-hack-487911.iam.gserviceaccount.com",
            "project": "gemini-hack-487911",
            "role": "roles/artifactregistry.writer"
          },
          "sensitive_attributes": [],
          "identity_schema_version": 0,
          "private": "bnVsbA==",
          "dependencies": [
            "google_project_service.cicd_services",
            "google_project_service.deploy_project_services",
            "google_service_account.cicd_runner_sa"
          ]
        },
        {
          "index_key": "roles/cloudbuild.builds.builder",
          "schema_version": 0,
          "attributes": {
            "condition": [],
            "etag": "BwZLqElH5SY=",
            "id": "gemini-hack-487911/roles/cloudbuild.builds.builder/serviceAccount:lorepack-cb@gemini-hack-487911.iam.gserviceaccount.com",
            "member": "serviceAccount:lorepack-cb@gemini-hack-487911.iam.gserviceaccount.com",
            "project": "gemini-hack-487911",
            "role": "roles/cloudbuild.builds.builder"
          },
          "sensitive_attributes": [],
          "identity_schema_version": 0,
          "private": "bnVsbA==",
          "dependencies": [
            "google_project_service.cicd_services",
            "google_project_service.deploy_project_services",
            "google_service_account.cicd_runner_sa"
          ]
        },
        {
          "index_key": "roles/cloudtrace.agent",
          "schema_version": 0,
          "attributes": {
            "condition": [],
            "etag": "BwZLqExa+tA=",
            "id": "gemini-hack-487911/roles/cloudtrace.agent/serviceAccount:lorepack-cb@gemini-hack-487911.iam.gserviceaccount.com",
            "member": "serviceAccount:lorepack-cb@gemini-hack-487911.iam.gserviceaccount.com",
            "project": "gemini-hack-487911",
            "role": "roles/cloudtrace.agent"
          },
          "sensitive_attributes": [],
          "identity_schema_version": 0,
          "private": "bnVsbA==",
          "dependencies": [
            "google_project_service.cicd_services",
            "google_project_service.deploy_project_services",
            "google_service_account.cicd_runner_sa"
          ]
        },
        {
          "index_key": "roles/discoveryengine.editor",
          "schema_version": 0,
          "attributes": {
            "condition": [],
            "etag": "BwZLqElH5SY=",
            "id": "gemini-hack-487911/roles/discoveryengine.editor/serviceAccount:lorepack-cb@gemini-hack-487911.iam.gserviceaccount.com",
            "member": "serviceAccount:lorepack-cb@gemini-hack-487911.iam.gserviceaccount.com",
            "project": "gemini-hack-487911",
            "role": "roles/discoveryengine.editor"
          },
          "sensitive_attributes": [],
          "identity_schema_version": 0,
          "private": "bnVsbA==",
          "dependencies": [
            "google_project_service.cicd_services",
            "google_project_service.deploy_project_services",
            "google_service_account.cicd_runner_sa"
          ]
        },
        {
          "index_key": "roles/logging.logWriter",
          "schema_version": 0,
          "attributes": {
            "condition": [],
            "etag": "BwZLqEjiqqY=",
            "id": "gemini-hack-487911/roles/logging.logWriter/serviceAccount:lorepack-cb@gemini-hack-487911.iam.gserviceaccount.com",
            "member": "serviceAccount:lorepack-cb@gemini-hack-487911.iam.gserviceaccount.com",
            "project": "gemini-hack-487911",
            "role": "roles/logging.logWriter"
          },
          "sensitive_attributes": [],
          "identity_schema_version": 0,
          "private": "bnVsbA==",
          "dependencies": [
            "google_project_service.cicd_services",
            "google_project_service.deploy_project_services",
            "google_service_account.cicd_runner_sa"
          ]
        },
        {
          "index_key": "roles/storage.admin",
          "schema_version": 0,
          "attributes": {
            "condition": [],
            "etag": "BwZLqEjiqqY=",
            "id": "gemini-hack-487911/roles/storage.admin/serviceAccount:lorepack-cb@gemini-hack-487911.iam.gserviceaccount.com",
            "member": "serviceAccount:lorepack-cb@gemini-hack-487911.iam.gserviceaccount.com",
            "project": "gemini-hack-487911",
            "role": "roles/storage.admin"
          },
          "sensitive_attributes": [],
          "identity_schema_version": 0,
          "private": "bnVsbA==",
          "dependencies": [
            "google_project_service.cicd_services",
            "google_project_service.deploy_project_services",
            "google_service_account.cicd_runner_sa"
          ]
        }
      ]
    },
    {
      "mode": "managed",
      "type": "google_project_iam_member",
      "name": "other_projects_roles",
      "provider": "provider[\"registry.terraform.io/hashicorp/google\"]",
      "instances": [
        {
          "index_key": "prod-roles/aiplatform.user",
          "schema_version": 0,
          "attributes": {
            "condition": [],
            "etag": "BwZLqExa+tA=",
            "id": "gemini-hack-487911/roles/aiplatform.user/serviceAccount:lorepack-cb@gemini-hack-487911.iam.gserviceaccount.com",
            "member": "serviceAccount:lorepack-cb@gemini-hack-487911.iam.gserviceaccount.com",
            "project": "gemini-hack-487911",
            "role": "roles/aiplatform.user"
          },
          "sensitive_attributes": [],
          "identity_schema_version": 0,
          "private": "bnVsbA==",
          "dependencies": [
            "google_project_service.cicd_services",
            "google_project_service.deploy_project_services",
            "google_service_account.cicd_runner_sa"
          ]
        },
        {
          "index_key": "prod-roles/artifactregistry.writer",
          "schema_version": 0,
          "attributes": {
            "condition": [],
            "etag": "BwZLqEzzcOA=",
            "id": "gemini-hack-487911/roles/artifactregistry.writer/serviceAccount:lorepack-cb@gemini-hack-487911.iam.gserviceaccount.com",
            "member": "serviceAccount:lorepack-cb@gemini-hack-487911.iam.gserviceaccount.com",
            "project": "gemini-hack-487911",
            "role": "roles/artifactregistry.writer"
          },
          "sensitive_attributes": [],
          "identity_schema_version": 0,
          "private": "bnVsbA==",
          "dependencies": [
            "google_project_service.cicd_services",
            "google_project_service.deploy_project_services",
            "google_service_account.cicd_runner_sa"
          ]
        },
        {
          "index_key": "prod-roles/firebasehosting.admin",
          "schema_version": 0,
          "attributes": {
            "condition": [],
            "etag": "BwZLqExa+tA=",
            "id": "gemini-hack-487911/roles/firebasehosting.admin/serviceAccount:lorepack-cb@gemini-hack-487911.iam.gserviceaccount.com",
            "member": "serviceAccount:lorepack-cb@gemini-hack-487911.iam.gserviceaccount.com",
            "project": "gemini-hack-487911",
            "role": "roles/firebasehosting.admin"
          },
          "sensitive_attributes": [],
          "identity_schema_version": 0,
          "private": "bnVsbA==",
          "dependencies": [
            "google_project_service.cicd_services",
            "google_project_service.deploy_project_services",
            "google_service_account.cicd_runner_sa"
          ]
        },
        {
          "index_key": "prod-roles/iam.serviceAccountUser",
          "schema_version": 0,
          "attributes": {
            "condition": [],
            "etag": "BwZLqExa+tA=",
            "id": "gemini-hack-487911/roles/iam.serviceAccountUser/serviceAccount:lorepack-cb@gemini-hack-487911.iam.gserviceaccount.com",
            "member": "serviceAccount:lorepack-cb@gemini-hack-487911.iam.gserviceaccount.com",
            "project": "gemini-hack-487911",
            "role": "roles/iam.serviceAccountUser"
          },
          "sensitive_attributes": [],
          "identity_schema_version": 0,
          "private": "bnVsbA==",
          "dependencies": [
            "google_project_service.cicd_services",
            "google_project_service.deploy_project_services",
            "google_service_account.cicd_runner_sa"
          ]
        },
        {
          "index_key": "prod-roles/run.admin",
          "schema_version": 0,
          "attributes": {
            "condition": [],
            "etag": "BwZLqExa+tA=",
            "id": "gemini-hack-487911/roles/run.admin/serviceAccount:lorepack-cb@gemini-hack-487911.iam.gserviceaccount.com",
            "member": "serviceAccount:lorepack-cb@gemini-hack-487911.iam.gserviceaccount.com",
            "project": "gemini-hack-487911",
            "role": "roles/run.admin"
          },
          "sensitive_attributes": [],
          "identity_schema_version": 0,
          "private": "bnVsbA==",
          "dependencies": [
            "google_project_service.cicd_services",
            "google_project_service.deploy_project_services",
            "google_service_account.cicd_runner_sa"
          ]
        },
        {
          "index_key": "prod-roles/storage.admin",
          "schema_version": 0,
          "attributes": {
            "condition": [],
            "etag": "BwZLqEzzcOA=",
            "id": "gemini-hack-487911/roles/storage.admin/serviceAccount:lorepack-cb@gemini-hack-487911.iam.gserviceaccount.com",
            "member": "serviceAccount:lorepack-cb@gemini-hack-487911.iam.gserviceaccount.com",
            "project": "gemini-hack-487911",
            "role": "roles/storage.admin"
          },
          "sensitive_attributes": [],
          "identity_schema_version": 0,
          "private": "bnVsbA==",
          "dependencies": [
            "google_project_service.cicd_services",
            "google_project_service.deploy_project_services",
            "google_service_account.cicd_runner_sa"
          ]
        },
        {
          "index_key": "staging-roles/aiplatform.user",
          "schema_version": 0,
          "attributes": {
            "condition": [],
            "etag": "BwZLqEzzcOA=",
            "id": "gemini-hack-487911/roles/aiplatform.user/serviceAccount:lorepack-cb@gemini-hack-487911.iam.gserviceaccount.com",
            "member": "serviceAccount:lorepack-cb@gemini-hack-487911.iam.gserviceaccount.com",
            "project": "gemini-hack-487911",
            "role": "roles/aiplatform.user"
          },
          "sensitive_attributes": [],
          "identity_schema_version": 0,
          "private": "bnVsbA==",
          "dependencies": [
            "google_project_service.cicd_services",
            "google_project_service.deploy_project_services",
            "google_service_account.cicd_runner_sa"
          ]
        },
        {
          "index_key": "staging-roles/artifactregistry.writer",
          "schema_version": 0,
          "attributes": {
            "condition": [],
            "etag": "BwZLqExa+tA=",
            "id": "gemini-hack-487911/roles/artifactregistry.writer/serviceAccount:lorepack-cb@gemini-hack-487911.iam.gserviceaccount.com",
            "member": "serviceAccount:lorepack-cb@gemini-hack-487911.iam.gserviceaccount.com",
            "project": "gemini-hack-487911",
            "role": "roles/artifactregistry.writer"
          },
          "sensitive_attributes": [],
          "identity_schema_version": 0,
          "private": "bnVsbA==",
          "dependencies": [
            "google_project_service.cicd_services",
            "google_project_service.deploy_project_services",
            "google_service_account.cicd_runner_sa"
          ]
        },
        {
          "index_key": "staging-roles/firebasehosting.admin",
          "schema_version": 0,
          "attributes": {
            "condition": [],
            "etag": "BwZLqEzzcOA=",
            "id": "gemini-hack-487911/roles/firebasehosting.admin/serviceAccount:lorepack-cb@gemini-hack-487911.iam.gserviceaccount.com",
            "member": "serviceAccount:lorepack-cb@gemini-hack-487911.iam.gserviceaccount.com",
            "project": "gemini-hack-487911",
            "role": "roles/firebasehosting.admin"
          },
          "sensitive_attributes": [],
          "identity_schema_version": 0,
          "private": "bnVsbA==",
          "dependencies": [
            "google_project_service.cicd_services",
            "google_project_service.deploy_project_services",
            "google_service_account.cicd_runner_sa"
          ]
        },
        {
          "index_key": "staging-roles/iam.serviceAccountUser",
          "schema_version": 0,
          "attributes": {
            "condition": [],
            "etag": "BwZLqExa+tA=",
            "id": "gemini-hack-487911/roles/iam.serviceAccountUser/serviceAccount:lorepack-cb@gemini-hack-487911.iam.gserviceaccount.com",
            "member": "serviceAccount:lorepack-cb@gemini-hack-487911.iam.gserviceaccount.com",
            "project": "gemini-hack-487911",
            "role": "roles/iam.serviceAccountUser"
          },
          "sensitive_attributes": [],
          "identity_schema_version": 0,
          "private": "bnVsbA==",
          "dependencies": [
            "google_project_service.cicd_services",
            "google_project_service.deploy_project_services",
            "google_service_account.cicd_runner_sa"
          ]
        },
        {
          "index_key": "staging-roles/run.admin",
          "schema_version": 0,
          "attributes": {
            "condition": [],
            "etag": "BwZLqExa+tA=",
            "id": "gemini-hack-487911/roles/run.admin/serviceAccount:lorepack-cb@gemini-hack-487911.iam.gserviceaccount.com",
            "member": "serviceAccount:lorepack-cb@gemini-hack-487911.iam.gserviceaccount.com",
            "project": "gemini-hack-487911",
            "role": "roles/run.admin"
          },
          "sensitive_attributes": [],
          "identity_schema_version": 0,
          "private": "bnVsbA==",
          "dependencies": [
            "google_project_service.cicd_services",
            "google_project_service.deploy_project_services",
            "google_service_account.cicd_runner_sa"
          ]
        },
        {
          "index_key": "staging-roles/storage.admin",
          "schema_version": 0,
          "attributes": {
            "condition": [],
            "etag": "BwZLqExa+tA=",
            "id": "gemini-hack-487911/roles/storage.admin/serviceAccount:lorepack-cb@gemini-hack-487911.iam.gserviceaccount.com",
            "member": "serviceAccount:lorepack-cb@gemini-hack-487911.iam.gserviceaccount.com",
            "project": "gemini-hack-487911",
            "role": "roles/storage.admin"
          },
          "sensitive_attributes": [],
          "identity_schema_version": 0,
          "private": "bnVsbA==",
          "dependencies": [
            "google_project_service.cicd_services",
            "google_project_service.deploy_project_services",
            "google_service_account.cicd_runner_sa"
          ]
        }
      ]
    },
    {
      "mode": "managed",
      "type": "google_project_service",
      "name": "cicd_cloud_resource_manager_api",
      "provider": "provider[\"registry.terraform.io/hashicorp/google\"]",
      "instances": [
        {
          "schema_version": 0,
          "attributes": {
            "disable_dependent_services": null,
            "disable_on_destroy": false,
            "id": "gemini-hack-487911/cloudresourcemanager.googleapis.com",
            "project": "gemini-hack-487911",
            "service": "cloudresourcemanager.googleapis.com",
            "timeouts": null
          },
          "sensitive_attributes": [],
          "identity_schema_version": 0,
          "private": "eyJlMmJmYjczMC1lY2FhLTExZTYtOGY4OC0zNDM2M2JjN2M0YzAiOnsiY3JlYXRlIjoxMjAwMDAwMDAwMDAwLCJkZWxldGUiOjEyMDAwMDAwMDAwMDAsInJlYWQiOjYwMDAwMDAwMDAwMCwidXBkYXRlIjoxMjAwMDAwMDAwMDAwfX0="
        }
      ]
    },
    {
      "mode": "managed",
      "type": "google_project_service",
      "name": "cicd_services",
      "provider": "provider[\"registry.terraform.io/hashicorp/google\"]",
      "instances": [
        {
          "index_key": 0,
          "schema_version": 0,
          "attributes": {
            "disable_dependent_services": null,
            "disable_on_destroy": false,
            "id": "gemini-hack-487911/cloudbuild.googleapis.com",
            "project": "gemini-hack-487911",
            "service": "cloudbuild.googleapis.com",
            "timeouts": null
          },
          "sensitive_attributes": [],
          "identity_schema_version": 0,
          "private": "eyJlMmJmYjczMC1lY2FhLTExZTYtOGY4OC0zNDM2M2JjN2M0YzAiOnsiY3JlYXRlIjoxMjAwMDAwMDAwMDAwLCJkZWxldGUiOjEyMDAwMDAwMDAwMDAsInJlYWQiOjYwMDAwMDAwMDAwMCwidXBkYXRlIjoxMjAwMDAwMDAwMDAwfX0="
        },
        {
          "index_key": 1,
          "schema_version": 0,
          "attributes": {
            "disable_dependent_services": null,
            "disable_on_destroy": false,
            "id": "gemini-hack-487911/discoveryengine.googleapis.com",
            "project": "gemini-hack-487911",
            "service": "discoveryengine.googleapis.com",
            "timeouts": null
          },
          "sensitive_attributes": [],
          "identity_schema_version": 0,
          "private": "eyJlMmJmYjczMC1lY2FhLTExZTYtOGY4OC0zNDM2M2JjN2M0YzAiOnsiY3JlYXRlIjoxMjAwMDAwMDAwMDAwLCJkZWxldGUiOjEyMDAwMDAwMDAwMDAsInJlYWQiOjYwMDAwMDAwMDAwMCwidXBkYXRlIjoxMjAwMDAwMDAwMDAwfX0="
        },
        {
          "index_key": 2,
          "schema_version": 0,
          "attributes": {
            "disable_dependent_services": null,
            "disable_on_destroy": false,
            "id": "gemini-hack-487911/aiplatform.googleapis.com",
            "project": "gemini-hack-487911",
            "service": "aiplatform.googleapis.com",
            "timeouts": null
          },
          "sensitive_attributes": [],
          "identity_schema_version": 0,
          "private": "eyJlMmJmYjczMC1lY2FhLTExZTYtOGY4OC0zNDM2M2JjN2M0YzAiOnsiY3JlYXRlIjoxMjAwMDAwMDAwMDAwLCJkZWxldGUiOjEyMDAwMDAwMDAwMDAsInJlYWQiOjYwMDAwMDAwMDAwMCwidXBkYXRlIjoxMjAwMDAwMDAwMDAwfX0="
        },
        {
          "index_key": 3,
          "schema_version": 0,
          "attributes": {
            "disable_dependent_services": null,
            "disable_on_destroy": false,
            "id": "gemini-hack-487911/serviceusage.googleapis.com",
            "project": "gemini-hack-487911",
            "service": "serviceusage.googleapis.com",
            "timeouts": null
          },
          "sensitive_attributes": [],
          "identity_schema_version": 0,
          "private": "eyJlMmJmYjczMC1lY2FhLTExZTYtOGY4OC0zNDM2M2JjN2M0YzAiOnsiY3JlYXRlIjoxMjAwMDAwMDAwMDAwLCJkZWxldGUiOjEyMDAwMDAwMDAwMDAsInJlYWQiOjYwMDAwMDAwMDAwMCwidXBkYXRlIjoxMjAwMDAwMDAwMDAwfX0="
        },
        {
          "index_key": 4,
          "schema_version": 0,
          "attributes": {
            "disable_dependent_services": null,
            "disable_on_destroy": false,
            "id": "gemini-hack-487911/bigquery.googleapis.com",
            "project": "gemini-hack-487911",
            "service": "bigquery.googleapis.com",
            "timeouts": null
          },
          "sensitive_attributes": [],
          "identity_schema_version": 0,
          "private": "eyJlMmJmYjczMC1lY2FhLTExZTYtOGY4OC0zNDM2M2JjN2M0YzAiOnsiY3JlYXRlIjoxMjAwMDAwMDAwMDAwLCJkZWxldGUiOjEyMDAwMDAwMDAwMDAsInJlYWQiOjYwMDAwMDAwMDAwMCwidXBkYXRlIjoxMjAwMDAwMDAwMDAwfX0="
        },
        {
          "index_key": 5,
          "schema_version": 0,
          "attributes": {
            "disable_dependent_services": null,
            "disable_on_destroy": false,
            "id": "gemini-hack-487911/cloudresourcemanager.googleapis.com",
            "project": "gemini-hack-487911",
            "service": "cloudresourcemanager.googleapis.com",
            "timeouts": null
          },
          "sensitive_attributes": [],
          "identity_schema_version": 0,
          "private": "eyJlMmJmYjczMC1lY2FhLTExZTYtOGY4OC0zNDM2M2JjN2M0YzAiOnsiY3JlYXRlIjoxMjAwMDAwMDAwMDAwLCJkZWxldGUiOjEyMDAwMDAwMDAwMDAsInJlYWQiOjYwMDAwMDAwMDAwMCwidXBkYXRlIjoxMjAwMDAwMDAwMDAwfX0="
        },
        {
          "index_key": 6,
          "schema_version": 0,
          "attributes": {
            "disable_dependent_services": null,
            "disable_on_destroy": false,
            "id": "gemini-hack-487911/cloudtrace.googleapis.com",
            "project": "gemini-hack-487911",
            "service": "cloudtrace.googleapis.com",
            "timeouts": null
          },
          "sensitive_attributes": [],
          "identity_schema_version": 0,
          "private": "eyJlMmJmYjczMC1lY2FhLTExZTYtOGY4OC0zNDM2M2JjN2M0YzAiOnsiY3JlYXRlIjoxMjAwMDAwMDAwMDAwLCJkZWxldGUiOjEyMDAwMDAwMDAwMDAsInJlYWQiOjYwMDAwMDAwMDAwMCwidXBkYXRlIjoxMjAwMDAwMDAwMDAwfX0="
        },
        {
          "index_key": 7,
          "schema_version": 0,
          "attributes": {
            "disable_dependent_services": null,
            "disable_on_destroy": false,
            "id": "gemini-hack-487911/telemetry.googleapis.com",
            "project": "gemini-hack-487911",
            "service": "telemetry.googleapis.com",
            "timeouts": null
          },
          "sensitive_attributes": [],
          "identity_schema_version": 0,
          "private": "eyJlMmJmYjczMC1lY2FhLTExZTYtOGY4OC0zNDM2M2JjN2M0YzAiOnsiY3JlYXRlIjoxMjAwMDAwMDAwMDAwLCJkZWxldGUiOjEyMDAwMDAwMDAwMDAsInJlYWQiOjYwMDAwMDAwMDAwMCwidXBkYXRlIjoxMjAwMDAwMDAwMDAwfX0="
        }
      ]
    },
    {
      "mode": "managed",
      "type": "google_project_service",
      "name": "deploy_project_services",
      "provider": "provider[\"registry.terraform.io/hashicorp/google\"]",
      "instances": [
        {
          "index_key": "prod_aiplatform_googleapis_com",
          "schema_version": 0,
          "attributes": {
            "disable_dependent_services": null,
            "disable_on_destroy": false,
            "id": "gemini-hack-487911/aiplatform.googleapis.com",
            "project": "gemini-hack-487911",
            "service": "aiplatform.googleapis.com",
            "timeouts": null
          },
          "sensitive_attributes": [],
          "identity_schema_version": 0,
          "private": "eyJlMmJmYjczMC1lY2FhLTExZTYtOGY4OC0zNDM2M2JjN2M0YzAiOnsiY3JlYXRlIjoxMjAwMDAwMDAwMDAwLCJkZWxldGUiOjEyMDAwMDAwMDAwMDAsInJlYWQiOjYwMDAwMDAwMDAwMCwidXBkYXRlIjoxMjAwMDAwMDAwMDAwfX0="
        },
        {
          "index_key": "prod_artifactregistry_googleapis_com",
          "schema_version": 0,
          "attributes": {
            "disable_dependent_services": null,
            "disable_on_destroy": false,
            "id": "gemini-hack-487911/artifactregistry.googleapis.com",
            "project": "gemini-hack-487911",
            "service": "artifactregistry.googleapis.com",
            "timeouts": null
          },
          "sensitive_attributes": [],
          "identity_schema_version": 0,
          "private": "eyJlMmJmYjczMC1lY2FhLTExZTYtOGY4OC0zNDM2M2JjN2M0YzAiOnsiY3JlYXRlIjoxMjAwMDAwMDAwMDAwLCJkZWxldGUiOjEyMDAwMDAwMDAwMDAsInJlYWQiOjYwMDAwMDAwMDAwMCwidXBkYXRlIjoxMjAwMDAwMDAwMDAwfX0="
        },
        {
          "index_key": "prod_bigquery_googleapis_com",
          "schema_version": 0,
          "attributes": {
            "disable_dependent_services": null,
            "disable_on_destroy": false,
            "id": "gemini-hack-487911/bigquery.googleapis.com",
            "project": "gemini-hack-487911",
            "service": "bigquery.googleapis.com",
            "timeouts": null
          },
          "sensitive_attributes": [],
          "identity_schema_version": 0,
          "private": "eyJlMmJmYjczMC1lY2FhLTExZTYtOGY4OC0zNDM2M2JjN2M0YzAiOnsiY3JlYXRlIjoxMjAwMDAwMDAwMDAwLCJkZWxldGUiOjEyMDAwMDAwMDAwMDAsInJlYWQiOjYwMDAwMDAwMDAwMCwidXBkYXRlIjoxMjAwMDAwMDAwMDAwfX0="
        },
        {
          "index_key": "prod_cloudresourcemanager_googleapis_com",
          "schema_version": 0,
          "attributes": {
            "disable_dependent_services": null,
            "disable_on_destroy": false,
            "id": "gemini-hack-487911/cloudresourcemanager.googleapis.com",
            "project": "gemini-hack-487911",
            "service": "cloudresourcemanager.googleapis.com",
            "timeouts": null
          },
          "sensitive_attributes": [],
          "identity_schema_version": 0,
          "private": "eyJlMmJmYjczMC1lY2FhLTExZTYtOGY4OC0zNDM2M2JjN2M0YzAiOnsiY3JlYXRlIjoxMjAwMDAwMDAwMDAwLCJkZWxldGUiOjEyMDAwMDAwMDAwMDAsInJlYWQiOjYwMDAwMDAwMDAwMCwidXBkYXRlIjoxMjAwMDAwMDAwMDAwfX0="
        },
        {
          "index_key": "prod_cloudtrace_googleapis_com",
          "schema_version": 0,
          "attributes": {
            "disable_dependent_services": null,
            "disable_on_destroy": false,
            "id": "gemini-hack-487911/cloudtrace.googleapis.com",
            "project": "gemini-hack-487911",
            "service": "cloudtrace.googleapis.com",
            "timeouts": null
          },
          "sensitive_attributes": [],
          "identity_schema_version": 0,
          "private": "eyJlMmJmYjczMC1lY2FhLTExZTYtOGY4OC0zNDM2M2JjN2M0YzAiOnsiY3JlYXRlIjoxMjAwMDAwMDAwMDAwLCJkZWxldGUiOjEyMDAwMDAwMDAwMDAsInJlYWQiOjYwMDAwMDAwMDAwMCwidXBkYXRlIjoxMjAwMDAwMDAwMDAwfX0="
        },
        {
          "index_key": "prod_discoveryengine_googleapis_com",
          "schema_version": 0,
          "attributes": {
            "disable_dependent_services": null,
            "disable_on_destroy": false,
            "id": "gemini-hack-487911/discoveryengine.googleapis.com",
            "project": "gemini-hack-487911",
            "service": "discoveryengine.googleapis.com",
            "timeouts": null
          },
          "sensitive_attributes": [],
          "identity_schema_version": 0,
          "private": "eyJlMmJmYjczMC1lY2FhLTExZTYtOGY4OC0zNDM2M2JjN2M0YzAiOnsiY3JlYXRlIjoxMjAwMDAwMDAwMDAwLCJkZWxldGUiOjEyMDAwMDAwMDAwMDAsInJlYWQiOjYwMDAwMDAwMDAwMCwidXBkYXRlIjoxMjAwMDAwMDAwMDAwfX0="
        },
        {
          "index_key": "prod_iam_googleapis_com",
          "schema_version": 0,
          "attributes": {
            "disable_dependent_services": null,
            "disable_on_destroy": false,
            "id": "gemini-hack-487911/iam.googleapis.com",
            "project": "gemini-hack-487911",
            "service": "iam.googleapis.com",
            "timeouts": null
          },
          "sensitive_attributes": [],
          "identity_schema_version": 0,
          "private": "eyJlMmJmYjczMC1lY2FhLTExZTYtOGY4OC0zNDM2M2JjN2M0YzAiOnsiY3JlYXRlIjoxMjAwMDAwMDAwMDAwLCJkZWxldGUiOjEyMDAwMDAwMDAwMDAsInJlYWQiOjYwMDAwMDAwMDAwMCwidXBkYXRlIjoxMjAwMDAwMDAwMDAwfX0="
        },
        {
          "index_key": "prod_logging_googleapis_com",
          "schema_version": 0,
          "attributes": {
            "disable_dependent_services": null,
            "disable_on_destroy": false,
            "id": "gemini-hack-487911/logging.googleapis.com",
            "project": "gemini-hack-487911",
            "service": "logging.googleapis.com",
            "timeouts": null
          },
          "sensitive_attributes": [],
          "identity_schema_version": 0,
          "private": "eyJlMmJmYjczMC1lY2FhLTExZTYtOGY4OC0zNDM2M2JjN2M0YzAiOnsiY3JlYXRlIjoxMjAwMDAwMDAwMDAwLCJkZWxldGUiOjEyMDAwMDAwMDAwMDAsInJlYWQiOjYwMDAwMDAwMDAwMCwidXBkYXRlIjoxMjAwMDAwMDAwMDAwfX0="
        },
        {
          "index_key": "prod_run_googleapis_com",
          "schema_version": 0,
          "attributes": {
            "disable_dependent_services": null,
            "disable_on_destroy": false,
            "id": "gemini-hack-487911/run.googleapis.com",
            "project": "gemini-hack-487911",
            "service": "run.googleapis.com",
            "timeouts": null
          },
          "sensitive_attributes": [],
          "identity_schema_version": 0,
          "private": "eyJlMmJmYjczMC1lY2FhLTExZTYtOGY4OC0zNDM2M2JjN2M0YzAiOnsiY3JlYXRlIjoxMjAwMDAwMDAwMDAwLCJkZWxldGUiOjEyMDAwMDAwMDAwMDAsInJlYWQiOjYwMDAwMDAwMDAwMCwidXBkYXRlIjoxMjAwMDAwMDAwMDAwfX0="
        },
        {
          "index_key": "prod_serviceusage_googleapis_com",
          "schema_version": 0,
          "attributes": {
            "disable_dependent_services": null,
            "disable_on_destroy": false,
            "id": "gemini-hack-487911/serviceusage.googleapis.com",
            "project": "gemini-hack-487911",
            "service": "serviceusage.googleapis.com",
            "timeouts": null
          },
          "sensitive_attributes": [],
          "identity_schema_version": 0,
          "private": "eyJlMmJmYjczMC1lY2FhLTExZTYtOGY4OC0zNDM2M2JjN2M0YzAiOnsiY3JlYXRlIjoxMjAwMDAwMDAwMDAwLCJkZWxldGUiOjEyMDAwMDAwMDAwMDAsInJlYWQiOjYwMDAwMDAwMDAwMCwidXBkYXRlIjoxMjAwMDAwMDAwMDAwfX0="
        },
        {
          "index_key": "prod_telemetry_googleapis_com",
          "schema_version": 0,
          "attributes": {
            "disable_dependent_services": null,
            "disable_on_destroy": false,
            "id": "gemini-hack-487911/telemetry.googleapis.com",
            "project": "gemini-hack-487911",
            "service": "telemetry.googleapis.com",
            "timeouts": null
          },
          "sensitive_attributes": [],
          "identity_schema_version": 0,
          "private": "eyJlMmJmYjczMC1lY2FhLTExZTYtOGY4OC0zNDM2M2JjN2M0YzAiOnsiY3JlYXRlIjoxMjAwMDAwMDAwMDAwLCJkZWxldGUiOjEyMDAwMDAwMDAwMDAsInJlYWQiOjYwMDAwMDAwMDAwMCwidXBkYXRlIjoxMjAwMDAwMDAwMDAwfX0="
        },
        {
          "index_key": "staging_aiplatform_googleapis_com",
          "schema_version": 0,
          "attributes": {
            "disable_dependent_services": null,
            "disable_on_destroy": false,
            "id": "gemini-hack-487911/aiplatform.googleapis.com",
            "project": "gemini-hack-487911",
            "service": "aiplatform.googleapis.com",
            "timeouts": null
          },
          "sensitive_attributes": [],
          "identity_schema_version": 0,
          "private": "eyJlMmJmYjczMC1lY2FhLTExZTYtOGY4OC0zNDM2M2JjN2M0YzAiOnsiY3JlYXRlIjoxMjAwMDAwMDAwMDAwLCJkZWxldGUiOjEyMDAwMDAwMDAwMDAsInJlYWQiOjYwMDAwMDAwMDAwMCwidXBkYXRlIjoxMjAwMDAwMDAwMDAwfX0="
        },
        {
          "index_key": "staging_artifactregistry_googleapis_com",
          "schema_version": 0,
          "attributes": {
            "disable_dependent_services": null,
            "disable_on_destroy": false,
            "id": "gemini-hack-487911/artifactregistry.googleapis.com",
            "project": "gemini-hack-487911",
            "service": "artifactregistry.googleapis.com",
            "timeouts": null
          },
          "sensitive_attributes": [],
          "identity_schema_version": 0,
          "private": "eyJlMmJmYjczMC1lY2FhLTExZTYtOGY4OC0zNDM2M2JjN2M0YzAiOnsiY3JlYXRlIjoxMjAwMDAwMDAwMDAwLCJkZWxldGUiOjEyMDAwMDAwMDAwMDAsInJlYWQiOjYwMDAwMDAwMDAwMCwidXBkYXRlIjoxMjAwMDAwMDAwMDAwfX0="
        },
        {
          "index_key": "staging_bigquery_googleapis_com",
          "schema_version": 0,
          "attributes": {
            "disable_dependent_services": null,
            "disable_on_destroy": false,
            "id": "gemini-hack-487911/bigquery.googleapis.com",
            "project": "gemini-hack-487911",
            "service": "bigquery.googleapis.com",
            "timeouts": null
          },
          "sensitive_attributes": [],
          "identity_schema_version": 0,
          "private": "eyJlMmJmYjczMC1lY2FhLTExZTYtOGY4OC0zNDM2M2JjN2M0YzAiOnsiY3JlYXRlIjoxMjAwMDAwMDAwMDAwLCJkZWxldGUiOjEyMDAwMDAwMDAwMDAsInJlYWQiOjYwMDAwMDAwMDAwMCwidXBkYXRlIjoxMjAwMDAwMDAwMDAwfX0="
        },
        {
          "index_key": "staging_cloudresourcemanager_googleapis_com",
          "schema_version": 0,
          "attributes": {
            "disable_dependent_services": null,
            "disable_on_destroy": false,
            "id": "gemini-hack-487911/cloudresourcemanager.googleapis.com",
            "project": "gemini-hack-487911",
            "service": "cloudresourcemanager.googleapis.com",
            "timeouts": null
          },
          "sensitive_attributes": [],
          "identity_schema_version": 0,
          "private": "eyJlMmJmYjczMC1lY2FhLTExZTYtOGY4OC0zNDM2M2JjN2M0YzAiOnsiY3JlYXRlIjoxMjAwMDAwMDAwMDAwLCJkZWxldGUiOjEyMDAwMDAwMDAwMDAsInJlYWQiOjYwMDAwMDAwMDAwMCwidXBkYXRlIjoxMjAwMDAwMDAwMDAwfX0="
        },
        {
          "index_key": "staging_cloudtrace_googleapis_com",
          "schema_version": 0,
          "attributes": {
            "disable_dependent_services": null,
            "disable_on_destroy": false,
            "id": "gemini-hack-487911/cloudtrace.googleapis.com",
            "project": "gemini-hack-487911",
            "service": "cloudtrace.googleapis.com",
            "timeouts": null
          },
          "sensitive_attributes": [],
          "identity_schema_version": 0,
          "private": "eyJlMmJmYjczMC1lY2FhLTExZTYtOGY4OC0zNDM2M2JjN2M0YzAiOnsiY3JlYXRlIjoxMjAwMDAwMDAwMDAwLCJkZWxldGUiOjEyMDAwMDAwMDAwMDAsInJlYWQiOjYwMDAwMDAwMDAwMCwidXBkYXRlIjoxMjAwMDAwMDAwMDAwfX0="
        },
        {
          "index_key": "staging_discoveryengine_googleapis_com",
          "schema_version": 0,
          "attributes": {
            "disable_dependent_services": null,
            "disable_on_destroy": false,
            "id": "gemini-hack-487911/discoveryengine.googleapis.com",
            "project": "gemini-hack-487911",
            "service": "discoveryengine.googleapis.com",
            "timeouts": null
          },
          "sensitive_attributes": [],
          "identity_schema_version": 0,
          "private": "eyJlMmJmYjczMC1lY2FhLTExZTYtOGY4OC0zNDM2M2JjN2M0YzAiOnsiY3JlYXRlIjoxMjAwMDAwMDAwMDAwLCJkZWxldGUiOjEyMDAwMDAwMDAwMDAsInJlYWQiOjYwMDAwMDAwMDAwMCwidXBkYXRlIjoxMjAwMDAwMDAwMDAwfX0="
        },
        {
          "index_key": "staging_iam_googleapis_com",
          "schema_version": 0,
          "attributes": {
            "disable_dependent_services": null,
            "disable_on_destroy": false,
            "id": "gemini-hack-487911/iam.googleapis.com",
            "project": "gemini-hack-487911",
            "service": "iam.googleapis.com",
            "timeouts": null
          },
          "sensitive_attributes": [],
          "identity_schema_version": 0,
          "private": "eyJlMmJmYjczMC1lY2FhLTExZTYtOGY4OC0zNDM2M2JjN2M0YzAiOnsiY3JlYXRlIjoxMjAwMDAwMDAwMDAwLCJkZWxldGUiOjEyMDAwMDAwMDAwMDAsInJlYWQiOjYwMDAwMDAwMDAwMCwidXBkYXRlIjoxMjAwMDAwMDAwMDAwfX0="
        },
        {
          "index_key": "staging_logging_googleapis_com",
          "schema_version": 0,
          "attributes": {
            "disable_dependent_services": null,
            "disable_on_destroy": false,
            "id": "gemini-hack-487911/logging.googleapis.com",
            "project": "gemini-hack-487911",
            "service": "logging.googleapis.com",
            "timeouts": null
          },
          "sensitive_attributes": [],
          "identity_schema_version": 0,
          "private": "eyJlMmJmYjczMC1lY2FhLTExZTYtOGY4OC0zNDM2M2JjN2M0YzAiOnsiY3JlYXRlIjoxMjAwMDAwMDAwMDAwLCJkZWxldGUiOjEyMDAwMDAwMDAwMDAsInJlYWQiOjYwMDAwMDAwMDAwMCwidXBkYXRlIjoxMjAwMDAwMDAwMDAwfX0="
        },
        {
          "index_key": "staging_run_googleapis_com",
          "schema_version": 0,
          "attributes": {
            "disable_dependent_services": null,
            "disable_on_destroy": false,
            "id": "gemini-hack-487911/run.googleapis.com",
            "project": "gemini-hack-487911",
            "service": "run.googleapis.com",
            "timeouts": null
          },
          "sensitive_attributes": [],
          "identity_schema_version": 0,
          "private": "eyJlMmJmYjczMC1lY2FhLTExZTYtOGY4OC0zNDM2M2JjN2M0YzAiOnsiY3JlYXRlIjoxMjAwMDAwMDAwMDAwLCJkZWxldGUiOjEyMDAwMDAwMDAwMDAsInJlYWQiOjYwMDAwMDAwMDAwMCwidXBkYXRlIjoxMjAwMDAwMDAwMDAwfX0="
        },
        {
          "index_key": "staging_serviceusage_googleapis_com",
          "schema_version": 0,
          "attributes": {
            "disable_dependent_services": null,
            "disable_on_destroy": false,
            "id": "gemini-hack-487911/serviceusage.googleapis.com",
            "project": "gemini-hack-487911",
            "service": "serviceusage.googleapis.com",
            "timeouts": null
          },
          "sensitive_attributes": [],
          "identity_schema_version": 0,
          "private": "eyJlMmJmYjczMC1lY2FhLTExZTYtOGY4OC0zNDM2M2JjN2M0YzAiOnsiY3JlYXRlIjoxMjAwMDAwMDAwMDAwLCJkZWxldGUiOjEyMDAwMDAwMDAwMDAsInJlYWQiOjYwMDAwMDAwMDAwMCwidXBkYXRlIjoxMjAwMDAwMDAwMDAwfX0="
        },
        {
          "index_key": "staging_telemetry_googleapis_com",
          "schema_version": 0,
          "attributes": {
            "disable_dependent_services": null,
            "disable_on_destroy": false,
            "id": "gemini-hack-487911/telemetry.googleapis.com",
            "project": "gemini-hack-487911",
            "service": "telemetry.googleapis.com",
            "timeouts": null
          },
          "sensitive_attributes": [],
          "identity_schema_version": 0,
          "private": "eyJlMmJmYjczMC1lY2FhLTExZTYtOGY4OC0zNDM2M2JjN2M0YzAiOnsiY3JlYXRlIjoxMjAwMDAwMDAwMDAwLCJkZWxldGUiOjEyMDAwMDAwMDAwMDAsInJlYWQiOjYwMDAwMDAwMDAwMCwidXBkYXRlIjoxMjAwMDAwMDAwMDAwfX0="
        }
      ]
    },
    {
      "mode": "managed",
      "type": "google_service_account",
      "name": "app_sa",
      "provider": "provider[\"registry.terraform.io/hashicorp/google\"]",
      "instances": [
        {
          "index_key": "prod",
          "schema_version": 0,
          "attributes": {
            "account_id": "lorepack-app",
            "create_ignore_already_exists": null,
            "description": "",
            "disabled": false,
            "display_name": "lorepack Agent Service Account",
            "email": "lorepack-app@gemini-hack-487911.iam.gserviceaccount.com",
            "id": "projects/gemini-hack-487911/serviceAccounts/lorepack-app@gemini-hack-487911.iam.gserviceaccount.com",
            "member": "serviceAccount:lorepack-app@gemini-hack-487911.iam.gserviceaccount.com",
            "name": "projects/gemini-hack-487911/serviceAccounts/lorepack-app@gemini-hack-487911.iam.gserviceaccount.com",
            "project": "gemini-hack-487911",
            "timeouts": null,
            "unique_id": "110014034316949748495"
          },
          "sensitive_attributes": [],
          "identity_schema_version": 0,
          "private": "eyJlMmJmYjczMC1lY2FhLTExZTYtOGY4OC0zNDM2M2JjN2M0YzAiOnsiY3JlYXRlIjozMDAwMDAwMDAwMDB9fQ==",
          "dependencies": [
            "google_project_service.cicd_services",
            "google_project_service.deploy_project_services"
          ]
        }
      ]
    },
    {
      "mode": "managed",
      "type": "google_service_account",
      "name": "cicd_runner_sa",
      "provider": "provider[\"registry.terraform.io/hashicorp/google\"]",
      "instances": [
        {
          "schema_version": 0,
          "attributes": {
            "account_id": "lorepack-cb",
            "create_ignore_already_exists": null,
            "description": "",
            "disabled": false,
            "display_name": "CICD Runner SA",
            "email": "lorepack-cb@gemini-hack-487911.iam.gserviceaccount.com",
            "id": "projects/gemini-hack-487911/serviceAccounts/lorepack-cb@gemini-hack-487911.iam.gserviceaccount.com",
            "member": "serviceAccount:lorepack-cb@gemini-hack-487911.iam.gserviceaccount.com",
            "name": "projects/gemini-hack-487911/serviceAccounts/lorepack-cb@gemini-hack-487911.iam.gserviceaccount.com",
            "project": "gemini-hack-487911",
            "timeouts": null,
            "unique_id": "102841131267093131988"
          },
          "sensitive_attributes": [],
          "identity_schema_version": 0,
          "private": "eyJlMmJmYjczMC1lY2FhLTExZTYtOGY4OC0zNDM2M2JjN2M0YzAiOnsiY3JlYXRlIjozMDAwMDAwMDAwMDB9fQ==",
          "dependencies": [
            "google_project_service.cicd_services",
            "google_project_service.deploy_project_services"
          ]
        }
      ]
    },
    {
      "mode": "managed",
      "type": "google_service_account_iam_member",
      "name": "cicd_run_invoker_account_user",
      "provider": "provider[\"registry.terraform.io/hashicorp/google\"]",
      "instances": [
        {
          "schema_version": 0,
          "attributes": {
            "condition": [],
            "etag": "BwZLqEl59rE=",
            "id": "projects/gemini-hack-487911/serviceAccounts/lorepack-cb@gemini-hack-487911.iam.gserviceaccount.com/roles/iam.serviceAccountUser/serviceAccount:lorepack-cb@gemini-hack-487911.iam.gserviceaccount.com",
            "member": "serviceAccount:lorepack-cb@gemini-hack-487911.iam.gserviceaccount.com",
            "role": "roles/iam.serviceAccountUser",
            "service_account_id": "projects/gemini-hack-487911/serviceAccounts/lorepack-cb@gemini-hack-487911.iam.gserviceaccount.com"
          },
          "sensitive_attributes": [],
          "identity_schema_version": 0,
          "private": "bnVsbA==",
          "dependencies": [
            "google_project_service.cicd_services",
            "google_project_service.deploy_project_services",
            "google_service_account.cicd_runner_sa"
          ]
        }
      ]
    },
    {
      "mode": "managed",
      "type": "google_service_account_iam_member",
      "name": "cicd_run_invoker_token_creator",
      "provider": "provider[\"registry.terraform.io/hashicorp/google\"]",
      "instances": [
        {
          "schema_version": 0,
          "attributes": {
            "condition": [],
            "etag": "BwZLqEimNSI=",
            "id": "projects/gemini-hack-487911/serviceAccounts/lorepack-cb@gemini-hack-487911.iam.gserviceaccount.com/roles/iam.serviceAccountTokenCreator/serviceAccount:lorepack-cb@gemini-hack-487911.iam.gserviceaccount.com",
            "member": "serviceAccount:lorepack-cb@gemini-hack-487911.iam.gserviceaccount.com",
            "role": "roles/iam.serviceAccountTokenCreator",
            "service_account_id": "projects/gemini-hack-487911/serviceAccounts/lorepack-cb@gemini-hack-487911.iam.gserviceaccount.com"
          },
          "sensitive_attributes": [],
          "identity_schema_version": 0,
          "private": "bnVsbA==",
          "dependencies": [
            "google_project_service.cicd_services",
            "google_project_service.deploy_project_services",
            "google_service_account.cicd_runner_sa"
          ]
        }
      ]
    },
    {
      "mode": "managed",
      "type": "google_service_account_iam_member",
      "name": "github_oidc_access",
      "provider": "provider[\"registry.terraform.io/hashicorp/google\"]",
      "instances": [
        {
          "schema_version": 0,
          "attributes": {
            "condition": [],
            "etag": "BwZLqEl59rE=",
            "id": "projects/gemini-hack-487911/serviceAccounts/lorepack-cb@gemini-hack-487911.iam.gserviceaccount.com/roles/iam.workloadIdentityUser/principalSet://iam.googleapis.com/projects/532146354338/locations/global/workloadIdentityPools/lorepack-pool/attribute.repository/KCL1104/LorePack",
            "member": "principalSet://iam.googleapis.com/projects/532146354338/locations/global/workloadIdentityPools/lorepack-pool/attribute.repository/KCL1104/LorePack",
            "role": "roles/iam.workloadIdentityUser",
            "service_account_id": "projects/gemini-hack-487911/serviceAccounts/lorepack-cb@gemini-hack-487911.iam.gserviceaccount.com"
          },
          "sensitive_attributes": [],
          "identity_schema_version": 0,
          "private": "bnVsbA==",
          "dependencies": [
            "data.google_project.cicd_project",
            "google_iam_workload_identity_pool.github_pool",
            "google_project_service.cicd_services",
            "google_project_service.deploy_project_services",
            "google_service_account.cicd_runner_sa"
          ]
        }
      ]
    },
    {
      "mode": "managed",
      "type": "google_service_account_iam_member",
      "name": "github_sa_impersonation",
      "provider": "provider[\"registry.terraform.io/hashicorp/google\"]",
      "instances": [
        {
          "schema_version": 0,
          "attributes": {
            "condition": [],
            "etag": "BwZLqEl59rE=",
            "id": "projects/gemini-hack-487911/serviceAccounts/lorepack-cb@gemini-hack-487911.iam.gserviceaccount.com/roles/iam.serviceAccountTokenCreator/principalSet://iam.googleapis.com/projects/532146354338/locations/global/workloadIdentityPools/lorepack-pool/attribute.repository/KCL1104/LorePack",
            "member": "principalSet://iam.googleapis.com/projects/532146354338/locations/global/workloadIdentityPools/lorepack-pool/attribute.repository/KCL1104/LorePack",
            "role": "roles/iam.serviceAccountTokenCreator",
            "service_account_id": "projects/gemini-hack-487911/serviceAccounts/lorepack-cb@gemini-hack-487911.iam.gserviceaccount.com"
          },
          "sensitive_attributes": [],
          "identity_schema_version": 0,
          "private": "bnVsbA==",
          "dependencies": [
            "data.google_project.cicd_project",
            "google_iam_workload_identity_pool.github_pool",
            "google_project_service.cicd_services",
            "google_project_service.deploy_project_services",
            "google_service_account.cicd_runner_sa"
          ]
        }
      ]
    },
    {
      "mode": "managed",
      "type": "google_storage_bucket",
      "name": "logs_data_bucket",
      "provider": "provider[\"registry.terraform.io/hashicorp/google\"]",
      "instances": [
        {
          "index_key": "gemini-hack-487911",
          "schema_version": 4,
          "attributes": {
            "autoclass": [],
            "cors": [],
            "custom_placement_config": [],
            "default_event_based_hold": false,
            "effective_labels": {
              "goog-terraform-provisioned": "true"
            },
            "enable_object_retention": false,
            "encryption": [],
            "force_destroy": true,
            "hierarchical_namespace": [
              {
                "enabled": false
              }
            ],
            "id": "gemini-hack-487911-lorepack-logs",
            "ip_filter": [],
            "labels": null,
            "lifecycle_rule": [],
            "location": "ASIA-EAST1",
            "logging": [],
            "name": "gemini-hack-487911-lorepack-logs",
            "project": "gemini-hack-487911",
            "project_number": 532146354338,
            "public_access_prevention": "inherited",
            "requester_pays": false,
            "retention_policy": [],
            "rpo": null,
            "self_link": "https://www.googleapis.com/storage/v1/b/gemini-hack-487911-lorepack-logs",
            "soft_delete_policy": [
              {
                "effective_time": "2026-02-25T16:13:13.450Z",
                "retention_duration_seconds": 604800
              }
            ],
            "storage_class": "STANDARD",
            "terraform_labels": {
              "goog-terraform-provisioned": "true"
            },
            "time_created": "2026-02-25T16:13:13.450Z",
            "timeouts": null,
            "uniform_bucket_level_access": true,
            "updated": "2026-02-25T16:13:13.450Z",
            "url": "gs://gemini-hack-487911-lorepack-logs",
            "versioning": [],
            "website": []
          },
          "sensitive_attributes": [],
          "identity_schema_version": 0,
          "private": "eyJlMmJmYjczMC1lY2FhLTExZTYtOGY4OC0zNDM2M2JjN2M0YzAiOnsiY3JlYXRlIjo2MDAwMDAwMDAwMDAsInJlYWQiOjI0MDAwMDAwMDAwMCwidXBkYXRlIjoyNDAwMDAwMDAwMDB9LCJzY2hlbWFfdmVyc2lvbiI6IjQifQ==",
          "dependencies": [
            "google_project_service.cicd_services",
            "google_project_service.deploy_project_services"
          ]
        }
      ]
    }
  ],
  "check_results": null
}
