{
  "version": 4,
  "terraform_version": "1.14.6",
  "serial": 159,
  "lineage": "79fa8923-6de9-563c-a504-a54cad679c29",
  "outputs": {},
  "resources": [
    {
      "mode": "data",
      "type": "github_repository",
      "name": "existing_repo",
      "provider": "provider[\"registry.terraform.io/integrations/github\"]",
      "instances": [
        {
          "index_key": 0,
          "schema_version": 0,
          "attributes": {
            "allow_auto_merge": false,
            "allow_merge_commit": true,
            "allow_rebase_merge": true,
            "allow_squash_merge": true,
            "allow_update_branch": false,
            "archived": false,
            "default_branch": "main",
            "delete_branch_on_merge": false,
            "description": "",
            "fork": false,
            "full_name": "KCL1104/LorePack",
            "git_clone_url": "git://github.com/KCL1104/LorePack.git",
            "has_discussions": false,
            "has_downloads": true,
            "has_issues": true,
            "has_projects": true,
            "has_wiki": true,
            "homepage_url": "",
            "html_url": "https://github.com/KCL1104/LorePack",
            "http_clone_url": "https://github.com/KCL1104/LorePack.git",
            "id": "LorePack",
            "is_template": false,
            "merge_commit_message": "PR_TITLE",
            "merge_commit_title": "MERGE_MESSAGE",
            "name": "LorePack",
            "node_id": "R_kgDORVjRJg",
            "pages": [],
            "primary_language": "Python",
            "private": false,
            "repo_id": 1163448614,
            "repository_license": [],
            "squash_merge_commit_message": "COMMIT_MESSAGES",
            "squash_merge_commit_title": "COMMIT_OR_PR_TITLE",
            "ssh_clone_url": "git@github.com:KCL1104/LorePack.git",
            "svn_url": "https://github.com/KCL1104/LorePack",
            "template": [],
            "topics": [],
            "visibility": "public"
          },
          "sensitive_attributes": [],
          "identity_schema_version": 0
        }
      ]
    },
    {
      "mode": "data",
      "type": "google_project",
      "name": "cicd_project",
      "provider": "provider[\"registry.terraform.io/hashicorp/google\"]",
      "instances": [
        {
          "schema_version": 0,
          "attributes": {
            "auto_create_network": null,
            "billing_account": "01A237-562BCD-339ED6",
            "deletion_policy": "PREVENT",
            "effective_labels": {
              "firebase": "enabled",
              "firebase-core": "disabled"
            },
            "folder_id": null,
            "id": "projects/gemini-hack-487911",
            "labels": {
              "firebase": "enabled",
              "firebase-core": "disabled"
            },
            "name": "gemini-hack",
            "number": "532146354338",
            "org_id": null,
            "project_id": "gemini-hack-487911",
            "tags": null,
            "terraform_labels": {
              "firebase": "enabled",
              "firebase-core": "disabled"
            }
          },
          "sensitive_attributes": [],
          "identity_schema_version": 0
        }
      ]
    },
    {
      "mode": "data",
      "type": "google_project",
      "name": "projects",
      "provider": "provider[\"registry.terraform.io/hashicorp/google\"]",
      "instances": [
        {
          "index_key": "prod",
          "schema_version": 0,
          "attributes": {
            "auto_create_network": null,
            "billing_account": "01A237-562BCD-339ED6",
            "deletion_policy": "PREVENT",
            "effective_labels": {
              "firebase": "enabled",
              "firebase-core": "disabled"
            },
            "folder_id": null,
            "id": "projects/gemini-hack-487911",
            "labels": {
              "firebase": "enabled",
              "firebase-core": "disabled"
            },
            "name": "gemini-hack",
            "number": "532146354338",
            "org_id": null,
            "project_id": "gemini-hack-487911",
            "tags": null,
            "terraform_labels": {
              "firebase": "enabled",
              "firebase-core": "disabled"
            }
          },
          "sensitive_attributes": [],
          "identity_schema_version": 0
        },
        {
          "index_key": "staging",
          "schema_version": 0,
          "attributes": {
            "auto_create_network": null,
            "billing_account": "01A237-562BCD-339ED6",
            "deletion_policy": "PREVENT",
            "effective_labels": {
              "firebase": "enabled",
              "firebase-core": "disabled"
            },
            "folder_id": null,
            "id": "projects/gemini-hack-487911",
            "labels": {
              "firebase": "enabled",
              "firebase-core": "disabled"
            },
            "name": "gemini-hack",
            "number": "532146354338",
            "org_id": null,
            "project_id": "gemini-hack-487911",
            "tags": null,
            "terraform_labels": {
              "firebase": "enabled",
              "firebase-core": "disabled"
            }
          },
          "sensitive_attributes": [],
          "identity_schema_version": 0
        }
      ]
    },
    {
      "mode": "data",
      "type": "google_storage_bucket_object_content",
      "name": "dummy_source_b64",
      "provider": "provider[\"registry.terraform.io/hashicorp/google\"]",
      "instances": [
        {
          "schema_version": 0,
          "attributes": {
            "bucket": "agent-starter-pack",
            "cache_control": null,
            "content": "H4sIAJZMO2kAA+2c3W7bNhiG1QLDMO94Oya8g7bYwogUJdkFfOClARqgw7I0CFoMm8FZTCxEf5XlNDncXey817Db2dnuY9SPY0dOImuTOED+HsRJLFM2RfH7Xr2k6GN+/VpwR8T7eIK1dtB13TZNpNkZKH0uWf6VyBeJSYhlMdM2CNIJs4itoeuW6nOHxTzhsayK8Fw+F9PpzL2/3MeZEN4j73P3oFAbVW0DYqKF64wI0YembfUMHfmJ64sRsS2TDQ2bEsx0YpiE0mHv/64s0DjtRf2KZfwzYtmyo23EP2VGKf6pZcj411uvmbbz8a999vXn2lNN+4FP0Y9v0TtUkG7TvpAPKh8f5CN9/mm7txyfnp4U/6Z7/CEfX5aKPFlt/2oa+phHkSdwFIdXIuDBVGhPnmqf/g5+/fP8r98bOEjgIY5v9X+6iGMRJI4bN/0ZVfpPqV2Kf4tR0H8l1NJ/00Zvjr4fnxy8Pjo7xNc8SWJ8X/SOxj8djcNvzxbv4jPfCA97bIjeyp3evH9sp7WQhysNVeD99j+jSv/TJyX9Z7apIbP9qu18/OP94zUHKGOyhc+o9n9sef4tIgvqxDRsyP9KKOV/Oryb/wfWEMuopWxgUUjKHQS3FvUravi/Iv4NRnXwf0oA/7fTrOt/W3mg2v9ZZf0nlgH6r4I6+g/2r3vgNOpb9oA1/N9S/6lpgf9TQX7+1z3gZOIGbjKZ4Oimoc+Q7WGlTbLV/J/F5Pm3TUuH/K+CqvE/NsCEGYRZhsUgLXePPP7biPoVy/jfav4vi38Z/uD/1AD+b6cp638beaBK/+/M/+X6bzAG+q+CWvoPBrBz5PHfpvpX67++Gv9Z6r9hUdB/FXyDXi18/wbxCxEkKOLTS/kfhN/OsOn/s54wEcGFG4h0aui/54Qa/j8f/6GEwvyvGir0Pxv/NYfyAgD8fydZ+v/mo35FDf9fjP/aBoH7f9UA/n+nKet/G3mghv9f6r8O879qqKX/4P87Rx7/bap/tf7brDz/axOdgf6roN/v5wMA42wA4DDrAkh2AXQexigdFXK5h05FHHO5wUeOiLzwxpdlca93OnPnKPL4VMxCT6oHkk9jkW1w0G836OBo/+AVitxINm4g5oifJ2L1ptNY8MQNA9yTlej1zuPQRxdheCGzAncucdYn58j1ozBO8urlZa5EnIhr7uL1Xrsq6FyOo6jXywc0RvmOz3vpNY0fOsIb9S+EL6uwR7G+d+7x+az/XfZqwGXa6ztpY+RXw8V2N5gn8WKa1nTUfx8uEI9lA9057Kw4RidiHoWBgz66yewlepa1jvy5p2zRjLKVrly+al2Mjj0he2HxMkpmQranbKp8p7Rs1qT4mazbi+IYiwZIDzU79OfZ1lH2+0VlIr3H/0fRZJG43ryxPqZvv/7XktKfXf/bMP+vhCr9H1pYnp/BYGDD+t8ucuv/G4/6FXqN+7/z+DcZgfl/NYD/32k2/H8LeaBK/9f9f6H/MgOA/quglv6D/+8chf9fRn0rd4JX6b++dv93of+Uwf3fSiif/3UniGPxYeHGInX7c5xcJ//yM6rGfzf8nxQEG/K/ErbK/zob6owNICt3j3L8Nxf1K6rGfzf8n/xFYPxXDeD/dppH9L+xPFCl/xv+j1JY/6WIWvoP/q9zbOh/4+q/xf3fFi3Fvy77Iui/CvIJ172pFy6cPe5GHk/Smcifs+nDvWJu9ZdeUYw7lxCaneIx/9/UqpAa/j9f/0EJ6L8itlj/Re0Bo4wS+AKwDrLp/9v7/oft13/bsP5bFeD/d5qH9b+5PFDD/y/1H9Z/K6KW/oP/7xzl+G/z+x8e9P8G3fj+BxPWfynhdv33sgfAGnAAAICd4B8tnTeQAG4AAA==\n",
            "content_base64": "SDRzSUFKWk1PMmtBQSsyYzNXN2JOaGlHMVFMRE1POTRPeWE4ZzdiWXdvZ1VKZGtGZk9DbEFScWd3N0kwQ0ZvTW04RlpUQ3hFZjVYbE5EbmNYZXk4MTdEYjJkbnVZOVNQWTBkT0ltdVRPRUQrSHNSSkxGTTJSZkg3WHIyazZHTisvVnB3UjhUN2VJSzFkdEIxM1RaTnBOa1pLSDB1V2Y2VnlCZUpTWWhsTWRNMkNOSUpzNGl0b2V1VzZuT0h4VHpoc2F5SzhGdytGOVBwekwyLzNNZVpFTjRqNzNQM29GQWJWVzBEWXFLRjY0d0kwWWVtYmZVTUhmbUo2NHNSc1MyVERRMmJFc3gwWXBpRTBtSHYvNjRzMERqdFJmMktaZnd6WXRteW8yM0VQMlZHS2Y2cFpjajQxMXV2bWJiejhhOTk5dlhuMmxOTis0RlAwWTl2MFR0VWtHN1R2cEFQS2g4ZjVDTjkvbW03dHh5Zm5wNFUvNlo3L0NFZlg1YUtQRmx0LzJvYStwaEhrU2R3RklkWEl1REJWR2hQbm1xZi9nNSsvZlA4cjk4Yk9FamdJWTV2OVgrNmlHTVJKSTRiTi8wWlZmcFBxVjJLZjR0UjBIOGwxTkovMDBadmpyNGZueHk4UGpvN3hOYzhTV0o4WC9TT3hqOGRqY052enhidjRqUGZDQTk3YklqZXlwM2V2SDlzcDdXUWh5c05WZUQ5OWoralN2L1RKeVg5WjdhcEliUDlxdTE4L09QOTR6VUhLR095aGMrbzluOXNlZjR0SWd2cXhEUnN5UDlLS09WL09yeWIvd2ZXRU11b3BXeGdVVWpLSFFTM0Z2VXJhdmkvSXY0TlJuWHdmMG9BLzdmVHJPdC9XM21nMnY5WlpmMG5sZ0g2cjRJNitnLzJyM3ZnTk9wYjlvQTEvTjlTLzZscGdmOVRRWDcrMXozZ1pPSUdiaktaNE9pbW9jK1E3V0dsVGJMVi9KL0Y1UG0zVFV1SC9LK0NxdkUvTnNDRUdZUlpoc1VnTFhlUFBQN2JpUG9WeS9qZmF2NHZpMzhaL3VELzFBRCtiNmNwNjM4YmVhQksvKy9NLytYNmJ6QUcrcStDV3ZvUEJyQno1UEhmcHZwWDY3KytHdjlaNnI5aFVkQi9GWHlEWGkxOC93YnhDeEVrS09MVFMva2ZoTi9Pc09uL3M1NHdFY0dGRzRoMGF1aS81NFFhL2o4Zi82R0V3dnl2R2lyMFB4di9OWWZ5QWdEOGZ5ZFordi9tbzM1RkRmOWZqUC9hQm9IN2Y5VUEvbituS2V0L0czbWdodjlmNnI4Tzg3OXFxS1gvNFA4N1J4Ny9iYXAvdGY3YnJEei9heE9kZ2Y2cm9OL3Y1d01BNDJ3QTRERHJBa2gyQVhRZXhpZ2RGWEs1aDA1RkhITzV3VWVPaUx6d3hwZGxjYTkzT25QbktQTDRWTXhDVDZvSGtrOWprVzF3MEc4MzZPQm8vK0FWaXR4SU5tNGc1b2lmSjJMMXB0Tlk4TVFOQTl5VGxlajF6dVBRUnhkaGVDR3pBbmN1Y2RZbjU4ajFvekJPOHVybFphNUVuSWhyN3VMMVhyc3E2RnlPbzZqWHl3YzBSdm1PejN2cE5ZMGZPc0liOVMrRUw2dXdSN0crZCs3eCthei9YZlpxd0dYYTZ6dHBZK1JYdzhWMk41Z244V0thMW5UVWZ4OHVFSTlsQTkwNTdLdzRSaWRpSG9XQmd6NjZ5ZXdsZXBhMWp2eTVwMnpSakxLVnJseSthbDJNamowaGUySHhNa3BtUXJhbmJLcDhwN1JzMXFUNG1hemJpK0lZaXdaSUR6VTc5T2ZaMWxIMiswVmxJcjNILzBmUlpKRzQzcnl4UHFadnYvN1hrdEtmWGYvYk1QK3ZoQ3I5SDFwWW5wL0JZR0REK3Q4dWN1di9HNC82RlhxTis3L3orRGNaZ2ZsL05ZRC8zMmsyL0g4TGVhQksvOWY5ZjZIL01nT0EvcXVnbHY2RC8rOGNoZjlmUm4wcmQ0Slg2YisrZHY5M29mK1V3ZjNmU2lpZi8zVW5pR1B4WWVIR0luWDdjNXhjSi8veU02ckdmemY4bnhRRUcvSy9FcmJLL3pvYjZvd05JQ3QzajNMOE54ZjFLNnJHZnpmOG4veEZZUHhYRGVEL2RwcEg5TCt4UEZDbC94ditqMUpZLzZXSVd2b1AvcTl6Yk9oLzQrcS94ZjNmRmkzRnZ5NzdJdWkvQ3ZJSjE3MnBGeTZjUGU1R0hrL1NtY2lmcytuRHZXSnU5WmRlVVl3N2x4Q2FuZUl4LzkvVXFwQWEvajlmLzBFSjZMOGl0bGovUmUwQm80d1MrQUt3RHJMcC85djcvb2Z0MTMvYnNQNWJGZUQvZDVxSDliKzVQRkREL3kvMUg5Wi9LNktXL29QLzd4emwrRy96K3g4ZTlQOEczZmorQnhQV2Z5bmhkdjMzc2dmQUduQUFBSUNkNEI4dG5UZVFBRzRBQUE9PQo=",
            "content_base64sha512": "DaUlcMTv0K/BJ1oQfT5aNFH/ptjOkI7uVXWljz5G/mEQ9purfmM5SzusmlnjSm7r6qMeuKDRDWUsbiIDGOQ7vQ==",
            "content_disposition": null,
            "content_encoding": null,
            "content_hexsha512": "0da52570c4efd0afc1275a107d3e5a3451ffa6d8ce908eee5575a58f3e46fe6110f69bab7e63394b3bac9a59e34a6eebeaa31eb8a0d10d652c6e220318e43bbd",
            "content_language": null,
            "content_type": null,
            "contexts": null,
            "crc32c": null,
            "customer_encryption": null,
            "deletion_policy": null,
            "detect_md5hash": null,
            "event_based_hold": null,
            "force_empty_content_type": null,
            "generation": null,
            "id": "agent-starter-pack-dummy/source-b64.txt",
            "kms_key_name": null,
            "md5hash": null,
            "md5hexhash": null,
            "media_link": null,
            "metadata": null,
            "name": "dummy/source-b64.txt",
            "output_name": null,
            "retention": null,
            "self_link": null,
            "source": null,
            "source_md5hash": null,
            "storage_class": null,
            "temporary_hold": null
          },
          "sensitive_attributes": [],
          "identity_schema_version": 0
        }
      ]
    },
    {
      "mode": "managed",
      "type": "github_actions_secret",
      "name": "gcp_service_account",
      "provider": "provider[\"registry.terraform.io/integrations/github\"]",
      "instances": [
        {
          "schema_version": 0,
          "attributes": {
            "created_at": "2026-02-25 16:24:56 +0000 UTC",
            "encrypted_value": "",
            "id": "LorePack:GCP_SERVICE_ACCOUNT",
            "plaintext_value": "lorepack-cb@gemini-hack-487911.iam.gserviceaccount.com",
            "repository": "LorePack",
            "secret_name": "GCP_SERVICE_ACCOUNT",
            "updated_at": "2026-02-25 16:56:00 +0000 UTC"
          },
          "sensitive_attributes": [
            [
              {
                "type": "get_attr",
                "value": "encrypted_value"
              }
            ],
            [
              {
                "type": "get_attr",
                "value": "plaintext_value"
              }
            ]
          ],
          "identity_schema_version": 0,
          "private": "bnVsbA==",
          "dependencies": [
            "data.github_repository.existing_repo",
            "github_repository.repo",
            "google_project_service.cicd_services",
            "google_project_service.deploy_project_services",
            "google_service_account.cicd_runner_sa"
          ]
        }
      ]
    },
    {
      "mode": "managed",
      "type": "github_actions_secret",
      "name": "wif_pool_id",
      "provider": "provider[\"registry.terraform.io/integrations/github\"]",
      "instances": [
        {
          "schema_version": 0,
          "attributes": {
            "created_at": "2026-02-25 16:24:32 +0000 UTC",
            "encrypted_value": "",
            "id": "LorePack:WIF_POOL_ID",
            "plaintext_value": "lorepack-pool",
            "repository": "LorePack",
            "secret_name": "WIF_POOL_ID",
            "updated_at": "2026-02-25 16:55:55 +0000 UTC"
          },
          "sensitive_attributes": [
            [
              {
                "type": "get_attr",
                "value": "encrypted_value"
              }
            ],
            [
              {
                "type": "get_attr",
                "value": "plaintext_value"
              }
            ]
          ],
          "identity_schema_version": 0,
          "private": "bnVsbA==",
          "dependencies": [
            "data.github_repository.existing_repo",
            "github_repository.repo",
            "google_iam_workload_identity_pool.github_pool",
            "google_project_service.cicd_services",
            "google_project_service.deploy_project_services"
          ]
        }
      ]
    },
    {
      "mode": "managed",
      "type": "github_actions_secret",
      "name": "wif_provider_id",
      "provider": "provider[\"registry.terraform.io/integrations/github\"]",
      "instances": [
        {
          "schema_version": 0,
          "attributes": {
            "created_at": "2026-02-25 16:24:42 +0000 UTC",
            "encrypted_value": "",
            "id": "LorePack:WIF_PROVIDER_ID",
            "plaintext_value": "lorepack-oidc",
            "repository": "LorePack",
            "secret_name": "WIF_PROVIDER_ID",
            "updated_at": "2026-02-25 16:55:53 +0000 UTC"
          },
          "sensitive_attributes": [
            [
              {
                "type": "get_attr",
                "value": "encrypted_value"
              }
            ],
            [
              {
                "type": "get_attr",
                "value": "plaintext_value"
              }
            ]
          ],
          "identity_schema_version": 0,
          "private": "bnVsbA==",
          "dependencies": [
            "data.github_repository.existing_repo",
            "github_repository.repo",
            "google_iam_workload_identity_pool.github_pool",
            "google_iam_workload_identity_pool_provider.github_provider",
            "google_project_service.cicd_services",
            "google_project_service.deploy_project_services"
          ]
        }
      ]
    },
    {
      "mode": "managed",
      "type": "github_actions_variable",
      "name": "app_sa_email_prod",
      "provider": "provider[\"registry.terraform.io/integrations/github\"]",
      "instances": [
        {
          "schema_version": 0,
          "attributes": {
            "created_at": "2026-02-25 17:03:14 +0000 UTC",
            "id": "LorePack:APP_SA_EMAIL_PROD",
            "repository": "LorePack",
            "updated_at": "2026-02-25 17:03:14 +0000 UTC",
            "value": "lorepack-app@gemini-hack-487911.iam.gserviceaccount.com",
            "variable_name": "APP_SA_EMAIL_PROD"
          },
          "sensitive_attributes": [],
          "identity_schema_version": 0,
          "private": "bnVsbA==",
          "dependencies": [
            "github_repository.repo",
            "google_project_service.cicd_services",
            "google_project_service.deploy_project_services",
            "google_service_account.app_sa"
          ]
        }
      ]
    },
    {
      "mode": "managed",
      "type": "github_actions_variable",
      "name": "app_sa_email_staging",
      "provider": "provider[\"registry.terraform.io/integrations/github\"]",
      "instances": [
        {
          "schema_version": 0,
          "attributes": {
            "created_at": "2026-02-25 17:03:19 +0000 UTC",
            "id": "LorePack:APP_SA_EMAIL_STAGING",
            "repository": "LorePack",
            "updated_at": "2026-02-25 17:03:19 +0000 UTC",
            "value": "lorepack-app@gemini-hack-487911.iam.gserviceaccount.com",
            "variable_name": "APP_SA_EMAIL_STAGING"
          },
          "sensitive_attributes": [],
          "identity_schema_version": 0,
          "private": "bnVsbA==",
          "dependencies": [
            "github_repository.repo",
            "google_project_service.cicd_services",
            "google_project_service.deploy_project_services",
            "google_service_account.app_sa"
          ]
        }
      ]
    },
    {
      "mode": "managed",
      "type": "github_actions_variable",
      "name": "app_service_account_prod",
      "provider": "provider[\"registry.terraform.io/integrations/github\"]",
      "instances": [
        {
          "schema_version": 0,
          "attributes": {
            "created_at": "2026-02-25 17:03:16 +0000 UTC",
            "id": "LorePack:APP_SERVICE_ACCOUNT_PROD",
            "repository": "LorePack",
            "updated_at": "2026-02-25 17:03:16 +0000 UTC",
            "value": "lorepack-app@gemini-hack-487911.iam.gserviceaccount.com",
            "variable_name": "APP_SERVICE_ACCOUNT_PROD"
          },
          "sensitive_attributes": [],
          "identity_schema_version": 0,
          "private": "bnVsbA==",
          "dependencies": [
            "github_repository.repo",
            "google_project_service.cicd_services",
            "google_project_service.deploy_project_services",
            "google_service_account.app_sa"
          ]
        }
      ]
    },
    {
      "mode": "managed",
      "type": "github_actions_variable",
      "name": "app_service_account_staging",
      "provider": "provider[\"registry.terraform.io/integrations/github\"]",
      "instances": [
        {
          "schema_version": 0,
          "attributes": {
            "created_at": "2026-02-25 17:03:17 +0000 UTC",
            "id": "LorePack:APP_SERVICE_ACCOUNT_STAGING",
            "repository": "LorePack",
            "updated_at": "2026-02-25 17:03:17 +0000 UTC",
            "value": "lorepack-app@gemini-hack-487911.iam.gserviceaccount.com",
            "variable_name": "APP_SERVICE_ACCOUNT_STAGING"
          },
          "sensitive_attributes": [],
          "identity_schema_version": 0,
          "private": "bnVsbA==",
          "dependencies": [
            "github_repository.repo",
            "google_project_service.cicd_services",
            "google_project_service.deploy_project_services",
            "google_service_account.app_sa"
          ]
        }
      ]
    },
    {
      "mode": "managed",
      "type": "github_actions_variable",
      "name": "cicd_project_id",
      "provider": "provider[\"registry.terraform.io/integrations/github\"]",
      "instances": [
        {
          "schema_version": 0,
          "attributes": {
            "created_at": "2026-02-25 16:55:48 +0000 UTC",
            "id": "LorePack:CICD_PROJECT_ID",
            "repository": "LorePack",
            "updated_at": "2026-02-25 16:55:48 +0000 UTC",
            "value": "gemini-hack-487911",
            "variable_name": "CICD_PROJECT_ID"
          },
          "sensitive_attributes": [],
          "identity_schema_version": 0,
          "private": "bnVsbA==",
          "dependencies": [
            "github_repository.repo"
          ]
        }
      ]
    },
    {
      "mode": "managed",
      "type": "github_actions_variable",
      "name": "gcp_project_number",
      "provider": "provider[\"registry.terraform.io/integrations/github\"]",
      "instances": [
        {
          "schema_version": 0,
          "attributes": {
            "created_at": "2026-02-25 16:44:52 +0000 UTC",
            "id": "LorePack:GCP_PROJECT_NUMBER",
            "repository": "LorePack",
            "updated_at": "2026-02-25 16:44:52 +0000 UTC",
            "value": "532146354338",
            "variable_name": "GCP_PROJECT_NUMBER"
          },
          "sensitive_attributes": [],
          "identity_schema_version": 0,
          "private": "eyJzY2hlbWFfdmVyc2lvbiI6IjAifQ==",
          "dependencies": [
            "data.google_project.cicd_project",
            "github_repository.repo"
          ]
        }
      ]
    },
    {
      "mode": "managed",
      "type": "github_actions_variable",
      "name": "logs_bucket_name_prod",
      "provider": "provider[\"registry.terraform.io/integrations/github\"]",
      "instances": [
        {
          "schema_version": 0,
          "attributes": {
            "created_at": "2026-02-25 16:55:50 +0000 UTC",
            "id": "LorePack:LOGS_BUCKET_NAME_PROD",
            "repository": "LorePack",
            "updated_at": "2026-02-25 16:55:50 +0000 UTC",
            "value": "gemini-hack-487911-lorepack-logs",
            "variable_name": "LOGS_BUCKET_NAME_PROD"
          },
          "sensitive_attributes": [],
          "identity_schema_version": 0,
          "private": "bnVsbA==",
          "dependencies": [
            "github_repository.repo",
            "google_project_service.cicd_services",
            "google_project_service.deploy_project_services",
            "google_storage_bucket.logs_data_bucket"
          ]
        }
      ]
    },
    {
      "mode": "managed",
      "type": "github_actions_variable",
      "name": "logs_bucket_name_staging",
      "provider": "provider[\"registry.terraform.io/integrations/github\"]",
      "instances": [
        {
          "schema_version": 0,
          "attributes": {
            "created_at": "2026-02-25 16:55:51 +0000 UTC",
            "id": "LorePack:LOGS_BUCKET_NAME_STAGING",
            "repository": "LorePack",
            "updated_at": "2026-02-25 16:55:51 +0000 UTC",
            "value": "gemini-hack-487911-lorepack-logs",
            "variable_name": "LOGS_BUCKET_NAME_STAGING"
          },
          "sensitive_attributes": [],
          "identity_schema_version": 0,
          "private": "bnVsbA==",
          "dependencies": [
            "github_repository.repo",
            "google_project_service.cicd_services",
            "google_project_service.deploy_project_services",
            "google_storage_bucket.logs_data_bucket"
          ]
        }
      ]
    },
    {
      "mode": "managed",
      "type": "github_actions_variable",
      "name": "prod_project_id",
      "provider": "provider[\"registry.terraform.io/integrations/github\"]",
      "instances": [
        {
          "schema_version": 0,
          "attributes": {
            "created_at": "2026-02-25 16:55:57 +0000 UTC",
            "id": "LorePack:PROD_PROJECT_ID",
            "repository": "LorePack",
            "updated_at": "2026-02-25 16:55:57 +0000 UTC",
            "value": "gemini-hack-487911",
            "variable_name": "PROD_PROJECT_ID"
          },
          "sensitive_attributes": [],
          "identity_schema_version": 0,
          "private": "bnVsbA==",
          "dependencies": [
            "github_repository.repo"
          ]
        }
      ]
    },
    {
      "mode": "managed",
      "type": "github_actions_variable",
      "name": "region",
      "provider": "provider[\"registry.terraform.io/integrations/github\"]",
      "instances": [
        {
          "schema_version": 0,
          "attributes": {
            "created_at": "2026-02-25 16:55:44 +0000 UTC",
            "id": "LorePack:REGION",
            "repository": "LorePack",
            "updated_at": "2026-02-25 16:55:44 +0000 UTC",
            "value": "asia-east1",
            "variable_name": "REGION"
          },
          "sensitive_attributes": [],
          "identity_schema_version": 0,
          "private": "bnVsbA==",
          "dependencies": [
            "github_repository.repo"
          ]
        }
      ]
    },
    {
      "mode": "managed",
      "type": "github_actions_variable",
      "name": "staging_project_id",
      "provider": "provider[\"registry.terraform.io/integrations/github\"]",
      "instances": [
        {
          "schema_version": 0,
          "attributes": {
            "created_at": "2026-02-25 16:55:42 +0000 UTC",
            "id": "LorePack:STAGING_PROJECT_ID",
            "repository": "LorePack",
            "updated_at": "2026-02-25 16:55:42 +0000 UTC",
            "value": "gemini-hack-487911",
            "variable_name": "STAGING_PROJECT_ID"
          },
          "sensitive_attributes": [],
          "identity_schema_version": 0,
          "private": "bnVsbA==",
          "dependencies": [
            "github_repository.repo"
          ]
        }
      ]
    },
    {
      "mode": "managed",
      "type": "github_repository_environment",
      "name": "production_environment",
      "provider": "provider[\"registry.terraform.io/integrations/github\"]",
      "instances": [
        {
          "schema_version": 0,
          "attributes": {
            "can_admins_bypass": true,
            "deployment_branch_policy": [
              {
                "custom_branch_policies": true,
                "protected_branches": false
              }
            ],
            "environment": "production",
            "id": "LorePack:production",
            "prevent_self_review": false,
            "repository": "LorePack",
            "reviewers": [],
            "wait_timer": 0
          },
          "sensitive_attributes": [],
          "identity_schema_version": 0,
          "private": "bnVsbA==",
          "dependencies": [
            "data.github_repository.existing_repo",
            "github_repository.repo"
          ]
        }
      ]
    },
    {
      "mode": "managed",
      "type": "google_artifact_registry_repository",
      "name": "api_repo",
      "provider": "provider[\"registry.terraform.io/hashicorp/google\"]",
      "instances": [
        {
          "index_key": "prod",
          "schema_version": 0,
          "attributes": {
            "cleanup_policies": [],
            "cleanup_policy_dry_run": false,
            "create_time": "2026-02-24T04:02:40.732876Z",
            "description": "",
            "docker_config": [],
            "effective_labels": {},
            "format": "DOCKER",
            "id": "projects/gemini-hack-487911/locations/asia-east1/repositories/lorepack-repo",
            "kms_key_name": "",
            "labels": {},
            "location": "asia-east1",
            "maven_config": [],
            "mode": "STANDARD_REPOSITORY",
            "name": "lorepack-repo",
            "project": "gemini-hack-487911",
            "registry_uri": "asia-east1-docker.pkg.dev/gemini-hack-487911/lorepack-repo",
            "remote_repository_config": [],
            "repository_id": "lorepack-repo",
            "terraform_labels": {},
            "timeouts": null,
            "update_time": "2026-02-25T02:59:23.089142Z",
            "virtual_repository_config": [],
            "vulnerability_scanning_config": [
              {
                "enablement_config": "",
                "enablement_state": "SCANNING_DISABLED",
                "enablement_state_reason": "API containerscanning.googleapis.com is not enabled."
              }
            ]
          },
          "sensitive_attributes": [],
          "identity_schema_version": 0,
          "private": "eyJlMmJmYjczMC1lY2FhLTExZTYtOGY4OC0zNDM2M2JjN2M0YzAiOnsiY3JlYXRlIjoxMjAwMDAwMDAwMDAwLCJkZWxldGUiOjEyMDAwMDAwMDAwMDAsInVwZGF0ZSI6MTIwMDAwMDAwMDAwMH0sInNjaGVtYV92ZXJzaW9uIjoiMCJ9",
          "dependencies": [
            "google_project_service.deploy_project_services"
          ]
        },
        {
          "index_key": "staging",
          "schema_version": 0,
          "attributes": {
            "cleanup_policies": [],
            "cleanup_policy_dry_run": false,
            "create_time": "2026-02-24T04:02:40.732876Z",
            "description": "",
            "docker_config": [],
            "effective_labels": {},
            "format": "DOCKER",
            "id": "projects/gemini-hack-487911/locations/asia-east1/repositories/lorepack-repo",
            "kms_key_name": "",
            "labels": {},
            "location": "asia-east1",
            "maven_config": [],
            "mode": "STANDARD_REPOSITORY",
            "name": "lorepack-repo",
            "project": "gemini-hack-487911",
            "registry_uri": "asia-east1-docker.pkg.dev/gemini-hack-487911/lorepack-repo",
            "remote_repository_config": [],
            "repository_id": "lorepack-repo",
            "terraform_labels": {},
            "timeouts": null,
            "update_time": "2026-02-25T02:59:23.089142Z",
            "virtual_repository_config": [],
            "vulnerability_scanning_config": [
              {
                "enablement_config": "",
                "enablement_state": "SCANNING_DISABLED",
                "enablement_state_reason": "API containerscanning.googleapis.com is not enabled."
              }
            ]
          },
          "sensitive_attributes": [],
          "identity_schema_version": 0,
          "private": "eyJlMmJmYjczMC1lY2FhLTExZTYtOGY4OC0zNDM2M2JjN2M0YzAiOnsiY3JlYXRlIjoxMjAwMDAwMDAwMDAwLCJkZWxldGUiOjEyMDAwMDAwMDAwMDAsInVwZGF0ZSI6MTIwMDAwMDAwMDAwMH0sInNjaGVtYV92ZXJzaW9uIjoiMCJ9",
          "dependencies": [
            "google_project_service.deploy_project_services"
          ]
        }
      ]
    },
    {
      "mode": "managed",
      "type": "google_bigquery_connection",
      "name": "genai_telemetry_connection",
      "provider": "provider[\"registry.terraform.io/hashicorp/google\"]",
      "instances": [
        {
          "index_key": "prod",
          "schema_version": 0,
          "attributes": {
            "aws": [],
            "azure": [],
            "cloud_resource": [
              {
                "service_account_id": "bqcx-532146354338-aiyz@gcp-sa-bigquery-condel.iam.gserviceaccount.com"
              }
            ],
            "cloud_spanner": [],
            "cloud_sql": [],
            "connection_id": "lorepack-genai-telemetry",
            "description": "",
            "friendly_name": "lorepack GenAI Telemetry Connection",
            "has_credential": false,
            "id": "projects/gemini-hack-487911/locations/asia-east1/connections/lorepack-genai-telemetry",
            "kms_key_name": "",
            "location": "asia-east1",
            "name": "projects/532146354338/locations/asia-east1/connections/lorepack-genai-telemetry",
            "project": "gemini-hack-487911",
            "spark": [],
            "timeouts": null
          },
          "sensitive_attributes": [],
          "identity_schema_version": 0,
          "private": "eyJlMmJmYjczMC1lY2FhLTExZTYtOGY4OC0zNDM2M2JjN2M0YzAiOnsiY3JlYXRlIjoxMjAwMDAwMDAwMDAwLCJkZWxldGUiOjEyMDAwMDAwMDAwMDAsInVwZGF0ZSI6MTIwMDAwMDAwMDAwMH19",
          "dependencies": [
            "google_project_service.cicd_services",
            "google_project_service.deploy_project_services"
          ]
        },
        {
          "index_key": "staging",
          "schema_version": 0,
          "attributes": {
            "aws": [],
            "azure": [],
            "cloud_resource": [
              {
                "service_account_id": "bqcx-532146354338-aiyz@gcp-sa-bigquery-condel.iam.gserviceaccount.com"
              }
            ],
            "cloud_spanner": [],
            "cloud_sql": [],
            "connection_id": "lorepack-genai-telemetry",
            "description": "",
            "friendly_name": "lorepack GenAI Telemetry Connection",
            "has_credential": false,
            "id": "projects/gemini-hack-487911/locations/asia-east1/connections/lorepack-genai-telemetry",
            "kms_key_name": "",
            "location": "asia-east1",
            "name": "projects/532146354338/locations/asia-east1/connections/lorepack-genai-telemetry",
            "project": "gemini-hack-487911",
            "spark": [],
            "timeouts": null
          },
          "sensitive_attributes": [],
          "identity_schema_version": 0,
          "private": "eyJlMmJmYjczMC1lY2FhLTExZTYtOGY4OC0zNDM2M2JjN2M0YzAiOnsiY3JlYXRlIjoxMjAwMDAwMDAwMDAwLCJkZWxldGUiOjEyMDAwMDAwMDAwMDAsInVwZGF0ZSI6MTIwMDAwMDAwMDAwMH0sInNjaGVtYV92ZXJzaW9uIjoiMCJ9",
          "dependencies": [
            "google_project_service.cicd_services",
            "google_project_service.deploy_project_services"
          ]
        }
      ]
    },
    {
      "mode": "managed",
      "type": "google_bigquery_dataset",
      "name": "telemetry_dataset",
      "provider": "provider[\"registry.terraform.io/hashicorp/google\"]",
      "instances": [
        {
          "index_key": "prod",
          "schema_version": 0,
          "attributes": {
            "access": [
              {
                "condition": [],
                "dataset": [],
                "domain": "",
                "group_by_email": "",
                "iam_member": "",
                "role": "OWNER",
                "routine": [],
                "special_group": "",
                "user_by_email": "charlie011111@gmail.com",
                "view": []
              },
              {
                "condition": [],
                "dataset": [],
                "domain": "",
                "group_by_email": "",
                "iam_member": "",
                "role": "OWNER",
                "routine": [],
                "special_group": "projectOwners",
                "user_by_email": "",
                "view": []
              },
              {
                "condition": [],
                "dataset": [],
                "domain": "",
                "group_by_email": "",
                "iam_member": "",
                "role": "READER",
                "routine": [],
                "special_group": "projectReaders",
                "user_by_email": "",
                "view": []
              },
              {
                "condition": [],
                "dataset": [],
                "domain": "",
                "group_by_email": "",
                "iam_member": "",
                "role": "WRITER",
                "routine": [],
                "special_group": "projectWriters",
                "user_by_email": "",
                "view": []
              }
            ],
            "creation_time": 1772035992517,
            "dataset_id": "lorepack_telemetry",
            "default_collation": "",
            "default_encryption_configuration": [],
            "default_partition_expiration_ms": 0,
            "default_table_expiration_ms": 0,
            "delete_contents_on_destroy": false,
            "description": "Dataset for GenAI telemetry data stored in GCS",
            "effective_labels": {
              "goog-terraform-provisioned": "true"
            },
            "etag": "yMuT7w/dRBAliG1LkbjqdQ==",
            "external_catalog_dataset_options": [],
            "external_dataset_reference": [],
            "friendly_name": "lorepack Telemetry",
            "id": "projects/gemini-hack-487911/datasets/lorepack_telemetry",
            "is_case_insensitive": false,
            "labels": {},
            "last_modified_time": 1772038949108,
            "location": "asia-east1",
            "max_time_travel_hours": "168",
            "project": "gemini-hack-487911",
            "resource_tags": {},
            "self_link": "https://bigquery.googleapis.com/bigquery/v2/projects/gemini-hack-487911/datasets/lorepack_telemetry",
            "storage_billing_model": "",
            "terraform_labels": {
              "goog-terraform-provisioned": "true"
            },
            "timeouts": null
          },
          "sensitive_attributes": [],
          "identity_schema_version": 0,
          "private": "eyJlMmJmYjczMC1lY2FhLTExZTYtOGY4OC0zNDM2M2JjN2M0YzAiOnsiY3JlYXRlIjoxMjAwMDAwMDAwMDAwLCJkZWxldGUiOjEyMDAwMDAwMDAwMDAsInVwZGF0ZSI6MTIwMDAwMDAwMDAwMH19",
          "dependencies": [
            "google_project_service.cicd_services",
            "google_project_service.deploy_project_services"
          ]
        },
        {
          "index_key": "staging",
          "schema_version": 0,
          "attributes": {
            "access": [
              {
                "condition": [],
                "dataset": [],
                "domain": "",
                "group_by_email": "",
                "iam_member": "",
                "role": "OWNER",
                "routine": [],
                "special_group": "",
                "user_by_email": "charlie011111@gmail.com",
                "view": []
              },
              {
                "condition": [],
                "dataset": [],
                "domain": "",
                "group_by_email": "",
                "iam_member": "",
                "role": "OWNER",
                "routine": [],
                "special_group": "projectOwners",
                "user_by_email": "",
                "view": []
              },
              {
                "condition": [],
                "dataset": [],
                "domain": "",
                "group_by_email": "",
                "iam_member": "",
                "role": "READER",
                "routine": [],
                "special_group": "projectReaders",
                "user_by_email": "",
                "view": []
              },
              {
                "condition": [],
                "dataset": [],
                "domain": "",
                "group_by_email": "",
                "iam_member": "",
                "role": "WRITER",
                "routine": [],
                "special_group": "projectWriters",
                "user_by_email": "",
                "view": []
              }
            ],
            "creation_time": 1772035992517,
            "dataset_id": "lorepack_telemetry",
            "default_collation": "",
            "default_encryption_configuration": [],
            "default_partition_expiration_ms": 0,
            "default_table_expiration_ms": 0,
            "delete_contents_on_destroy": false,
            "description": "Dataset for GenAI telemetry data stored in GCS",
            "effective_labels": {
              "goog-terraform-provisioned": "true"
            },
            "etag": "yMuT7w/dRBAliG1LkbjqdQ==",
            "external_catalog_dataset_options": [],
            "external_dataset_reference": [],
            "friendly_name": "lorepack Telemetry",
            "id": "projects/gemini-hack-487911/datasets/lorepack_telemetry",
            "is_case_insensitive": false,
            "labels": {},
            "last_modified_time": 1772038949108,
            "location": "asia-east1",
            "max_time_travel_hours": "168",
            "project": "gemini-hack-487911",
            "resource_tags": {},
            "self_link": "https://bigquery.googleapis.com/bigquery/v2/projects/gemini-hack-487911/datasets/lorepack_telemetry",
            "storage_billing_model": "",
            "terraform_labels": {
              "goog-terraform-provisioned": "true"
            },
            "timeouts": null
          },
          "sensitive_attributes": [],
          "identity_schema_version": 0,
          "private": "eyJlMmJmYjczMC1lY2FhLTExZTYtOGY4OC0zNDM2M2JjN2M0YzAiOnsiY3JlYXRlIjoxMjAwMDAwMDAwMDAwLCJkZWxldGUiOjEyMDAwMDAwMDAwMDAsInVwZGF0ZSI6MTIwMDAwMDAwMDAwMH19",
          "dependencies": [
            "google_project_service.cicd_services",
            "google_project_service.deploy_project_services"
          ]
        }
      ]
    },
    {
      "mode": "managed",
      "type": "google_bigquery_table",
      "name": "completions_external_table",
      "provider": "provider[\"registry.terraform.io/hashicorp/google\"]",
      "instances": [
        {
          "index_key": "prod",
          "schema_version": 0,
          "attributes": {
            "biglake_configuration": [],
            "clustering": null,
            "creation_time": 1772039006742,
            "dataset_id": "lorepack_telemetry",
            "deletion_protection": false,
            "description": "",
            "effective_labels": {
              "goog-terraform-provisioned": "true"
            },
            "encryption_configuration": [],
            "etag": "UFmmMGzB7Jl+JS7T3Szo6g==",
            "expiration_time": 0,
            "external_catalog_table_options": [],
            "external_data_configuration": [
              {
                "autodetect": false,
                "avro_options": [],
                "bigtable_options": [],
                "compression": "NONE",
                "connection_id": "532146354338.asia-east1.lorepack-genai-telemetry",
                "csv_options": [],
                "decimal_target_types": [],
                "file_set_spec_type": "",
                "google_sheets_options": [],
                "hive_partitioning_options": [],
                "ignore_unknown_values": true,
                "json_extension": "",
                "json_options": [],
                "max_bad_records": 1000,
                "metadata_cache_mode": "",
                "object_metadata": "",
                "parquet_options": [],
                "reference_file_schema_uri": "",
                "schema": "",
                "source_format": "NEWLINE_DELIMITED_JSON",
                "source_uris": [
                  "gs://gemini-hack-487911-lorepack-logs/completions/*"
                ]
              }
            ],
            "friendly_name": "",
            "generated_schema_columns": "",
            "id": "projects/gemini-hack-487911/datasets/lorepack_telemetry/tables/completions",
            "ignore_auto_generated_schema": false,
            "ignore_schema_changes": null,
            "labels": {},
            "last_modified_time": 1772039304730,
            "location": "asia-east1",
            "materialized_view": [],
            "max_staleness": "",
            "num_bytes": 0,
            "num_long_term_bytes": 0,
            "num_rows": 0,
            "project": "gemini-hack-487911",
            "range_partitioning": [],
            "require_partition_filter": false,
            "resource_tags": {},
            "schema": "[{\"fields\":[{\"mode\":\"NULLABLE\",\"name\":\"type\",\"type\":\"STRING\"},{\"mode\":\"NULLABLE\",\"name\":\"content\",\"type\":\"STRING\"},{\"mode\":\"NULLABLE\",\"name\":\"mime_type\",\"type\":\"STRING\"},{\"mode\":\"NULLABLE\",\"name\":\"uri\",\"type\":\"STRING\"},{\"mode\":\"NULLABLE\",\"name\":\"data\",\"type\":\"BYTES\"},{\"mode\":\"NULLABLE\",\"name\":\"id\",\"type\":\"STRING\"},{\"mode\":\"NULLABLE\",\"name\":\"name\",\"type\":\"STRING\"},{\"mode\":\"NULLABLE\",\"name\":\"arguments\",\"type\":\"JSON\"},{\"mode\":\"NULLABLE\",\"name\":\"response\",\"type\":\"JSON\"}],\"mode\":\"REPEATED\",\"name\":\"parts\",\"type\":\"RECORD\"},{\"mode\":\"NULLABLE\",\"name\":\"role\",\"type\":\"STRING\"},{\"mode\":\"NULLABLE\",\"name\":\"index\",\"type\":\"INTEGER\"}]",
            "schema_foreign_type_info": [],
            "self_link": "https://bigquery.googleapis.com/bigquery/v2/projects/gemini-hack-487911/datasets/lorepack_telemetry/tables/completions",
            "table_constraints": [],
            "table_id": "completions",
            "table_metadata_view": null,
            "table_replication_info": [],
            "terraform_labels": {
              "goog-terraform-provisioned": "true"
            },
            "time_partitioning": [],
            "type": "EXTERNAL",
            "view": []
          },
          "sensitive_attributes": [],
          "identity_schema_version": 0,
          "private": "bnVsbA==",
          "dependencies": [
            "google_bigquery_connection.genai_telemetry_connection",
            "google_bigquery_dataset.telemetry_dataset",
            "google_project_service.cicd_services",
            "google_project_service.deploy_project_services",
            "google_storage_bucket.logs_data_bucket",
            "google_storage_bucket_iam_member.telemetry_connection_access",
            "time_sleep.wait_for_bq_connection_sa"
          ]
        },
        {
          "index_key": "staging",
          "schema_version": 0,
          "attributes": {
            "biglake_configuration": [],
            "clustering": null,
            "creation_time": 1772039006742,
            "dataset_id": "lorepack_telemetry",
            "deletion_protection": false,
            "description": "",
            "effective_labels": {
              "goog-terraform-provisioned": "true"
            },
            "encryption_configuration": [],
            "etag": "UFmmMGzB7Jl+JS7T3Szo6g==",
            "expiration_time": 0,
            "external_catalog_table_options": [],
            "external_data_configuration": [
              {
                "autodetect": false,
                "avro_options": [],
                "bigtable_options": [],
                "compression": "NONE",
                "connection_id": "532146354338.asia-east1.lorepack-genai-telemetry",
                "csv_options": [],
                "decimal_target_types": [],
                "file_set_spec_type": "",
                "google_sheets_options": [],
                "hive_partitioning_options": [],
                "ignore_unknown_values": true,
                "json_extension": "",
                "json_options": [],
                "max_bad_records": 1000,
                "metadata_cache_mode": "",
                "object_metadata": "",
                "parquet_options": [],
                "reference_file_schema_uri": "",
                "schema": "",
                "source_format": "NEWLINE_DELIMITED_JSON",
                "source_uris": [
                  "gs://gemini-hack-487911-lorepack-logs/completions/*"
                ]
              }
            ],
            "friendly_name": "",
            "generated_schema_columns": "",
            "id": "projects/gemini-hack-487911/datasets/lorepack_telemetry/tables/completions",
            "ignore_auto_generated_schema": false,
            "ignore_schema_changes": null,
            "labels": {},
            "last_modified_time": 1772039304730,
            "location": "asia-east1",
            "materialized_view": [],
            "max_staleness": "",
            "num_bytes": 0,
            "num_long_term_bytes": 0,
            "num_rows": 0,
            "project": "gemini-hack-487911",
            "range_partitioning": [],
            "require_partition_filter": false,
            "resource_tags": {},
            "schema": "[{\"fields\":[{\"mode\":\"NULLABLE\",\"name\":\"type\",\"type\":\"STRING\"},{\"mode\":\"NULLABLE\",\"name\":\"content\",\"type\":\"STRING\"},{\"mode\":\"NULLABLE\",\"name\":\"mime_type\",\"type\":\"STRING\"},{\"mode\":\"NULLABLE\",\"name\":\"uri\",\"type\":\"STRING\"},{\"mode\":\"NULLABLE\",\"name\":\"data\",\"type\":\"BYTES\"},{\"mode\":\"NULLABLE\",\"name\":\"id\",\"type\":\"STRING\"},{\"mode\":\"NULLABLE\",\"name\":\"name\",\"type\":\"STRING\"},{\"mode\":\"NULLABLE\",\"name\":\"arguments\",\"type\":\"JSON\"},{\"mode\":\"NULLABLE\",\"name\":\"response\",\"type\":\"JSON\"}],\"mode\":\"REPEATED\",\"name\":\"parts\",\"type\":\"RECORD\"},{\"mode\":\"NULLABLE\",\"name\":\"role\",\"type\":\"STRING\"},{\"mode\":\"NULLABLE\",\"name\":\"index\",\"type\":\"INTEGER\"}]",
            "schema_foreign_type_info": [],
            "self_link": "https://bigquery.googleapis.com/bigquery/v2/projects/gemini-hack-487911/datasets/lorepack_telemetry/tables/completions",
            "table_constraints": [],
            "table_id": "completions",
            "table_metadata_view": null,
            "table_replication_info": [],
            "terraform_labels": {
              "goog-terraform-provisioned": "true"
            },
            "time_partitioning": [],
            "type": "EXTERNAL",
            "view": []
          },
          "sensitive_attributes": [],
          "identity_schema_version": 0,
          "private": "bnVsbA==",
          "dependencies": [
            "google_bigquery_connection.genai_telemetry_connection",
            "google_bigquery_dataset.telemetry_dataset",
            "google_project_service.cicd_services",
            "google_project_service.deploy_project_services",
            "google_storage_bucket.logs_data_bucket",
            "google_storage_bucket_iam_member.telemetry_connection_access",
            "time_sleep.wait_for_bq_connection_sa"
          ]
        }
      ]
    },
    {
      "mode": "managed",
      "type": "google_bigquery_table",
      "name": "completions_view",
      "provider": "provider[\"registry.terraform.io/hashicorp/google\"]",
      "instances": [
        {
          "index_key": "prod",
          "schema_version": 0,
          "attributes": {
            "biglake_configuration": [],
            "clustering": null,
            "creation_time": 1772039314117,
            "dataset_id": "lorepack_telemetry",
            "deletion_protection": false,
            "description": "View of GenAI completion logs joined with the GCS prompt/response external table",
            "effective_labels": {
              "goog-terraform-provisioned": "true"
            },
            "encryption_configuration": [],
            "etag": "iWAaNAVv0FXCEdn0MNqI1g==",
            "expiration_time": 0,
            "external_catalog_table_options": [],
            "external_data_configuration": [],
            "friendly_name": "",
            "generated_schema_columns": "",
            "id": "projects/gemini-hack-487911/datasets/lorepack_telemetry/tables/completions_view",
            "ignore_auto_generated_schema": false,
            "ignore_schema_changes": null,
            "labels": {},
            "last_modified_time": 1772039402616,
            "location": "asia-east1",
            "materialized_view": [],
            "max_staleness": "",
            "num_bytes": 0,
            "num_long_term_bytes": 0,
            "num_rows": 0,
            "project": "gemini-hack-487911",
            "range_partitioning": [],
            "require_partition_filter": false,
            "resource_tags": {},
            "schema": "[{\"mode\":\"NULLABLE\",\"name\":\"timestamp\",\"type\":\"TIMESTAMP\"},{\"mode\":\"NULLABLE\",\"name\":\"insert_id\",\"type\":\"STRING\"},{\"mode\":\"NULLABLE\",\"name\":\"trace\",\"type\":\"STRING\"},{\"mode\":\"NULLABLE\",\"name\":\"span_id\",\"type\":\"STRING\"},{\"mode\":\"NULLABLE\",\"name\":\"api_call_id\",\"type\":\"STRING\"},{\"mode\":\"NULLABLE\",\"name\":\"message_type\",\"type\":\"STRING\"},{\"mode\":\"NULLABLE\",\"name\":\"role\",\"type\":\"STRING\"},{\"mode\":\"NULLABLE\",\"name\":\"message_idx\",\"type\":\"INTEGER\"},{\"mode\":\"NULLABLE\",\"name\":\"part_idx\",\"type\":\"INTEGER\"},{\"mode\":\"NULLABLE\",\"name\":\"content\",\"type\":\"STRING\"},{\"mode\":\"NULLABLE\",\"name\":\"part_type\",\"type\":\"STRING\"},{\"mode\":\"NULLABLE\",\"name\":\"tool_name\",\"type\":\"STRING\"},{\"mode\":\"NULLABLE\",\"name\":\"tool_args\",\"type\":\"JSON\"},{\"mode\":\"NULLABLE\",\"name\":\"tool_response\",\"type\":\"JSON\"},{\"mode\":\"NULLABLE\",\"name\":\"uri\",\"type\":\"STRING\"},{\"mode\":\"NULLABLE\",\"name\":\"mime_type\",\"type\":\"STRING\"},{\"mode\":\"NULLABLE\",\"name\":\"data_md5_hex\",\"type\":\"STRING\"},{\"mode\":\"NULLABLE\",\"name\":\"labels\",\"type\":\"JSON\"},{\"mode\":\"NULLABLE\",\"name\":\"messages_ref_uri\",\"type\":\"STRING\"}]",
            "schema_foreign_type_info": [],
            "self_link": "https://bigquery.googleapis.com/bigquery/v2/projects/gemini-hack-487911/datasets/lorepack_telemetry/tables/completions_view",
            "table_constraints": [],
            "table_id": "completions_view",
            "table_metadata_view": null,
            "table_replication_info": [],
            "terraform_labels": {
              "goog-terraform-provisioned": "true"
            },
            "time_partitioning": [],
            "type": "VIEW",
            "view": [
              {
                "query": "-- Optimized join of Cloud Logging data with GCS-stored prompt/response data.\n-- This query extracts both input and output messages referenced in logs.\n-- Note: Input files contain full conversation history, so messages may appear multiple times.\n\n-- Extract message references from Cloud Logging (scan once, extract both input/output)\nWITH log_refs AS (\n  SELECT\n    insert_id,\n    timestamp,\n    labels,\n    trace,\n    span_id,\n    JSON_VALUE(labels, '$.\\\"gen_ai.input.messages_ref\\\"') AS input_ref,\n    JSON_VALUE(labels, '$.\\\"gen_ai.output.messages_ref\\\"') AS output_ref\n  FROM `gemini-hack-487911.lorepack_genai_telemetry_logs._AllLogs`\n  WHERE JSON_VALUE(labels, '$.\\\"gen_ai.input.messages_ref\\\"') IS NOT NULL\n     OR JSON_VALUE(labels, '$.\\\"gen_ai.output.messages_ref\\\"') IS NOT NULL\n),\n\n-- Unpivot to get one row per message reference\nunpivoted_refs AS (\n  SELECT\n    insert_id,\n    timestamp,\n    labels,\n    trace,\n    span_id,\n    input_ref AS messages_ref_uri,\n    'input' AS message_type\n  FROM log_refs\n  WHERE input_ref IS NOT NULL\n\n  UNION ALL\n\n  SELECT\n    insert_id,\n    timestamp,\n    labels,\n    trace,\n    span_id,\n    output_ref AS messages_ref_uri,\n    'output' AS message_type\n  FROM log_refs\n  WHERE output_ref IS NOT NULL\n),\n\n-- Join with completions external table and extract api_call_id once\njoined_data AS (\n  SELECT\n    lr.insert_id,\n    lr.timestamp,\n    lr.labels,\n    lr.trace,\n    lr.span_id,\n    lr.messages_ref_uri,\n    lr.message_type,\n    SPLIT(REGEXP_EXTRACT(lr.messages_ref_uri, r'/([^/]+)\\.jsonl'), '_')[OFFSET(0)] AS api_call_id,\n    c.role,\n    c.parts,\n    c.index AS message_idx\n  FROM unpivoted_refs lr\n  JOIN `gemini-hack-487911.lorepack_telemetry.completions` c\n    ON lr.messages_ref_uri = c._FILE_NAME\n),\n\n-- Flatten the parts array\nflattened AS (\n  SELECT\n    insert_id,\n    timestamp,\n    labels,\n    trace,\n    span_id,\n    messages_ref_uri,\n    message_type,\n    api_call_id,\n    role,\n    message_idx,\n    part_idx,\n    part.type AS part_type,\n    part.content,\n    part.uri,\n    part.mime_type,\n    TO_HEX(MD5(part.data)) AS data_md5_hex,\n    part.id AS tool_id,\n    part.name AS tool_name,\n    part.arguments AS tool_args,\n    part.response AS tool_response\n  FROM joined_data\n  CROSS JOIN UNNEST(parts) AS part WITH OFFSET AS part_idx\n),\n\n-- Deduplicate by trace: keep only the latest log entry per trace\n-- (Tool calls create multiple log entries with same trace but different timestamps)\ndeduplicated AS (\n  SELECT\n    *,\n    ROW_NUMBER() OVER (\n      PARTITION BY trace, message_type, role, message_idx, part_idx\n      ORDER BY timestamp DESC\n    ) AS row_num\n  FROM flattened\n)\n\nSELECT\n  -- Core identifiers and timestamps\n  timestamp,\n  insert_id,\n  trace,\n  span_id,\n  api_call_id,\n\n  -- Message metadata\n  message_type,\n  role,\n  message_idx,\n  part_idx,\n\n  -- Message content\n  content,\n\n  -- Tool/function calling\n  part_type,\n  tool_name,\n  tool_args,\n  tool_response,\n\n  -- Additional metadata\n  uri,\n  mime_type,\n  data_md5_hex,\n\n  -- Raw fields\n  labels,\n  messages_ref_uri\nFROM deduplicated\nWHERE row_num = 1  -- Keep only the latest entry per trace/message/part\nORDER BY trace ASC, message_type ASC, message_idx ASC, part_idx ASC\n",
                "use_legacy_sql": false
              }
            ]
          },
          "sensitive_attributes": [],
          "identity_schema_version": 0,
          "private": "bnVsbA==",
          "dependencies": [
            "google_bigquery_connection.genai_telemetry_connection",
            "google_bigquery_dataset.telemetry_dataset",
            "google_bigquery_table.completions_external_table",
            "google_logging_linked_dataset.genai_logs_linked_dataset",
            "google_logging_project_bucket_config.genai_telemetry_bucket",
            "google_logging_project_sink.genai_logs_to_bucket",
            "google_project_service.cicd_services",
            "google_project_service.deploy_project_services",
            "google_storage_bucket.logs_data_bucket",
            "google_storage_bucket_iam_member.telemetry_connection_access",
            "time_sleep.wait_for_bq_connection_sa",
            "time_sleep.wait_for_linked_dataset"
          ]
        },
        {
          "index_key": "staging",
          "schema_version": 0,
          "attributes": {
            "biglake_configuration": [],
            "clustering": null,
            "creation_time": 1772039314117,
            "dataset_id": "lorepack_telemetry",
            "deletion_protection": false,
            "description": "View of GenAI completion logs joined with the GCS prompt/response external table",
            "effective_labels": {
              "goog-terraform-provisioned": "true"
            },
            "encryption_configuration": [],
            "etag": "mRDlsT1avq1gG2kG54eCHw==",
            "expiration_time": 0,
            "external_catalog_table_options": [],
            "external_data_configuration": [],
            "friendly_name": "",
            "generated_schema_columns": "",
            "id": "projects/gemini-hack-487911/datasets/lorepack_telemetry/tables/completions_view",
            "ignore_auto_generated_schema": false,
            "ignore_schema_changes": null,
            "labels": {},
            "last_modified_time": 1772039315254,
            "location": "asia-east1",
            "materialized_view": [],
            "max_staleness": "",
            "num_bytes": 0,
            "num_long_term_bytes": 0,
            "num_rows": 0,
            "project": "gemini-hack-487911",
            "range_partitioning": [],
            "require_partition_filter": false,
            "resource_tags": {},
            "schema": "[{\"mode\":\"NULLABLE\",\"name\":\"timestamp\",\"type\":\"TIMESTAMP\"},{\"mode\":\"NULLABLE\",\"name\":\"insert_id\",\"type\":\"STRING\"},{\"mode\":\"NULLABLE\",\"name\":\"trace\",\"type\":\"STRING\"},{\"mode\":\"NULLABLE\",\"name\":\"span_id\",\"type\":\"STRING\"},{\"mode\":\"NULLABLE\",\"name\":\"api_call_id\",\"type\":\"STRING\"},{\"mode\":\"NULLABLE\",\"name\":\"message_type\",\"type\":\"STRING\"},{\"mode\":\"NULLABLE\",\"name\":\"role\",\"type\":\"STRING\"},{\"mode\":\"NULLABLE\",\"name\":\"message_idx\",\"type\":\"INTEGER\"},{\"mode\":\"NULLABLE\",\"name\":\"part_idx\",\"type\":\"INTEGER\"},{\"mode\":\"NULLABLE\",\"name\":\"content\",\"type\":\"STRING\"},{\"mode\":\"NULLABLE\",\"name\":\"part_type\",\"type\":\"STRING\"},{\"mode\":\"NULLABLE\",\"name\":\"tool_name\",\"type\":\"STRING\"},{\"mode\":\"NULLABLE\",\"name\":\"tool_args\",\"type\":\"JSON\"},{\"mode\":\"NULLABLE\",\"name\":\"tool_response\",\"type\":\"JSON\"},{\"mode\":\"NULLABLE\",\"name\":\"uri\",\"type\":\"STRING\"},{\"mode\":\"NULLABLE\",\"name\":\"mime_type\",\"type\":\"STRING\"},{\"mode\":\"NULLABLE\",\"name\":\"data_md5_hex\",\"type\":\"STRING\"},{\"mode\":\"NULLABLE\",\"name\":\"labels\",\"type\":\"JSON\"},{\"mode\":\"NULLABLE\",\"name\":\"messages_ref_uri\",\"type\":\"STRING\"}]",
            "schema_foreign_type_info": [],
            "self_link": "https://bigquery.googleapis.com/bigquery/v2/projects/gemini-hack-487911/datasets/lorepack_telemetry/tables/completions_view",
            "table_constraints": [],
            "table_id": "completions_view",
            "table_metadata_view": null,
            "table_replication_info": [],
            "terraform_labels": {
              "goog-terraform-provisioned": "true"
            },
            "time_partitioning": [],
            "type": "VIEW",
            "view": [
              {
                "query": "-- Optimized join of Cloud Logging data with GCS-stored prompt/response data.\n-- This query extracts both input and output messages referenced in logs.\n-- Note: Input files contain full conversation history, so messages may appear multiple times.\n\n-- Extract message references from Cloud Logging (scan once, extract both input/output)\nWITH log_refs AS (\n  SELECT\n    insert_id,\n    timestamp,\n    labels,\n    trace,\n    span_id,\n    JSON_VALUE(labels, '$.\\\"gen_ai.input.messages_ref\\\"') AS input_ref,\n    JSON_VALUE(labels, '$.\\\"gen_ai.output.messages_ref\\\"') AS output_ref\n  FROM `gemini-hack-487911.lorepack_genai_telemetry_logs._AllLogs`\n  WHERE JSON_VALUE(labels, '$.\\\"gen_ai.input.messages_ref\\\"') IS NOT NULL\n     OR JSON_VALUE(labels, '$.\\\"gen_ai.output.messages_ref\\\"') IS NOT NULL\n),\n\n-- Unpivot to get one row per message reference\nunpivoted_refs AS (\n  SELECT\n    insert_id,\n    timestamp,\n    labels,\n    trace,\n    span_id,\n    input_ref AS messages_ref_uri,\n    'input' AS message_type\n  FROM log_refs\n  WHERE input_ref IS NOT NULL\n\n  UNION ALL\n\n  SELECT\n    insert_id,\n    timestamp,\n    labels,\n    trace,\n    span_id,\n    output_ref AS messages_ref_uri,\n    'output' AS message_type\n  FROM log_refs\n  WHERE output_ref IS NOT NULL\n),\n\n-- Join with completions external table and extract api_call_id once\njoined_data AS (\n  SELECT\n    lr.insert_id,\n    lr.timestamp,\n    lr.labels,\n    lr.trace,\n    lr.span_id,\n    lr.messages_ref_uri,\n    lr.message_type,\n    SPLIT(REGEXP_EXTRACT(lr.messages_ref_uri, r'/([^/]+)\\.jsonl'), '_')[OFFSET(0)] AS api_call_id,\n    c.role,\n    c.parts,\n    c.index AS message_idx\n  FROM unpivoted_refs lr\n  JOIN `gemini-hack-487911.lorepack_telemetry.completions` c\n    ON lr.messages_ref_uri = c._FILE_NAME\n),\n\n-- Flatten the parts array\nflattened AS (\n  SELECT\n    insert_id,\n    timestamp,\n    labels,\n    trace,\n    span_id,\n    messages_ref_uri,\n    message_type,\n    api_call_id,\n    role,\n    message_idx,\n    part_idx,\n    part.type AS part_type,\n    part.content,\n    part.uri,\n    part.mime_type,\n    TO_HEX(MD5(part.data)) AS data_md5_hex,\n    part.id AS tool_id,\n    part.name AS tool_name,\n    part.arguments AS tool_args,\n    part.response AS tool_response\n  FROM joined_data\n  CROSS JOIN UNNEST(parts) AS part WITH OFFSET AS part_idx\n),\n\n-- Deduplicate by trace: keep only the latest log entry per trace\n-- (Tool calls create multiple log entries with same trace but different timestamps)\ndeduplicated AS (\n  SELECT\n    *,\n    ROW_NUMBER() OVER (\n      PARTITION BY trace, message_type, role, message_idx, part_idx\n      ORDER BY timestamp DESC\n    ) AS row_num\n  FROM flattened\n)\n\nSELECT\n  -- Core identifiers and timestamps\n  timestamp,\n  insert_id,\n  trace,\n  span_id,\n  api_call_id,\n\n  -- Message metadata\n  message_type,\n  role,\n  message_idx,\n  part_idx,\n\n  -- Message content\n  content,\n\n  -- Tool/function calling\n  part_type,\n  tool_name,\n  tool_args,\n  tool_response,\n\n  -- Additional metadata\n  uri,\n  mime_type,\n  data_md5_hex,\n\n  -- Raw fields\n  labels,\n  messages_ref_uri\nFROM deduplicated\nWHERE row_num = 1  -- Keep only the latest entry per trace/message/part\nORDER BY trace ASC, message_type ASC, message_idx ASC, part_idx ASC\n",
                "use_legacy_sql": false
              }
            ]
          },
          "sensitive_attributes": [],
          "identity_schema_version": 0,
          "private": "bnVsbA==",
          "dependencies": [
            "google_bigquery_connection.genai_telemetry_connection",
            "google_bigquery_dataset.telemetry_dataset",
            "google_bigquery_table.completions_external_table",
            "google_logging_linked_dataset.genai_logs_linked_dataset",
            "google_logging_project_bucket_config.genai_telemetry_bucket",
            "google_logging_project_sink.genai_logs_to_bucket",
            "google_project_service.cicd_services",
            "google_project_service.deploy_project_services",
            "google_storage_bucket.logs_data_bucket",
            "google_storage_bucket_iam_member.telemetry_connection_access",
            "time_sleep.wait_for_bq_connection_sa",
            "time_sleep.wait_for_linked_dataset"
          ]
        }
      ]
    },
    {
      "mode": "managed",
      "type": "google_cloud_run_v2_service",
      "name": "api",
      "provider": "provider[\"registry.terraform.io/hashicorp/google\"]",
      "instances": [
        {
          "index_key": "prod",
          "schema_version": 0,
          "attributes": {
            "annotations": {},
            "binary_authorization": [],
            "build_config": [],
            "client": "",
            "client_version": "",
            "conditions": [
              {
                "execution_reason": "",
                "last_transition_time": "2026-02-25T17:08:53.836588Z",
                "message": "",
                "reason": "",
                "revision_reason": "",
                "severity": "",
                "state": "CONDITION_SUCCEEDED",
                "type": "RoutesReady"
              },
              {
                "execution_reason": "",
                "last_transition_time": "2026-02-25T17:08:25.916118Z",
                "message": "",
                "reason": "",
                "revision_reason": "",
                "severity": "",
                "state": "CONDITION_SUCCEEDED",
                "type": "ConfigurationsReady"
              }
            ],
            "create_time": "2026-02-24T04:07:26.609175Z",
            "creator": "charlie011111@gmail.com",
            "custom_audiences": [],
            "default_uri_disabled": false,
            "delete_time": "",
            "deletion_protection": false,
            "description": "",
            "effective_annotations": {},
            "effective_labels": {},
            "etag": "\"CIjZ_MwGENCik7oB/cHJvamVjdHMvZ2VtaW5pLWhhY2stNDg3OTExL2xvY2F0aW9ucy9hc2lhLWVhc3QxL3NlcnZpY2VzL2xvcmVwYWNrLWFwaQ\"",
            "expire_time": "",
            "generation": "8",
            "id": "projects/gemini-hack-487911/locations/asia-east1/services/lorepack-api",
            "ingress": "INGRESS_TRAFFIC_ALL",
            "invoker_iam_disabled": false,
            "labels": {},
            "last_modifier": "charlie011111@gmail.com",
            "latest_created_revision": "projects/gemini-hack-487911/locations/asia-east1/services/lorepack-api/revisions/lorepack-api-00008-jhl",
            "latest_ready_revision": "projects/gemini-hack-487911/locations/asia-east1/services/lorepack-api/revisions/lorepack-api-00008-jhl",
            "launch_stage": "GA",
            "location": "asia-east1",
            "multi_region_settings": [],
            "name": "lorepack-api",
            "observed_generation": "8",
            "project": "gemini-hack-487911",
            "reconciling": false,
            "scaling": [
              {
                "manual_instance_count": 0,
                "max_instance_count": 10,
                "min_instance_count": 0,
                "scaling_mode": ""
              }
            ],
            "template": [
              {
                "annotations": {},
                "containers": [
                  {
                    "args": [],
                    "base_image_uri": "",
                    "build_info": [],
                    "command": [],
                    "depends_on": [],
                    "env": [
                      {
                        "name": "ALLOWED_ORIGINS",
                        "value": "",
                        "value_source": []
                      },
                      {
                        "name": "GOOGLE_CLOUD_PROJECT",
                        "value": "gemini-hack-487911",
                        "value_source": []
                      }
                    ],
                    "image": "asia-east1-docker.pkg.dev/gemini-hack-487911/lorepack-repo/lorepack-api:latest",
                    "liveness_probe": [
                      {
                        "failure_threshold": 3,
                        "grpc": [],
                        "http_get": [
                          {
                            "http_headers": [],
                            "path": "/api/health",
                            "port": 8080
                          }
                        ],
                        "initial_delay_seconds": 0,
                        "period_seconds": 30,
                        "tcp_socket": [],
                        "timeout_seconds": 1
                      }
                    ],
                    "name": "",
                    "ports": [
                      {
                        "container_port": 8080,
                        "name": "http1"
                      }
                    ],
                    "resources": [
                      {
                        "cpu_idle": false,
                        "limits": {
                          "cpu": "2",
                          "memory": "1Gi"
                        },
                        "startup_cpu_boost": false
                      }
                    ],
                    "startup_probe": [
                      {
                        "failure_threshold": 3,
                        "grpc": [],
                        "http_get": [
                          {
                            "http_headers": [],
                            "path": "/api/health",
                            "port": 8080
                          }
                        ],
                        "initial_delay_seconds": 5,
                        "period_seconds": 10,
                        "tcp_socket": [],
                        "timeout_seconds": 1
                      }
                    ],
                    "volume_mounts": [],
                    "working_dir": ""
                  }
                ],
                "encryption_key": "",
                "execution_environment": "",
                "gpu_zonal_redundancy_disabled": false,
                "health_check_disabled": false,
                "labels": {},
                "max_instance_request_concurrency": 160,
                "node_selector": [],
                "revision": "",
                "scaling": [
                  {
                    "max_instance_count": 10,
                    "min_instance_count": 0
                  }
                ],
                "service_account": "lorepack-app@gemini-hack-487911.iam.gserviceaccount.com",
                "session_affinity": false,
                "timeout": "1800s",
                "volumes": [],
                "vpc_access": []
              }
            ],
            "terminal_condition": [
              {
                "execution_reason": "",
                "last_transition_time": "2026-02-25T17:08:53.870466Z",
                "message": "",
                "reason": "",
                "revision_reason": "",
                "severity": "",
                "state": "CONDITION_SUCCEEDED",
                "type": "Ready"
              }
            ],
            "terraform_labels": {},
            "timeouts": null,
            "traffic": [
              {
                "percent": 100,
                "revision": "",
                "tag": "",
                "type": "TRAFFIC_TARGET_ALLOCATION_TYPE_LATEST"
              }
            ],
            "traffic_statuses": [
              {
                "percent": 100,
                "revision": "",
                "tag": "",
                "type": "TRAFFIC_TARGET_ALLOCATION_TYPE_LATEST",
                "uri": ""
              }
            ],
            "uid": "8391e077-cb85-4bb7-9a64-2b6d2889f2fb",
            "update_time": "2026-02-25T17:08:24.390386Z",
            "uri": "https://lorepack-api-2wvrimkrpq-de.a.run.app",
            "urls": [
              "https://lorepack-api-532146354338.asia-east1.run.app",
              "https://lorepack-api-2wvrimkrpq-de.a.run.app"
            ]
          },
          "sensitive_attributes": [],
          "identity_schema_version": 0,
          "private": "eyJlMmJmYjczMC1lY2FhLTExZTYtOGY4OC0zNDM2M2JjN2M0YzAiOnsiY3JlYXRlIjoxMjAwMDAwMDAwMDAwLCJkZWxldGUiOjEyMDAwMDAwMDAwMDAsInVwZGF0ZSI6MTIwMDAwMDAwMDAwMH19",
          "dependencies": [
            "google_project_service.cicd_services",
            "google_project_service.deploy_project_services",
            "google_service_account.app_sa"
          ]
        },
        {
          "index_key": "staging",
          "schema_version": 0,
          "attributes": {
            "annotations": {},
            "binary_authorization": [],
            "build_config": [],
            "client": "",
            "client_version": "",
            "conditions": [
              {
                "execution_reason": "",
                "last_transition_time": "2026-02-25T17:08:53.836588Z",
                "message": "",
                "reason": "",
                "revision_reason": "",
                "severity": "",
                "state": "CONDITION_SUCCEEDED",
                "type": "RoutesReady"
              },
              {
                "execution_reason": "",
                "last_transition_time": "2026-02-25T17:08:25.916118Z",
                "message": "",
                "reason": "",
                "revision_reason": "",
                "severity": "",
                "state": "CONDITION_SUCCEEDED",
                "type": "ConfigurationsReady"
              }
            ],
            "create_time": "2026-02-24T04:07:26.609175Z",
            "creator": "charlie011111@gmail.com",
            "custom_audiences": [],
            "default_uri_disabled": false,
            "delete_time": "",
            "deletion_protection": false,
            "description": "",
            "effective_annotations": {},
            "effective_labels": {},
            "etag": "\"CIjZ_MwGENCik7oB/cHJvamVjdHMvZ2VtaW5pLWhhY2stNDg3OTExL2xvY2F0aW9ucy9hc2lhLWVhc3QxL3NlcnZpY2VzL2xvcmVwYWNrLWFwaQ\"",
            "expire_time": "",
            "generation": "8",
            "id": "projects/gemini-hack-487911/locations/asia-east1/services/lorepack-api",
            "ingress": "INGRESS_TRAFFIC_ALL",
            "invoker_iam_disabled": false,
            "labels": {},
            "last_modifier": "charlie011111@gmail.com",
            "latest_created_revision": "projects/gemini-hack-487911/locations/asia-east1/services/lorepack-api/revisions/lorepack-api-00008-jhl",
            "latest_ready_revision": "projects/gemini-hack-487911/locations/asia-east1/services/lorepack-api/revisions/lorepack-api-00008-jhl",
            "launch_stage": "GA",
            "location": "asia-east1",
            "multi_region_settings": [],
            "name": "lorepack-api",
            "observed_generation": "8",
            "project": "gemini-hack-487911",
            "reconciling": false,
            "scaling": [
              {
                "manual_instance_count": 0,
                "max_instance_count": 10,
                "min_instance_count": 0,
                "scaling_mode": ""
              }
            ],
            "template": [
              {
                "annotations": {},
                "containers": [
                  {
                    "args": [],
                    "base_image_uri": "",
                    "build_info": [],
                    "command": [],
                    "depends_on": [],
                    "env": [
                      {
                        "name": "ALLOWED_ORIGINS",
                        "value": "",
                        "value_source": []
                      },
                      {
                        "name": "GOOGLE_CLOUD_PROJECT",
                        "value": "gemini-hack-487911",
                        "value_source": []
                      }
                    ],
                    "image": "asia-east1-docker.pkg.dev/gemini-hack-487911/lorepack-repo/lorepack-api:latest",
                    "liveness_probe": [
                      {
                        "failure_threshold": 3,
                        "grpc": [],
                        "http_get": [
                          {
                            "http_headers": [],
                            "path": "/api/health",
                            "port": 8080
                          }
                        ],
                        "initial_delay_seconds": 0,
                        "period_seconds": 30,
                        "tcp_socket": [],
                        "timeout_seconds": 1
                      }
                    ],
                    "name": "",
                    "ports": [
                      {
                        "container_port": 8080,
                        "name": "http1"
                      }
                    ],
                    "resources": [
                      {
                        "cpu_idle": false,
                        "limits": {
                          "cpu": "2",
                          "memory": "1Gi"
                        },
                        "startup_cpu_boost": false
                      }
                    ],
                    "startup_probe": [
                      {
                        "failure_threshold": 3,
                        "grpc": [],
                        "http_get": [
                          {
                            "http_headers": [],
                            "path": "/api/health",
                            "port": 8080
                          }
                        ],
                        "initial_delay_seconds": 5,
                        "period_seconds": 10,
                        "tcp_socket": [],
                        "timeout_seconds": 1
                      }
                    ],
                    "volume_mounts": [],
                    "working_dir": ""
                  }
                ],
                "encryption_key": "",
                "execution_environment": "",
                "gpu_zonal_redundancy_disabled": false,
                "health_check_disabled": false,
                "labels": {},
                "max_instance_request_concurrency": 160,
                "node_selector": [],
                "revision": "",
                "scaling": [
                  {
                    "max_instance_count": 10,
                    "min_instance_count": 0
                  }
                ],
                "service_account": "lorepack-app@gemini-hack-487911.iam.gserviceaccount.com",
                "session_affinity": false,
                "timeout": "1800s",
                "volumes": [],
                "vpc_access": []
              }
            ],
            "terminal_condition": [
              {
                "execution_reason": "",
                "last_transition_time": "2026-02-25T17:08:53.870466Z",
                "message": "",
                "reason": "",
                "revision_reason": "",
                "severity": "",
                "state": "CONDITION_SUCCEEDED",
                "type": "Ready"
              }
            ],
            "terraform_labels": {},
            "timeouts": null,
            "traffic": [
              {
                "percent": 100,
                "revision": "",
                "tag": "",
                "type": "TRAFFIC_TARGET_ALLOCATION_TYPE_LATEST"
              }
            ],
            "traffic_statuses": [
              {
                "percent": 100,
                "revision": "",
                "tag": "",
                "type": "TRAFFIC_TARGET_ALLOCATION_TYPE_LATEST",
                "uri": ""
              }
            ],
            "uid": "8391e077-cb85-4bb7-9a64-2b6d2889f2fb",
            "update_time": "2026-02-25T17:08:24.390386Z",
            "uri": "https://lorepack-api-2wvrimkrpq-de.a.run.app",
            "urls": [
              "https://lorepack-api-532146354338.asia-east1.run.app",
              "https://lorepack-api-2wvrimkrpq-de.a.run.app"
            ]
          },
          "sensitive_attributes": [],
          "identity_schema_version": 0,
          "private": "eyJlMmJmYjczMC1lY2FhLTExZTYtOGY4OC0zNDM2M2JjN2M0YzAiOnsiY3JlYXRlIjoxMjAwMDAwMDAwMDAwLCJkZWxldGUiOjEyMDAwMDAwMDAwMDAsInVwZGF0ZSI6MTIwMDAwMDAwMDAwMH19",
          "dependencies": [
            "google_project_service.cicd_services",
            "google_project_service.deploy_project_services",
            "google_service_account.app_sa"
          ]
        }
      ]
    },
    {
      "mode": "managed",
      "type": "google_cloud_run_v2_service_iam_member",
      "name": "api_invoker",
      "provider": "provider[\"registry.terraform.io/hashicorp/google\"]",
      "instances": [
        {
          "index_key": "prod",
          "schema_version": 0,
          "attributes": {
            "condition": [],
            "etag": "BwZLqQ9yX5o=",
            "id": "projects/gemini-hack-487911/locations/asia-east1/services/lorepack-api/roles/run.invoker/allUsers",
            "location": "asia-east1",
            "member": "allUsers",
            "name": "projects/gemini-hack-487911/locations/asia-east1/services/lorepack-api",
            "project": "gemini-hack-487911",
            "role": "roles/run.invoker"
          },
          "sensitive_attributes": [],
          "identity_schema_version": 0,
          "private": "bnVsbA==",
          "dependencies": [
            "google_cloud_run_v2_service.api",
            "google_project_service.cicd_services",
            "google_project_service.deploy_project_services",
            "google_service_account.app_sa"
          ]
        },
        {
          "index_key": "staging",
          "schema_version": 0,
          "attributes": {
            "condition": [],
            "etag": "BwZLqQ9yX5o=",
            "id": "projects/gemini-hack-487911/locations/asia-east1/services/lorepack-api/roles/run.invoker/allUsers",
            "location": "asia-east1",
            "member": "allUsers",
            "name": "projects/gemini-hack-487911/locations/asia-east1/services/lorepack-api",
            "project": "gemini-hack-487911",
            "role": "roles/run.invoker"
          },
          "sensitive_attributes": [],
          "identity_schema_version": 0,
          "private": "bnVsbA==",
          "dependencies": [
            "google_cloud_run_v2_service.api",
            "google_project_service.cicd_services",
            "google_project_service.deploy_project_services",
            "google_service_account.app_sa"
          ]
        }
      ]
    },
    {
      "mode": "managed",
      "type": "google_iam_workload_identity_pool",
      "name": "github_pool",
      "provider": "provider[\"registry.terraform.io/hashicorp/google\"]",
      "instances": [
        {
          "schema_version": 0,
          "attributes": {
            "description": "",
            "disabled": false,
            "display_name": "GitHub Actions Pool",
            "id": "projects/gemini-hack-487911/locations/global/workloadIdentityPools/lorepack-pool",
            "name": "projects/532146354338/locations/global/workloadIdentityPools/lorepack-pool",
            "project": "gemini-hack-487911",
            "state": "ACTIVE",
            "timeouts": null,
            "workload_identity_pool_id": "lorepack-pool"
          },
          "sensitive_attributes": [],
          "identity_schema_version": 0,
          "private": "eyJlMmJmYjczMC1lY2FhLTExZTYtOGY4OC0zNDM2M2JjN2M0YzAiOnsiY3JlYXRlIjoxMjAwMDAwMDAwMDAwLCJkZWxldGUiOjEyMDAwMDAwMDAwMDAsInVwZGF0ZSI6MTIwMDAwMDAwMDAwMH19",
          "dependencies": [
            "google_project_service.cicd_services",
            "google_project_service.deploy_project_services"
          ]
        }
      ]
    },
    {
      "mode": "managed",
      "type": "google_iam_workload_identity_pool_provider",
      "name": "github_provider",
      "provider": "provider[\"registry.terraform.io/hashicorp/google\"]",
      "instances": [
        {
          "schema_version": 0,
          "attributes": {
            "attribute_condition": "attribute.repository == 'KCL1104/LorePack'",
            "attribute_mapping": {
              "attribute.repository": "assertion.repository",
              "attribute.repository_owner": "assertion.repository_owner",
              "google.subject": "assertion.sub"
            },
            "aws": [],
            "description": "",
            "disabled": false,
            "display_name": "GitHub OIDC Provider",
            "id": "projects/gemini-hack-487911/locations/global/workloadIdentityPools/lorepack-pool/providers/lorepack-oidc",
            "name": "projects/532146354338/locations/global/workloadIdentityPools/lorepack-pool/providers/lorepack-oidc",
            "oidc": [
              {
                "allowed_audiences": [],
                "issuer_uri": "https://token.actions.githubusercontent.com",
                "jwks_json": ""
              }
            ],
            "project": "gemini-hack-487911",
            "saml": [],
            "state": "ACTIVE",
            "timeouts": null,
            "workload_identity_pool_id": "lorepack-pool",
            "workload_identity_pool_provider_id": "lorepack-oidc",
            "x509": []
          },
          "sensitive_attributes": [],
          "identity_schema_version": 0,
          "private": "eyJlMmJmYjczMC1lY2FhLTExZTYtOGY4OC0zNDM2M2JjN2M0YzAiOnsiY3JlYXRlIjoxMjAwMDAwMDAwMDAwLCJkZWxldGUiOjEyMDAwMDAwMDAwMDAsInVwZGF0ZSI6MTIwMDAwMDAwMDAwMH19",
          "dependencies": [
            "google_iam_workload_identity_pool.github_pool",
            "google_project_service.cicd_services",
            "google_project_service.deploy_project_services"
          ]
        }
      ]
    },
    {
      "mode": "managed",
      "type": "google_logging_linked_dataset",
      "name": "genai_logs_linked_dataset",
      "provider": "provider[\"registry.terraform.io/hashicorp/google\"]",
      "instances": [
        {
          "index_key": "prod",
          "schema_version": 0,
          "attributes": {
            "bigquery_dataset": [
              {
                "dataset_id": "bigquery.googleapis.com/projects/gemini-hack-487911/datasets/lorepack_genai_telemetry_logs"
              }
            ],
            "bucket": "lorepack-genai-telemetry",
            "create_time": "2026-02-25T17:02:28.895342898Z",
            "description": "Linked dataset for lorepack GenAI telemetry Cloud Logging bucket",
            "id": "projects/gemini-hack-487911/locations/asia-east1/buckets/lorepack-genai-telemetry/links/lorepack_genai_telemetry_logs",
            "lifecycle_state": "ACTIVE",
            "link_id": "lorepack_genai_telemetry_logs",
            "location": "asia-east1",
            "name": "projects/gemini-hack-487911/locations/asia-east1/buckets/lorepack-genai-telemetry/links/lorepack_genai_telemetry_logs",
            "parent": "projects/gemini-hack-487911",
            "timeouts": null
          },
          "sensitive_attributes": [],
          "identity_schema_version": 0,
          "private": "eyJlMmJmYjczMC1lY2FhLTExZTYtOGY4OC0zNDM2M2JjN2M0YzAiOnsiY3JlYXRlIjoxMjAwMDAwMDAwMDAwLCJkZWxldGUiOjEyMDAwMDAwMDAwMDB9fQ==",
          "dependencies": [
            "google_logging_project_bucket_config.genai_telemetry_bucket",
            "google_logging_project_sink.genai_logs_to_bucket",
            "google_project_service.cicd_services",
            "google_project_service.deploy_project_services"
          ]
        },
        {
          "index_key": "staging",
          "schema_version": 0,
          "attributes": {
            "bigquery_dataset": [
              {
                "dataset_id": "bigquery.googleapis.com/projects/gemini-hack-487911/datasets/lorepack_genai_telemetry_logs"
              }
            ],
            "bucket": "lorepack-genai-telemetry",
            "create_time": "2026-02-25T17:02:28.895342898Z",
            "description": "Linked dataset for lorepack GenAI telemetry Cloud Logging bucket",
            "id": "projects/gemini-hack-487911/locations/asia-east1/buckets/lorepack-genai-telemetry/links/lorepack_genai_telemetry_logs",
            "lifecycle_state": "ACTIVE",
            "link_id": "lorepack_genai_telemetry_logs",
            "location": "asia-east1",
            "name": "projects/gemini-hack-487911/locations/asia-east1/buckets/lorepack-genai-telemetry/links/lorepack_genai_telemetry_logs",
            "parent": "projects/gemini-hack-487911",
            "timeouts": null
          },
          "sensitive_attributes": [],
          "identity_schema_version": 0,
          "private": "eyJlMmJmYjczMC1lY2FhLTExZTYtOGY4OC0zNDM2M2JjN2M0YzAiOnsiY3JlYXRlIjoxMjAwMDAwMDAwMDAwLCJkZWxldGUiOjEyMDAwMDAwMDAwMDB9LCJzY2hlbWFfdmVyc2lvbiI6IjAifQ==",
          "dependencies": [
            "google_logging_project_bucket_config.genai_telemetry_bucket",
            "google_logging_project_sink.genai_logs_to_bucket",
            "google_project_service.cicd_services",
            "google_project_service.deploy_project_services"
          ]
        }
      ]
    },
    {
      "mode": "managed",
      "type": "google_logging_project_bucket_config",
      "name": "genai_telemetry_bucket",
      "provider": "provider[\"registry.terraform.io/hashicorp/google\"]",
      "instances": [
        {
          "index_key": "prod",
          "schema_version": 0,
          "attributes": {
            "bucket_id": "lorepack-genai-telemetry",
            "cmek_settings": [],
            "description": "Dedicated Cloud Logging bucket for lorepack GenAI telemetry with 10 year retention",
            "enable_analytics": true,
            "id": "projects/gemini-hack-487911/locations/asia-east1/buckets/lorepack-genai-telemetry",
            "index_configs": [],
            "lifecycle_state": "ACTIVE",
            "location": "asia-east1",
            "locked": false,
            "name": "projects/gemini-hack-487911/locations/asia-east1/buckets/lorepack-genai-telemetry",
            "project": "gemini-hack-487911",
            "retention_days": 3650
          },
          "sensitive_attributes": [],
          "identity_schema_version": 0,
          "private": "bnVsbA==",
          "dependencies": [
            "google_project_service.cicd_services",
            "google_project_service.deploy_project_services"
          ]
        },
        {
          "index_key": "staging",
          "schema_version": 0,
          "attributes": {
            "bucket_id": "lorepack-genai-telemetry",
            "cmek_settings": [],
            "description": "Dedicated Cloud Logging bucket for lorepack GenAI telemetry with 10 year retention",
            "enable_analytics": true,
            "id": "projects/gemini-hack-487911/locations/asia-east1/buckets/lorepack-genai-telemetry",
            "index_configs": [],
            "lifecycle_state": "ACTIVE",
            "location": "asia-east1",
            "locked": false,
            "name": "projects/gemini-hack-487911/locations/asia-east1/buckets/lorepack-genai-telemetry",
            "project": "gemini-hack-487911",
            "retention_days": 3650
          },
          "sensitive_attributes": [],
          "identity_schema_version": 0,
          "private": "bnVsbA==",
          "dependencies": [
            "google_project_service.cicd_services",
            "google_project_service.deploy_project_services"
          ]
        }
      ]
    },
    {
      "mode": "managed",
      "type": "google_logging_project_sink",
      "name": "feedback_logs_to_bucket",
      "provider": "provider[\"registry.terraform.io/hashicorp/google\"]",
      "instances": [
        {
          "index_key": "prod",
          "schema_version": 0,
          "attributes": {
            "bigquery_options": [],
            "custom_writer_identity": null,
            "description": "",
            "destination": "logging.googleapis.com/projects/gemini-hack-487911/locations/asia-east1/buckets/lorepack-genai-telemetry",
            "disabled": false,
            "exclusions": [],
            "filter": "jsonPayload.log_type=\"feedback\" jsonPayload.service_name=\"lorepack\"",
            "id": "projects/gemini-hack-487911/sinks/lorepack-feedback",
            "name": "lorepack-feedback",
            "project": "gemini-hack-487911",
            "unique_writer_identity": true,
            "writer_identity": ""
          },
          "sensitive_attributes": [],
          "identity_schema_version": 0,
          "private": "eyJzY2hlbWFfdmVyc2lvbiI6IjAifQ==",
          "dependencies": [
            "google_logging_project_bucket_config.genai_telemetry_bucket",
            "google_project_service.cicd_services",
            "google_project_service.deploy_project_services"
          ]
        },
        {
          "index_key": "staging",
          "schema_version": 0,
          "attributes": {
            "bigquery_options": [],
            "custom_writer_identity": null,
            "description": "",
            "destination": "logging.googleapis.com/projects/gemini-hack-487911/locations/asia-east1/buckets/lorepack-genai-telemetry",
            "disabled": false,
            "exclusions": [],
            "filter": "jsonPayload.log_type=\"feedback\" jsonPayload.service_name=\"lorepack\"",
            "id": "projects/gemini-hack-487911/sinks/lorepack-feedback",
            "name": "lorepack-feedback",
            "project": "gemini-hack-487911",
            "unique_writer_identity": true,
            "writer_identity": ""
          },
          "sensitive_attributes": [],
          "identity_schema_version": 0,
          "private": "bnVsbA==",
          "dependencies": [
            "google_logging_project_bucket_config.genai_telemetry_bucket",
            "google_project_service.cicd_services",
            "google_project_service.deploy_project_services"
          ]
        }
      ]
    },
    {
      "mode": "managed",
      "type": "google_logging_project_sink",
      "name": "genai_logs_to_bucket",
      "provider": "provider[\"registry.terraform.io/hashicorp/google\"]",
      "instances": [
        {
          "index_key": "prod",
          "schema_version": 0,
          "attributes": {
            "bigquery_options": [],
            "custom_writer_identity": null,
            "description": "",
            "destination": "logging.googleapis.com/projects/gemini-hack-487911/locations/asia-east1/buckets/lorepack-genai-telemetry",
            "disabled": false,
            "exclusions": [],
            "filter": "log_name=\"projects/gemini-hack-487911/logs/gen_ai.client.inference.operation.details\" AND (labels.\"gen_ai.input.messages_ref\" =~ \".*lorepack.*\" OR labels.\"gen_ai.output.messages_ref\" =~ \".*lorepack.*\")",
            "id": "projects/gemini-hack-487911/sinks/lorepack-genai-logs",
            "name": "lorepack-genai-logs",
            "project": "gemini-hack-487911",
            "unique_writer_identity": true,
            "writer_identity": ""
          },
          "sensitive_attributes": [],
          "identity_schema_version": 0,
          "private": "bnVsbA==",
          "dependencies": [
            "google_logging_project_bucket_config.genai_telemetry_bucket",
            "google_project_service.cicd_services",
            "google_project_service.deploy_project_services"
          ]
        },
        {
          "index_key": "staging",
          "schema_version": 0,
          "attributes": {
            "bigquery_options": [],
            "custom_writer_identity": null,
            "description": "",
            "destination": "logging.googleapis.com/projects/gemini-hack-487911/locations/asia-east1/buckets/lorepack-genai-telemetry",
            "disabled": false,
            "exclusions": [],
            "filter": "log_name=\"projects/gemini-hack-487911/logs/gen_ai.client.inference.operation.details\" AND (labels.\"gen_ai.input.messages_ref\" =~ \".*lorepack.*\" OR labels.\"gen_ai.output.messages_ref\" =~ \".*lorepack.*\")",
            "id": "projects/gemini-hack-487911/sinks/lorepack-genai-logs",
            "name": "lorepack-genai-logs",
            "project": "gemini-hack-487911",
            "unique_writer_identity": true,
            "writer_identity": ""
          },
          "sensitive_attributes": [],
          "identity_schema_version": 0,
          "private": "eyJzY2hlbWFfdmVyc2lvbiI6IjAifQ==",
          "dependencies": [
            "google_logging_project_bucket_config.genai_telemetry_bucket",
            "google_project_service.cicd_services",
            "google_project_service.deploy_project_services"
          ]
        }
      ]
    },
    {
      "mode": "managed",
      "type": "google_project_iam_member",
      "name": "app_sa_roles",
      "provider": "provider[\"registry.terraform.io/hashicorp/google\"]",
      "instances": [
        {
          "index_key": "prod,roles/aiplatform.user",
          "schema_version": 0,
          "attributes": {
            "condition": [],
            "etag": "BwZLqPtDolU=",
            "id": "gemini-hack-487911/roles/aiplatform.user/serviceAccount:lorepack-app@gemini-hack-487911.iam.gserviceaccount.com",
            "member": "serviceAccount:lorepack-app@gemini-hack-487911.iam.gserviceaccount.com",
            "project": "gemini-hack-487911",
            "role": "roles/aiplatform.user"
          },
          "sensitive_attributes": [],
          "identity_schema_version": 0,
          "private": "bnVsbA==",
          "dependencies": [
            "google_project_service.cicd_services",
            "google_project_service.deploy_project_services",
            "google_service_account.app_sa"
          ]
        },
        {
          "index_key": "prod,roles/cloudtrace.agent",
          "schema_version": 0,
          "attributes": {
            "condition": [],
            "etag": "BwZLqPtDolU=",
            "id": "gemini-hack-487911/roles/cloudtrace.agent/serviceAccount:lorepack-app@gemini-hack-487911.iam.gserviceaccount.com",
            "member": "serviceAccount:lorepack-app@gemini-hack-487911.iam.gserviceaccount.com",
            "project": "gemini-hack-487911",
            "role": "roles/cloudtrace.agent"
          },
          "sensitive_attributes": [],
          "identity_schema_version": 0,
          "private": "bnVsbA==",
          "dependencies": [
            "google_project_service.cicd_services",
            "google_project_service.deploy_project_services",
            "google_service_account.app_sa"
          ]
        },
        {
          "index_key": "prod,roles/discoveryengine.editor",
          "schema_version": 0,
          "attributes": {
            "condition": [],
            "etag": "BwZLqPtDolU=",
            "id": "gemini-hack-487911/roles/discoveryengine.editor/serviceAccount:lorepack-app@gemini-hack-487911.iam.gserviceaccount.com",
            "member": "serviceAccount:lorepack-app@gemini-hack-487911.iam.gserviceaccount.com",
            "project": "gemini-hack-487911",
            "role": "roles/discoveryengine.editor"
          },
          "sensitive_attributes": [],
          "identity_schema_version": 0,
          "private": "bnVsbA==",
          "dependencies": [
            "google_project_service.cicd_services",
            "google_project_service.deploy_project_services",
            "google_service_account.app_sa"
          ]
        },
        {
          "index_key": "prod,roles/logging.logWriter",
          "schema_version": 0,
          "attributes": {
            "condition": [],
            "etag": "BwZLqPtDolU=",
            "id": "gemini-hack-487911/roles/logging.logWriter/serviceAccount:lorepack-app@gemini-hack-487911.iam.gserviceaccount.com",
            "member": "serviceAccount:lorepack-app@gemini-hack-487911.iam.gserviceaccount.com",
            "project": "gemini-hack-487911",
            "role": "roles/logging.logWriter"
          },
          "sensitive_attributes": [],
          "identity_schema_version": 0,
          "private": "bnVsbA==",
          "dependencies": [
            "google_project_service.cicd_services",
            "google_project_service.deploy_project_services",
            "google_service_account.app_sa"
          ]
        },
        {
          "index_key": "prod,roles/serviceusage.serviceUsageConsumer",
          "schema_version": 0,
          "attributes": {
            "condition": [],
            "etag": "BwZLqPtDolU=",
            "id": "gemini-hack-487911/roles/serviceusage.serviceUsageConsumer/serviceAccount:lorepack-app@gemini-hack-487911.iam.gserviceaccount.com",
            "member": "serviceAccount:lorepack-app@gemini-hack-487911.iam.gserviceaccount.com",
            "project": "gemini-hack-487911",
            "role": "roles/serviceusage.serviceUsageConsumer"
          },
          "sensitive_attributes": [],
          "identity_schema_version": 0,
          "private": "bnVsbA==",
          "dependencies": [
            "google_project_service.cicd_services",
            "google_project_service.deploy_project_services",
            "google_service_account.app_sa"
          ]
        },
        {
          "index_key": "prod,roles/storage.admin",
          "schema_version": 0,
          "attributes": {
            "condition": [],
            "etag": "BwZLqPtDolU=",
            "id": "gemini-hack-487911/roles/storage.admin/serviceAccount:lorepack-app@gemini-hack-487911.iam.gserviceaccount.com",
            "member": "serviceAccount:lorepack-app@gemini-hack-487911.iam.gserviceaccount.com",
            "project": "gemini-hack-487911",
            "role": "roles/storage.admin"
          },
          "sensitive_attributes": [],
          "identity_schema_version": 0,
          "private": "bnVsbA==",
          "dependencies": [
            "google_project_service.cicd_services",
            "google_project_service.deploy_project_services",
            "google_service_account.app_sa"
          ]
        },
        {
          "index_key": "staging,roles/aiplatform.user",
          "schema_version": 0,
          "attributes": {
            "condition": [],
            "etag": "BwZLqPtDolU=",
            "id": "gemini-hack-487911/roles/aiplatform.user/serviceAccount:lorepack-app@gemini-hack-487911.iam.gserviceaccount.com",
            "member": "serviceAccount:lorepack-app@gemini-hack-487911.iam.gserviceaccount.com",
            "project": "gemini-hack-487911",
            "role": "roles/aiplatform.user"
          },
          "sensitive_attributes": [],
          "identity_schema_version": 0,
          "private": "bnVsbA==",
          "dependencies": [
            "google_project_service.cicd_services",
            "google_project_service.deploy_project_services",
            "google_service_account.app_sa"
          ]
        },
        {
          "index_key": "staging,roles/cloudtrace.agent",
          "schema_version": 0,
          "attributes": {
            "condition": [],
            "etag": "BwZLqPtDolU=",
            "id": "gemini-hack-487911/roles/cloudtrace.agent/serviceAccount:lorepack-app@gemini-hack-487911.iam.gserviceaccount.com",
            "member": "serviceAccount:lorepack-app@gemini-hack-487911.iam.gserviceaccount.com",
            "project": "gemini-hack-487911",
            "role": "roles/cloudtrace.agent"
          },
          "sensitive_attributes": [],
          "identity_schema_version": 0,
          "private": "bnVsbA==",
          "dependencies": [
            "google_project_service.cicd_services",
            "google_project_service.deploy_project_services",
            "google_service_account.app_sa"
          ]
        },
        {
          "index_key": "staging,roles/discoveryengine.editor",
          "schema_version": 0,
          "attributes": {
            "condition": [],
            "etag": "BwZLqPtDolU=",
            "id": "gemini-hack-487911/roles/discoveryengine.editor/serviceAccount:lorepack-app@gemini-hack-487911.iam.gserviceaccount.com",
            "member": "serviceAccount:lorepack-app@gemini-hack-487911.iam.gserviceaccount.com",
            "project": "gemini-hack-487911",
            "role": "roles/discoveryengine.editor"
          },
          "sensitive_attributes": [],
          "identity_schema_version": 0,
          "private": "bnVsbA==",
          "dependencies": [
            "google_project_service.cicd_services",
            "google_project_service.deploy_project_services",
            "google_service_account.app_sa"
          ]
        },
        {
          "index_key": "staging,roles/logging.logWriter",
          "schema_version": 0,
          "attributes": {
            "condition": [],
            "etag": "BwZLqPtDolU=",
            "id": "gemini-hack-487911/roles/logging.logWriter/serviceAccount:lorepack-app@gemini-hack-487911.iam.gserviceaccount.com",
            "member": "serviceAccount:lorepack-app@gemini-hack-487911.iam.gserviceaccount.com",
            "project": "gemini-hack-487911",
            "role": "roles/logging.logWriter"
          },
          "sensitive_attributes": [],
          "identity_schema_version": 0,
          "private": "bnVsbA==",
          "dependencies": [
            "google_project_service.cicd_services",
            "google_project_service.deploy_project_services",
            "google_service_account.app_sa"
          ]
        },
        {
          "index_key": "staging,roles/serviceusage.serviceUsageConsumer",
          "schema_version": 0,
          "attributes": {
            "condition": [],
            "etag": "BwZLqPtDolU=",
            "id": "gemini-hack-487911/roles/serviceusage.serviceUsageConsumer/serviceAccount:lorepack-app@gemini-hack-487911.iam.gserviceaccount.com",
            "member": "serviceAccount:lorepack-app@gemini-hack-487911.iam.gserviceaccount.com",
            "project": "gemini-hack-487911",
            "role": "roles/serviceusage.serviceUsageConsumer"
          },
          "sensitive_attributes": [],
          "identity_schema_version": 0,
          "private": "bnVsbA==",
          "dependencies": [
            "google_project_service.cicd_services",
            "google_project_service.deploy_project_services",
            "google_service_account.app_sa"
          ]
        },
        {
          "index_key": "staging,roles/storage.admin",
          "schema_version": 0,
          "attributes": {
            "condition": [],
            "etag": "BwZLqPtDolU=",
            "id": "gemini-hack-487911/roles/storage.admin/serviceAccount:lorepack-app@gemini-hack-487911.iam.gserviceaccount.com",
            "member": "serviceAccount:lorepack-app@gemini-hack-487911.iam.gserviceaccount.com",
            "project": "gemini-hack-487911",
            "role": "roles/storage.admin"
          },
          "sensitive_attributes": [],
          "identity_schema_version": 0,
          "private": "bnVsbA==",
          "dependencies": [
            "google_project_service.cicd_services",
            "google_project_service.deploy_project_services",
            "google_service_account.app_sa"
          ]
        }
      ]
    },
    {
      "mode": "managed",
      "type": "google_project_iam_member",
      "name": "cicd_project_roles",
      "provider": "provider[\"registry.terraform.io/hashicorp/google\"]",
      "instances": [
        {
          "index_key": "roles/aiplatform.user",
          "schema_version": 0,
          "attributes": {
            "condition": [],
            "etag": "BwZLqPtDolU=",
            "id": "gemini-hack-487911/roles/aiplatform.user/serviceAccount:lorepack-cb@gemini-hack-487911.iam.gserviceaccount.com",
            "member": "serviceAccount:lorepack-cb@gemini-hack-487911.iam.gserviceaccount.com",
            "project": "gemini-hack-487911",
            "role": "roles/aiplatform.user"
          },
          "sensitive_attributes": [],
          "identity_schema_version": 0,
          "private": "bnVsbA==",
          "dependencies": [
            "google_project_service.cicd_services",
            "google_project_service.deploy_project_services",
            "google_service_account.cicd_runner_sa"
          ]
        },
        {
          "index_key": "roles/artifactregistry.writer",
          "schema_version": 0,
          "attributes": {
            "condition": [],
            "etag": "BwZLqPtDolU=",
            "id": "gemini-hack-487911/roles/artifactregistry.writer/serviceAccount:lorepack-cb@gemini-hack-487911.iam.gserviceaccount.com",
            "member": "serviceAccount:lorepack-cb@gemini-hack-487911.iam.gserviceaccount.com",
            "project": "gemini-hack-487911",
            "role": "roles/artifactregistry.writer"
          },
          "sensitive_attributes": [],
          "identity_schema_version": 0,
          "private": "bnVsbA==",
          "dependencies": [
            "google_project_service.cicd_services",
            "google_project_service.deploy_project_services",
            "google_service_account.cicd_runner_sa"
          ]
        },
        {
          "index_key": "roles/cloudbuild.builds.builder",
          "schema_version": 0,
          "attributes": {
            "condition": [],
            "etag": "BwZLqPtDolU=",
            "id": "gemini-hack-487911/roles/cloudbuild.builds.builder/serviceAccount:lorepack-cb@gemini-hack-487911.iam.gserviceaccount.com",
            "member": "serviceAccount:lorepack-cb@gemini-hack-487911.iam.gserviceaccount.com",
            "project": "gemini-hack-487911",
            "role": "roles/cloudbuild.builds.builder"
          },
          "sensitive_attributes": [],
          "identity_schema_version": 0,
          "private": "bnVsbA==",
          "dependencies": [
            "google_project_service.cicd_services",
            "google_project_service.deploy_project_services",
            "google_service_account.cicd_runner_sa"
          ]
        },
        {
          "index_key": "roles/cloudtrace.agent",
          "schema_version": 0,
          "attributes": {
            "condition": [],
            "etag": "BwZLqPtDolU=",
            "id": "gemini-hack-487911/roles/cloudtrace.agent/serviceAccount:lorepack-cb@gemini-hack-487911.iam.gserviceaccount.com",
            "member": "serviceAccount:lorepack-cb@gemini-hack-487911.iam.gserviceaccount.com",
            "project": "gemini-hack-487911",
            "role": "roles/cloudtrace.agent"
          },
          "sensitive_attributes": [],
          "identity_schema_version": 0,
          "private": "bnVsbA==",
          "dependencies": [
            "google_project_service.cicd_services",
            "google_project_service.deploy_project_services",
            "google_service_account.cicd_runner_sa"
          ]
        },
        {
          "index_key": "roles/discoveryengine.editor",
          "schema_version": 0,
          "attributes": {
            "condition": [],
            "etag": "BwZLqPtDolU=",
            "id": "gemini-hack-487911/roles/discoveryengine.editor/serviceAccount:lorepack-cb@gemini-hack-487911.iam.gserviceaccount.com",
            "member": "serviceAccount:lorepack-cb@gemini-hack-487911.iam.gserviceaccount.com",
            "project": "gemini-hack-487911",
            "role": "roles/discoveryengine.editor"
          },
          "sensitive_attributes": [],
          "identity_schema_version": 0,
          "private": "bnVsbA==",
          "dependencies": [
            "google_project_service.cicd_services",
            "google_project_service.deploy_project_services",
            "google_service_account.cicd_runner_sa"
          ]
        },
        {
          "index_key": "roles/logging.logWriter",
          "schema_version": 0,
          "attributes": {
            "condition": [],
            "etag": "BwZLqPtDolU=",
            "id": "gemini-hack-487911/roles/logging.logWriter/serviceAccount:lorepack-cb@gemini-hack-487911.iam.gserviceaccount.com",
            "member": "serviceAccount:lorepack-cb@gemini-hack-487911.iam.gserviceaccount.com",
            "project": "gemini-hack-487911",
            "role": "roles/logging.logWriter"
          },
          "sensitive_attributes": [],
          "identity_schema_version": 0,
          "private": "bnVsbA==",
          "dependencies": [
            "google_project_service.cicd_services",
            "google_project_service.deploy_project_services",
            "google_service_account.cicd_runner_sa"
          ]
        },
        {
          "index_key": "roles/storage.admin",
          "schema_version": 0,
          "attributes": {
            "condition": [],
            "etag": "BwZLqPtDolU=",
            "id": "gemini-hack-487911/roles/storage.admin/serviceAccount:lorepack-cb@gemini-hack-487911.iam.gserviceaccount.com",
            "member": "serviceAccount:lorepack-cb@gemini-hack-487911.iam.gserviceaccount.com",
            "project": "gemini-hack-487911",
            "role": "roles/storage.admin"
          },
          "sensitive_attributes": [],
          "identity_schema_version": 0,
          "private": "bnVsbA==",
          "dependencies": [
            "google_project_service.cicd_services",
            "google_project_service.deploy_project_services",
            "google_service_account.cicd_runner_sa"
          ]
        }
      ]
    },
    {
      "mode": "managed",
      "type": "google_project_iam_member",
      "name": "other_projects_roles",
      "provider": "provider[\"registry.terraform.io/hashicorp/google\"]",
      "instances": [
        {
          "index_key": "prod-roles/aiplatform.user",
          "schema_version": 0,
          "attributes": {
            "condition": [],
            "etag": "BwZLqPtDolU=",
            "id": "gemini-hack-487911/roles/aiplatform.user/serviceAccount:lorepack-cb@gemini-hack-487911.iam.gserviceaccount.com",
            "member": "serviceAccount:lorepack-cb@gemini-hack-487911.iam.gserviceaccount.com",
            "project": "gemini-hack-487911",
            "role": "roles/aiplatform.user"
          },
          "sensitive_attributes": [],
          "identity_schema_version": 0,
          "private": "bnVsbA==",
          "dependencies": [
            "google_project_service.cicd_services",
            "google_project_service.deploy_project_services",
            "google_service_account.cicd_runner_sa"
          ]
        },
        {
          "index_key": "prod-roles/artifactregistry.writer",
          "schema_version": 0,
          "attributes": {
            "condition": [],
            "etag": "BwZLqPtDolU=",
            "id": "gemini-hack-487911/roles/artifactregistry.writer/serviceAccount:lorepack-cb@gemini-hack-487911.iam.gserviceaccount.com",
            "member": "serviceAccount:lorepack-cb@gemini-hack-487911.iam.gserviceaccount.com",
            "project": "gemini-hack-487911",
            "role": "roles/artifactregistry.writer"
          },
          "sensitive_attributes": [],
          "identity_schema_version": 0,
          "private": "bnVsbA==",
          "dependencies": [
            "google_project_service.cicd_services",
            "google_project_service.deploy_project_services",
            "google_service_account.cicd_runner_sa"
          ]
        },
        {
          "index_key": "prod-roles/firebasehosting.admin",
          "schema_version": 0,
          "attributes": {
            "condition": [],
            "etag": "BwZLqPtDolU=",
            "id": "gemini-hack-487911/roles/firebasehosting.admin/serviceAccount:lorepack-cb@gemini-hack-487911.iam.gserviceaccount.com",
            "member": "serviceAccount:lorepack-cb@gemini-hack-487911.iam.gserviceaccount.com",
            "project": "gemini-hack-487911",
            "role": "roles/firebasehosting.admin"
          },
          "sensitive_attributes": [],
          "identity_schema_version": 0,
          "private": "bnVsbA==",
          "dependencies": [
            "google_project_service.cicd_services",
            "google_project_service.deploy_project_services",
            "google_service_account.cicd_runner_sa"
          ]
        },
        {
          "index_key": "prod-roles/iam.serviceAccountUser",
          "schema_version": 0,
          "attributes": {
            "condition": [],
            "etag": "BwZLqPtDolU=",
            "id": "gemini-hack-487911/roles/iam.serviceAccountUser/serviceAccount:lorepack-cb@gemini-hack-487911.iam.gserviceaccount.com",
            "member": "serviceAccount:lorepack-cb@gemini-hack-487911.iam.gserviceaccount.com",
            "project": "gemini-hack-487911",
            "role": "roles/iam.serviceAccountUser"
          },
          "sensitive_attributes": [],
          "identity_schema_version": 0,
          "private": "bnVsbA==",
          "dependencies": [
            "google_project_service.cicd_services",
            "google_project_service.deploy_project_services",
            "google_service_account.cicd_runner_sa"
          ]
        },
        {
          "index_key": "prod-roles/run.admin",
          "schema_version": 0,
          "attributes": {
            "condition": [],
            "etag": "BwZLqPtDolU=",
            "id": "gemini-hack-487911/roles/run.admin/serviceAccount:lorepack-cb@gemini-hack-487911.iam.gserviceaccount.com",
            "member": "serviceAccount:lorepack-cb@gemini-hack-487911.iam.gserviceaccount.com",
            "project": "gemini-hack-487911",
            "role": "roles/run.admin"
          },
          "sensitive_attributes": [],
          "identity_schema_version": 0,
          "private": "bnVsbA==",
          "dependencies": [
            "google_project_service.cicd_services",
            "google_project_service.deploy_project_services",
            "google_service_account.cicd_runner_sa"
          ]
        },
        {
          "index_key": "prod-roles/storage.admin",
          "schema_version": 0,
          "attributes": {
            "condition": [],
            "etag": "BwZLqPtDolU=",
            "id": "gemini-hack-487911/roles/storage.admin/serviceAccount:lorepack-cb@gemini-hack-487911.iam.gserviceaccount.com",
            "member": "serviceAccount:lorepack-cb@gemini-hack-487911.iam.gserviceaccount.com",
            "project": "gemini-hack-487911",
            "role": "roles/storage.admin"
          },
          "sensitive_attributes": [],
          "identity_schema_version": 0,
          "private": "bnVsbA==",
          "dependencies": [
            "google_project_service.cicd_services",
            "google_project_service.deploy_project_services",
            "google_service_account.cicd_runner_sa"
          ]
        },
        {
          "index_key": "staging-roles/aiplatform.user",
          "schema_version": 0,
          "attributes": {
            "condition": [],
            "etag": "BwZLqPtDolU=",
            "id": "gemini-hack-487911/roles/aiplatform.user/serviceAccount:lorepack-cb@gemini-hack-487911.iam.gserviceaccount.com",
            "member": "serviceAccount:lorepack-cb@gemini-hack-487911.iam.gserviceaccount.com",
            "project": "gemini-hack-487911",
            "role": "roles/aiplatform.user"
          },
          "sensitive_attributes": [],
          "identity_schema_version": 0,
          "private": "bnVsbA==",
          "dependencies": [
            "google_project_service.cicd_services",
            "google_project_service.deploy_project_services",
            "google_service_account.cicd_runner_sa"
          ]
        },
        {
          "index_key": "staging-roles/artifactregistry.writer",
          "schema_version": 0,
          "attributes": {
            "condition": [],
            "etag": "BwZLqPtDolU=",
            "id": "gemini-hack-487911/roles/artifactregistry.writer/serviceAccount:lorepack-cb@gemini-hack-487911.iam.gserviceaccount.com",
            "member": "serviceAccount:lorepack-cb@gemini-hack-487911.iam.gserviceaccount.com",
            "project": "gemini-hack-487911",
            "role": "roles/artifactregistry.writer"
          },
          "sensitive_attributes": [],
          "identity_schema_version": 0,
          "private": "bnVsbA==",
          "dependencies": [
            "google_project_service.cicd_services",
            "google_project_service.deploy_project_services",
            "google_service_account.cicd_runner_sa"
          ]
        },
        {
          "index_key": "staging-roles/firebasehosting.admin",
          "schema_version": 0,
          "attributes": {
            "condition": [],
            "etag": "BwZLqPtDolU=",
            "id": "gemini-hack-487911/roles/firebasehosting.admin/serviceAccount:lorepack-cb@gemini-hack-487911.iam.gserviceaccount.com",
            "member": "serviceAccount:lorepack-cb@gemini-hack-487911.iam.gserviceaccount.com",
            "project": "gemini-hack-487911",
            "role": "roles/firebasehosting.admin"
          },
          "sensitive_attributes": [],
          "identity_schema_version": 0,
          "private": "bnVsbA==",
          "dependencies": [
            "google_project_service.cicd_services",
            "google_project_service.deploy_project_services",
            "google_service_account.cicd_runner_sa"
          ]
        },
        {
          "index_key": "staging-roles/iam.serviceAccountUser",
          "schema_version": 0,
          "attributes": {
            "condition": [],
            "etag": "BwZLqPtDolU=",
            "id": "gemini-hack-487911/roles/iam.serviceAccountUser/serviceAccount:lorepack-cb@gemini-hack-487911.iam.gserviceaccount.com",
            "member": "serviceAccount:lorepack-cb@gemini-hack-487911.iam.gserviceaccount.com",
            "project": "gemini-hack-487911",
            "role": "roles/iam.serviceAccountUser"
          },
          "sensitive_attributes": [],
          "identity_schema_version": 0,
          "private": "bnVsbA==",
          "dependencies": [
            "google_project_service.cicd_services",
            "google_project_service.deploy_project_services",
            "google_service_account.cicd_runner_sa"
          ]
        },
        {
          "index_key": "staging-roles/run.admin",
          "schema_version": 0,
          "attributes": {
            "condition": [],
            "etag": "BwZLqPtDolU=",
            "id": "gemini-hack-487911/roles/run.admin/serviceAccount:lorepack-cb@gemini-hack-487911.iam.gserviceaccount.com",
            "member": "serviceAccount:lorepack-cb@gemini-hack-487911.iam.gserviceaccount.com",
            "project": "gemini-hack-487911",
            "role": "roles/run.admin"
          },
          "sensitive_attributes": [],
          "identity_schema_version": 0,
          "private": "bnVsbA==",
          "dependencies": [
            "google_project_service.cicd_services",
            "google_project_service.deploy_project_services",
            "google_service_account.cicd_runner_sa"
          ]
        },
        {
          "index_key": "staging-roles/storage.admin",
          "schema_version": 0,
          "attributes": {
            "condition": [],
            "etag": "BwZLqPtDolU=",
            "id": "gemini-hack-487911/roles/storage.admin/serviceAccount:lorepack-cb@gemini-hack-487911.iam.gserviceaccount.com",
            "member": "serviceAccount:lorepack-cb@gemini-hack-487911.iam.gserviceaccount.com",
            "project": "gemini-hack-487911",
            "role": "roles/storage.admin"
          },
          "sensitive_attributes": [],
          "identity_schema_version": 0,
          "private": "bnVsbA==",
          "dependencies": [
            "google_project_service.cicd_services",
            "google_project_service.deploy_project_services",
            "google_service_account.cicd_runner_sa"
          ]
        }
      ]
    },
    {
      "mode": "managed",
      "type": "google_project_service",
      "name": "cicd_cloud_resource_manager_api",
      "provider": "provider[\"registry.terraform.io/hashicorp/google\"]",
      "instances": [
        {
          "schema_version": 0,
          "attributes": {
            "disable_dependent_services": null,
            "disable_on_destroy": false,
            "id": "gemini-hack-487911/cloudresourcemanager.googleapis.com",
            "project": "gemini-hack-487911",
            "service": "cloudresourcemanager.googleapis.com",
            "timeouts": null
          },
          "sensitive_attributes": [],
          "identity_schema_version": 0,
          "private": "eyJlMmJmYjczMC1lY2FhLTExZTYtOGY4OC0zNDM2M2JjN2M0YzAiOnsiY3JlYXRlIjoxMjAwMDAwMDAwMDAwLCJkZWxldGUiOjEyMDAwMDAwMDAwMDAsInJlYWQiOjYwMDAwMDAwMDAwMCwidXBkYXRlIjoxMjAwMDAwMDAwMDAwfX0="
        }
      ]
    },
    {
      "mode": "managed",
      "type": "google_project_service",
      "name": "cicd_services",
      "provider": "provider[\"registry.terraform.io/hashicorp/google\"]",
      "instances": [
        {
          "index_key": 0,
          "schema_version": 0,
          "attributes": {
            "disable_dependent_services": null,
            "disable_on_destroy": false,
            "id": "gemini-hack-487911/cloudbuild.googleapis.com",
            "project": "gemini-hack-487911",
            "service": "cloudbuild.googleapis.com",
            "timeouts": null
          },
          "sensitive_attributes": [],
          "identity_schema_version": 0,
          "private": "eyJlMmJmYjczMC1lY2FhLTExZTYtOGY4OC0zNDM2M2JjN2M0YzAiOnsiY3JlYXRlIjoxMjAwMDAwMDAwMDAwLCJkZWxldGUiOjEyMDAwMDAwMDAwMDAsInJlYWQiOjYwMDAwMDAwMDAwMCwidXBkYXRlIjoxMjAwMDAwMDAwMDAwfX0="
        },
        {
          "index_key": 1,
          "schema_version": 0,
          "attributes": {
            "disable_dependent_services": null,
            "disable_on_destroy": false,
            "id": "gemini-hack-487911/discoveryengine.googleapis.com",
            "project": "gemini-hack-487911",
            "service": "discoveryengine.googleapis.com",
            "timeouts": null
          },
          "sensitive_attributes": [],
          "identity_schema_version": 0,
          "private": "eyJlMmJmYjczMC1lY2FhLTExZTYtOGY4OC0zNDM2M2JjN2M0YzAiOnsiY3JlYXRlIjoxMjAwMDAwMDAwMDAwLCJkZWxldGUiOjEyMDAwMDAwMDAwMDAsInJlYWQiOjYwMDAwMDAwMDAwMCwidXBkYXRlIjoxMjAwMDAwMDAwMDAwfX0="
        },
        {
          "index_key": 2,
          "schema_version": 0,
          "attributes": {
            "disable_dependent_services": null,
            "disable_on_destroy": false,
            "id": "gemini-hack-487911/aiplatform.googleapis.com",
            "project": "gemini-hack-487911",
            "service": "aiplatform.googleapis.com",
            "timeouts": null
          },
          "sensitive_attributes": [],
          "identity_schema_version": 0,
          "private": "eyJlMmJmYjczMC1lY2FhLTExZTYtOGY4OC0zNDM2M2JjN2M0YzAiOnsiY3JlYXRlIjoxMjAwMDAwMDAwMDAwLCJkZWxldGUiOjEyMDAwMDAwMDAwMDAsInJlYWQiOjYwMDAwMDAwMDAwMCwidXBkYXRlIjoxMjAwMDAwMDAwMDAwfX0="
        },
        {
          "index_key": 3,
          "schema_version": 0,
          "attributes": {
            "disable_dependent_services": null,
            "disable_on_destroy": false,
            "id": "gemini-hack-487911/serviceusage.googleapis.com",
            "project": "gemini-hack-487911",
            "service": "serviceusage.googleapis.com",
            "timeouts": null
          },
          "sensitive_attributes": [],
          "identity_schema_version": 0,
          "private": "eyJlMmJmYjczMC1lY2FhLTExZTYtOGY4OC0zNDM2M2JjN2M0YzAiOnsiY3JlYXRlIjoxMjAwMDAwMDAwMDAwLCJkZWxldGUiOjEyMDAwMDAwMDAwMDAsInJlYWQiOjYwMDAwMDAwMDAwMCwidXBkYXRlIjoxMjAwMDAwMDAwMDAwfX0="
        },
        {
          "index_key": 4,
          "schema_version": 0,
          "attributes": {
            "disable_dependent_services": null,
            "disable_on_destroy": false,
            "id": "gemini-hack-487911/bigquery.googleapis.com",
            "project": "gemini-hack-487911",
            "service": "bigquery.googleapis.com",
            "timeouts": null
          },
          "sensitive_attributes": [],
          "identity_schema_version": 0,
          "private": "eyJlMmJmYjczMC1lY2FhLTExZTYtOGY4OC0zNDM2M2JjN2M0YzAiOnsiY3JlYXRlIjoxMjAwMDAwMDAwMDAwLCJkZWxldGUiOjEyMDAwMDAwMDAwMDAsInJlYWQiOjYwMDAwMDAwMDAwMCwidXBkYXRlIjoxMjAwMDAwMDAwMDAwfX0="
        },
        {
          "index_key": 5,
          "schema_version": 0,
          "attributes": {
            "disable_dependent_services": null,
            "disable_on_destroy": false,
            "id": "gemini-hack-487911/cloudresourcemanager.googleapis.com",
            "project": "gemini-hack-487911",
            "service": "cloudresourcemanager.googleapis.com",
            "timeouts": null
          },
          "sensitive_attributes": [],
          "identity_schema_version": 0,
          "private": "eyJlMmJmYjczMC1lY2FhLTExZTYtOGY4OC0zNDM2M2JjN2M0YzAiOnsiY3JlYXRlIjoxMjAwMDAwMDAwMDAwLCJkZWxldGUiOjEyMDAwMDAwMDAwMDAsInJlYWQiOjYwMDAwMDAwMDAwMCwidXBkYXRlIjoxMjAwMDAwMDAwMDAwfX0="
        },
        {
          "index_key": 6,
          "schema_version": 0,
          "attributes": {
            "disable_dependent_services": null,
            "disable_on_destroy": false,
            "id": "gemini-hack-487911/cloudtrace.googleapis.com",
            "project": "gemini-hack-487911",
            "service": "cloudtrace.googleapis.com",
            "timeouts": null
          },
          "sensitive_attributes": [],
          "identity_schema_version": 0,
          "private": "eyJlMmJmYjczMC1lY2FhLTExZTYtOGY4OC0zNDM2M2JjN2M0YzAiOnsiY3JlYXRlIjoxMjAwMDAwMDAwMDAwLCJkZWxldGUiOjEyMDAwMDAwMDAwMDAsInJlYWQiOjYwMDAwMDAwMDAwMCwidXBkYXRlIjoxMjAwMDAwMDAwMDAwfX0="
        },
        {
          "index_key": 7,
          "schema_version": 0,
          "attributes": {
            "disable_dependent_services": null,
            "disable_on_destroy": false,
            "id": "gemini-hack-487911/telemetry.googleapis.com",
            "project": "gemini-hack-487911",
            "service": "telemetry.googleapis.com",
            "timeouts": null
          },
          "sensitive_attributes": [],
          "identity_schema_version": 0,
          "private": "eyJlMmJmYjczMC1lY2FhLTExZTYtOGY4OC0zNDM2M2JjN2M0YzAiOnsiY3JlYXRlIjoxMjAwMDAwMDAwMDAwLCJkZWxldGUiOjEyMDAwMDAwMDAwMDAsInJlYWQiOjYwMDAwMDAwMDAwMCwidXBkYXRlIjoxMjAwMDAwMDAwMDAwfX0="
        }
      ]
    },
    {
      "mode": "managed",
      "type": "google_project_service",
      "name": "deploy_project_services",
      "provider": "provider[\"registry.terraform.io/hashicorp/google\"]",
      "instances": [
        {
          "index_key": "prod_aiplatform_googleapis_com",
          "schema_version": 0,
          "attributes": {
            "disable_dependent_services": null,
            "disable_on_destroy": false,
            "id": "gemini-hack-487911/aiplatform.googleapis.com",
            "project": "gemini-hack-487911",
            "service": "aiplatform.googleapis.com",
            "timeouts": null
          },
          "sensitive_attributes": [],
          "identity_schema_version": 0,
          "private": "eyJlMmJmYjczMC1lY2FhLTExZTYtOGY4OC0zNDM2M2JjN2M0YzAiOnsiY3JlYXRlIjoxMjAwMDAwMDAwMDAwLCJkZWxldGUiOjEyMDAwMDAwMDAwMDAsInJlYWQiOjYwMDAwMDAwMDAwMCwidXBkYXRlIjoxMjAwMDAwMDAwMDAwfX0="
        },
        {
          "index_key": "prod_artifactregistry_googleapis_com",
          "schema_version": 0,
          "attributes": {
            "disable_dependent_services": null,
            "disable_on_destroy": false,
            "id": "gemini-hack-487911/artifactregistry.googleapis.com",
            "project": "gemini-hack-487911",
            "service": "artifactregistry.googleapis.com",
            "timeouts": null
          },
          "sensitive_attributes": [],
          "identity_schema_version": 0,
          "private": "eyJlMmJmYjczMC1lY2FhLTExZTYtOGY4OC0zNDM2M2JjN2M0YzAiOnsiY3JlYXRlIjoxMjAwMDAwMDAwMDAwLCJkZWxldGUiOjEyMDAwMDAwMDAwMDAsInJlYWQiOjYwMDAwMDAwMDAwMCwidXBkYXRlIjoxMjAwMDAwMDAwMDAwfX0="
        },
        {
          "index_key": "prod_bigquery_googleapis_com",
          "schema_version": 0,
          "attributes": {
            "disable_dependent_services": null,
            "disable_on_destroy": false,
            "id": "gemini-hack-487911/bigquery.googleapis.com",
            "project": "gemini-hack-487911",
            "service": "bigquery.googleapis.com",
            "timeouts": null
          },
          "sensitive_attributes": [],
          "identity_schema_version": 0,
          "private": "eyJlMmJmYjczMC1lY2FhLTExZTYtOGY4OC0zNDM2M2JjN2M0YzAiOnsiY3JlYXRlIjoxMjAwMDAwMDAwMDAwLCJkZWxldGUiOjEyMDAwMDAwMDAwMDAsInJlYWQiOjYwMDAwMDAwMDAwMCwidXBkYXRlIjoxMjAwMDAwMDAwMDAwfX0="
        },
        {
          "index_key": "prod_cloudresourcemanager_googleapis_com",
          "schema_version": 0,
          "attributes": {
            "disable_dependent_services": null,
            "disable_on_destroy": false,
            "id": "gemini-hack-487911/cloudresourcemanager.googleapis.com",
            "project": "gemini-hack-487911",
            "service": "cloudresourcemanager.googleapis.com",
            "timeouts": null
          },
          "sensitive_attributes": [],
          "identity_schema_version": 0,
          "private": "eyJlMmJmYjczMC1lY2FhLTExZTYtOGY4OC0zNDM2M2JjN2M0YzAiOnsiY3JlYXRlIjoxMjAwMDAwMDAwMDAwLCJkZWxldGUiOjEyMDAwMDAwMDAwMDAsInJlYWQiOjYwMDAwMDAwMDAwMCwidXBkYXRlIjoxMjAwMDAwMDAwMDAwfX0="
        },
        {
          "index_key": "prod_cloudtrace_googleapis_com",
          "schema_version": 0,
          "attributes": {
            "disable_dependent_services": null,
            "disable_on_destroy": false,
            "id": "gemini-hack-487911/cloudtrace.googleapis.com",
            "project": "gemini-hack-487911",
            "service": "cloudtrace.googleapis.com",
            "timeouts": null
          },
          "sensitive_attributes": [],
          "identity_schema_version": 0,
          "private": "eyJlMmJmYjczMC1lY2FhLTExZTYtOGY4OC0zNDM2M2JjN2M0YzAiOnsiY3JlYXRlIjoxMjAwMDAwMDAwMDAwLCJkZWxldGUiOjEyMDAwMDAwMDAwMDAsInJlYWQiOjYwMDAwMDAwMDAwMCwidXBkYXRlIjoxMjAwMDAwMDAwMDAwfX0="
        },
        {
          "index_key": "prod_discoveryengine_googleapis_com",
          "schema_version": 0,
          "attributes": {
            "disable_dependent_services": null,
            "disable_on_destroy": false,
            "id": "gemini-hack-487911/discoveryengine.googleapis.com",
            "project": "gemini-hack-487911",
            "service": "discoveryengine.googleapis.com",
            "timeouts": null
          },
          "sensitive_attributes": [],
          "identity_schema_version": 0,
          "private": "eyJlMmJmYjczMC1lY2FhLTExZTYtOGY4OC0zNDM2M2JjN2M0YzAiOnsiY3JlYXRlIjoxMjAwMDAwMDAwMDAwLCJkZWxldGUiOjEyMDAwMDAwMDAwMDAsInJlYWQiOjYwMDAwMDAwMDAwMCwidXBkYXRlIjoxMjAwMDAwMDAwMDAwfX0="
        },
        {
          "index_key": "prod_iam_googleapis_com",
          "schema_version": 0,
          "attributes": {
            "disable_dependent_services": null,
            "disable_on_destroy": false,
            "id": "gemini-hack-487911/iam.googleapis.com",
            "project": "gemini-hack-487911",
            "service": "iam.googleapis.com",
            "timeouts": null
          },
          "sensitive_attributes": [],
          "identity_schema_version": 0,
          "private": "eyJlMmJmYjczMC1lY2FhLTExZTYtOGY4OC0zNDM2M2JjN2M0YzAiOnsiY3JlYXRlIjoxMjAwMDAwMDAwMDAwLCJkZWxldGUiOjEyMDAwMDAwMDAwMDAsInJlYWQiOjYwMDAwMDAwMDAwMCwidXBkYXRlIjoxMjAwMDAwMDAwMDAwfX0="
        },
        {
          "index_key": "prod_logging_googleapis_com",
          "schema_version": 0,
          "attributes": {
            "disable_dependent_services": null,
            "disable_on_destroy": false,
            "id": "gemini-hack-487911/logging.googleapis.com",
            "project": "gemini-hack-487911",
            "service": "logging.googleapis.com",
            "timeouts": null
          },
          "sensitive_attributes": [],
          "identity_schema_version": 0,
          "private": "eyJlMmJmYjczMC1lY2FhLTExZTYtOGY4OC0zNDM2M2JjN2M0YzAiOnsiY3JlYXRlIjoxMjAwMDAwMDAwMDAwLCJkZWxldGUiOjEyMDAwMDAwMDAwMDAsInJlYWQiOjYwMDAwMDAwMDAwMCwidXBkYXRlIjoxMjAwMDAwMDAwMDAwfX0="
        },
        {
          "index_key": "prod_run_googleapis_com",
          "schema_version": 0,
          "attributes": {
            "disable_dependent_services": null,
            "disable_on_destroy": false,
            "id": "gemini-hack-487911/run.googleapis.com",
            "project": "gemini-hack-487911",
            "service": "run.googleapis.com",
            "timeouts": null
          },
          "sensitive_attributes": [],
          "identity_schema_version": 0,
          "private": "eyJlMmJmYjczMC1lY2FhLTExZTYtOGY4OC0zNDM2M2JjN2M0YzAiOnsiY3JlYXRlIjoxMjAwMDAwMDAwMDAwLCJkZWxldGUiOjEyMDAwMDAwMDAwMDAsInJlYWQiOjYwMDAwMDAwMDAwMCwidXBkYXRlIjoxMjAwMDAwMDAwMDAwfX0="
        },
        {
          "index_key": "prod_serviceusage_googleapis_com",
          "schema_version": 0,
          "attributes": {
            "disable_dependent_services": null,
            "disable_on_destroy": false,
            "id": "gemini-hack-487911/serviceusage.googleapis.com",
            "project": "gemini-hack-487911",
            "service": "serviceusage.googleapis.com",
            "timeouts": null
          },
          "sensitive_attributes": [],
          "identity_schema_version": 0,
          "private": "eyJlMmJmYjczMC1lY2FhLTExZTYtOGY4OC0zNDM2M2JjN2M0YzAiOnsiY3JlYXRlIjoxMjAwMDAwMDAwMDAwLCJkZWxldGUiOjEyMDAwMDAwMDAwMDAsInJlYWQiOjYwMDAwMDAwMDAwMCwidXBkYXRlIjoxMjAwMDAwMDAwMDAwfX0="
        },
        {
          "index_key": "prod_telemetry_googleapis_com",
          "schema_version": 0,
          "attributes": {
            "disable_dependent_services": null,
            "disable_on_destroy": false,
            "id": "gemini-hack-487911/telemetry.googleapis.com",
            "project": "gemini-hack-487911",
            "service": "telemetry.googleapis.com",
            "timeouts": null
          },
          "sensitive_attributes": [],
          "identity_schema_version": 0,
          "private": "eyJlMmJmYjczMC1lY2FhLTExZTYtOGY4OC0zNDM2M2JjN2M0YzAiOnsiY3JlYXRlIjoxMjAwMDAwMDAwMDAwLCJkZWxldGUiOjEyMDAwMDAwMDAwMDAsInJlYWQiOjYwMDAwMDAwMDAwMCwidXBkYXRlIjoxMjAwMDAwMDAwMDAwfX0="
        },
        {
          "index_key": "staging_aiplatform_googleapis_com",
          "schema_version": 0,
          "attributes": {
            "disable_dependent_services": null,
            "disable_on_destroy": false,
            "id": "gemini-hack-487911/aiplatform.googleapis.com",
            "project": "gemini-hack-487911",
            "service": "aiplatform.googleapis.com",
            "timeouts": null
          },
          "sensitive_attributes": [],
          "identity_schema_version": 0,
          "private": "eyJlMmJmYjczMC1lY2FhLTExZTYtOGY4OC0zNDM2M2JjN2M0YzAiOnsiY3JlYXRlIjoxMjAwMDAwMDAwMDAwLCJkZWxldGUiOjEyMDAwMDAwMDAwMDAsInJlYWQiOjYwMDAwMDAwMDAwMCwidXBkYXRlIjoxMjAwMDAwMDAwMDAwfX0="
        },
        {
          "index_key": "staging_artifactregistry_googleapis_com",
          "schema_version": 0,
          "attributes": {
            "disable_dependent_services": null,
            "disable_on_destroy": false,
            "id": "gemini-hack-487911/artifactregistry.googleapis.com",
            "project": "gemini-hack-487911",
            "service": "artifactregistry.googleapis.com",
            "timeouts": null
          },
          "sensitive_attributes": [],
          "identity_schema_version": 0,
          "private": "eyJlMmJmYjczMC1lY2FhLTExZTYtOGY4OC0zNDM2M2JjN2M0YzAiOnsiY3JlYXRlIjoxMjAwMDAwMDAwMDAwLCJkZWxldGUiOjEyMDAwMDAwMDAwMDAsInJlYWQiOjYwMDAwMDAwMDAwMCwidXBkYXRlIjoxMjAwMDAwMDAwMDAwfX0="
        },
        {
          "index_key": "staging_bigquery_googleapis_com",
          "schema_version": 0,
          "attributes": {
            "disable_dependent_services": null,
            "disable_on_destroy": false,
            "id": "gemini-hack-487911/bigquery.googleapis.com",
            "project": "gemini-hack-487911",
            "service": "bigquery.googleapis.com",
            "timeouts": null
          },
          "sensitive_attributes": [],
          "identity_schema_version": 0,
          "private": "eyJlMmJmYjczMC1lY2FhLTExZTYtOGY4OC0zNDM2M2JjN2M0YzAiOnsiY3JlYXRlIjoxMjAwMDAwMDAwMDAwLCJkZWxldGUiOjEyMDAwMDAwMDAwMDAsInJlYWQiOjYwMDAwMDAwMDAwMCwidXBkYXRlIjoxMjAwMDAwMDAwMDAwfX0="
        },
        {
          "index_key": "staging_cloudresourcemanager_googleapis_com",
          "schema_version": 0,
          "attributes": {
            "disable_dependent_services": null,
            "disable_on_destroy": false,
            "id": "gemini-hack-487911/cloudresourcemanager.googleapis.com",
            "project": "gemini-hack-487911",
            "service": "cloudresourcemanager.googleapis.com",
            "timeouts": null
          },
          "sensitive_attributes": [],
          "identity_schema_version": 0,
          "private": "eyJlMmJmYjczMC1lY2FhLTExZTYtOGY4OC0zNDM2M2JjN2M0YzAiOnsiY3JlYXRlIjoxMjAwMDAwMDAwMDAwLCJkZWxldGUiOjEyMDAwMDAwMDAwMDAsInJlYWQiOjYwMDAwMDAwMDAwMCwidXBkYXRlIjoxMjAwMDAwMDAwMDAwfX0="
        },
        {
          "index_key": "staging_cloudtrace_googleapis_com",
          "schema_version": 0,
          "attributes": {
            "disable_dependent_services": null,
            "disable_on_destroy": false,
            "id": "gemini-hack-487911/cloudtrace.googleapis.com",
            "project": "gemini-hack-487911",
            "service": "cloudtrace.googleapis.com",
            "timeouts": null
          },
          "sensitive_attributes": [],
          "identity_schema_version": 0,
          "private": "eyJlMmJmYjczMC1lY2FhLTExZTYtOGY4OC0zNDM2M2JjN2M0YzAiOnsiY3JlYXRlIjoxMjAwMDAwMDAwMDAwLCJkZWxldGUiOjEyMDAwMDAwMDAwMDAsInJlYWQiOjYwMDAwMDAwMDAwMCwidXBkYXRlIjoxMjAwMDAwMDAwMDAwfX0="
        },
        {
          "index_key": "staging_discoveryengine_googleapis_com",
          "schema_version": 0,
          "attributes": {
            "disable_dependent_services": null,
            "disable_on_destroy": false,
            "id": "gemini-hack-487911/discoveryengine.googleapis.com",
            "project": "gemini-hack-487911",
            "service": "discoveryengine.googleapis.com",
            "timeouts": null
          },
          "sensitive_attributes": [],
          "identity_schema_version": 0,
          "private": "eyJlMmJmYjczMC1lY2FhLTExZTYtOGY4OC0zNDM2M2JjN2M0YzAiOnsiY3JlYXRlIjoxMjAwMDAwMDAwMDAwLCJkZWxldGUiOjEyMDAwMDAwMDAwMDAsInJlYWQiOjYwMDAwMDAwMDAwMCwidXBkYXRlIjoxMjAwMDAwMDAwMDAwfX0="
        },
        {
          "index_key": "staging_iam_googleapis_com",
          "schema_version": 0,
          "attributes": {
            "disable_dependent_services": null,
            "disable_on_destroy": false,
            "id": "gemini-hack-487911/iam.googleapis.com",
            "project": "gemini-hack-487911",
            "service": "iam.googleapis.com",
            "timeouts": null
          },
          "sensitive_attributes": [],
          "identity_schema_version": 0,
          "private": "eyJlMmJmYjczMC1lY2FhLTExZTYtOGY4OC0zNDM2M2JjN2M0YzAiOnsiY3JlYXRlIjoxMjAwMDAwMDAwMDAwLCJkZWxldGUiOjEyMDAwMDAwMDAwMDAsInJlYWQiOjYwMDAwMDAwMDAwMCwidXBkYXRlIjoxMjAwMDAwMDAwMDAwfX0="
        },
        {
          "index_key": "staging_logging_googleapis_com",
          "schema_version": 0,
          "attributes": {
            "disable_dependent_services": null,
            "disable_on_destroy": false,
            "id": "gemini-hack-487911/logging.googleapis.com",
            "project": "gemini-hack-487911",
            "service": "logging.googleapis.com",
            "timeouts": null
          },
          "sensitive_attributes": [],
          "identity_schema_version": 0,
          "private": "eyJlMmJmYjczMC1lY2FhLTExZTYtOGY4OC0zNDM2M2JjN2M0YzAiOnsiY3JlYXRlIjoxMjAwMDAwMDAwMDAwLCJkZWxldGUiOjEyMDAwMDAwMDAwMDAsInJlYWQiOjYwMDAwMDAwMDAwMCwidXBkYXRlIjoxMjAwMDAwMDAwMDAwfX0="
        },
        {
          "index_key": "staging_run_googleapis_com",
          "schema_version": 0,
          "attributes": {
            "disable_dependent_services": null,
            "disable_on_destroy": false,
            "id": "gemini-hack-487911/run.googleapis.com",
            "project": "gemini-hack-487911",
            "service": "run.googleapis.com",
            "timeouts": null
          },
          "sensitive_attributes": [],
          "identity_schema_version": 0,
          "private": "eyJlMmJmYjczMC1lY2FhLTExZTYtOGY4OC0zNDM2M2JjN2M0YzAiOnsiY3JlYXRlIjoxMjAwMDAwMDAwMDAwLCJkZWxldGUiOjEyMDAwMDAwMDAwMDAsInJlYWQiOjYwMDAwMDAwMDAwMCwidXBkYXRlIjoxMjAwMDAwMDAwMDAwfX0="
        },
        {
          "index_key": "staging_serviceusage_googleapis_com",
          "schema_version": 0,
          "attributes": {
            "disable_dependent_services": null,
            "disable_on_destroy": false,
            "id": "gemini-hack-487911/serviceusage.googleapis.com",
            "project": "gemini-hack-487911",
            "service": "serviceusage.googleapis.com",
            "timeouts": null
          },
          "sensitive_attributes": [],
          "identity_schema_version": 0,
          "private": "eyJlMmJmYjczMC1lY2FhLTExZTYtOGY4OC0zNDM2M2JjN2M0YzAiOnsiY3JlYXRlIjoxMjAwMDAwMDAwMDAwLCJkZWxldGUiOjEyMDAwMDAwMDAwMDAsInJlYWQiOjYwMDAwMDAwMDAwMCwidXBkYXRlIjoxMjAwMDAwMDAwMDAwfX0="
        },
        {
          "index_key": "staging_telemetry_googleapis_com",
          "schema_version": 0,
          "attributes": {
            "disable_dependent_services": null,
            "disable_on_destroy": false,
            "id": "gemini-hack-487911/telemetry.googleapis.com",
            "project": "gemini-hack-487911",
            "service": "telemetry.googleapis.com",
            "timeouts": null
          },
          "sensitive_attributes": [],
          "identity_schema_version": 0,
          "private": "eyJlMmJmYjczMC1lY2FhLTExZTYtOGY4OC0zNDM2M2JjN2M0YzAiOnsiY3JlYXRlIjoxMjAwMDAwMDAwMDAwLCJkZWxldGUiOjEyMDAwMDAwMDAwMDAsInJlYWQiOjYwMDAwMDAwMDAwMCwidXBkYXRlIjoxMjAwMDAwMDAwMDAwfX0="
        }
      ]
    },
    {
      "mode": "managed",
      "type": "google_service_account",
      "name": "app_sa",
      "provider": "provider[\"registry.terraform.io/hashicorp/google\"]",
      "instances": [
        {
          "index_key": "prod",
          "schema_version": 0,
          "attributes": {
            "account_id": "lorepack-app",
            "create_ignore_already_exists": null,
            "description": "",
            "disabled": false,
            "display_name": "lorepack Agent Service Account",
            "email": "lorepack-app@gemini-hack-487911.iam.gserviceaccount.com",
            "id": "projects/gemini-hack-487911/serviceAccounts/lorepack-app@gemini-hack-487911.iam.gserviceaccount.com",
            "member": "serviceAccount:lorepack-app@gemini-hack-487911.iam.gserviceaccount.com",
            "name": "projects/gemini-hack-487911/serviceAccounts/lorepack-app@gemini-hack-487911.iam.gserviceaccount.com",
            "project": "gemini-hack-487911",
            "timeouts": null,
            "unique_id": "110014034316949748495"
          },
          "sensitive_attributes": [],
          "identity_schema_version": 0,
          "private": "eyJlMmJmYjczMC1lY2FhLTExZTYtOGY4OC0zNDM2M2JjN2M0YzAiOnsiY3JlYXRlIjozMDAwMDAwMDAwMDB9fQ==",
          "dependencies": [
            "google_project_service.cicd_services",
            "google_project_service.deploy_project_services"
          ]
        },
        {
          "index_key": "staging",
          "schema_version": 0,
          "attributes": {
            "account_id": "lorepack-app",
            "create_ignore_already_exists": null,
            "description": "",
            "disabled": false,
            "display_name": "lorepack Agent Service Account",
            "email": "lorepack-app@gemini-hack-487911.iam.gserviceaccount.com",
            "id": "projects/gemini-hack-487911/serviceAccounts/lorepack-app@gemini-hack-487911.iam.gserviceaccount.com",
            "member": "serviceAccount:lorepack-app@gemini-hack-487911.iam.gserviceaccount.com",
            "name": "projects/gemini-hack-487911/serviceAccounts/lorepack-app@gemini-hack-487911.iam.gserviceaccount.com",
            "project": "gemini-hack-487911",
            "timeouts": null,
            "unique_id": "110014034316949748495"
          },
          "sensitive_attributes": [],
          "identity_schema_version": 0,
          "private": "eyJlMmJmYjczMC1lY2FhLTExZTYtOGY4OC0zNDM2M2JjN2M0YzAiOnsiY3JlYXRlIjozMDAwMDAwMDAwMDB9LCJzY2hlbWFfdmVyc2lvbiI6IjAifQ==",
          "dependencies": [
            "google_project_service.cicd_services",
            "google_project_service.deploy_project_services"
          ]
        }
      ]
    },
    {
      "mode": "managed",
      "type": "google_service_account",
      "name": "cicd_runner_sa",
      "provider": "provider[\"registry.terraform.io/hashicorp/google\"]",
      "instances": [
        {
          "schema_version": 0,
          "attributes": {
            "account_id": "lorepack-cb",
            "create_ignore_already_exists": null,
            "description": "",
            "disabled": false,
            "display_name": "CICD Runner SA",
            "email": "lorepack-cb@gemini-hack-487911.iam.gserviceaccount.com",
            "id": "projects/gemini-hack-487911/serviceAccounts/lorepack-cb@gemini-hack-487911.iam.gserviceaccount.com",
            "member": "serviceAccount:lorepack-cb@gemini-hack-487911.iam.gserviceaccount.com",
            "name": "projects/gemini-hack-487911/serviceAccounts/lorepack-cb@gemini-hack-487911.iam.gserviceaccount.com",
            "project": "gemini-hack-487911",
            "timeouts": null,
            "unique_id": "102841131267093131988"
          },
          "sensitive_attributes": [],
          "identity_schema_version": 0,
          "private": "eyJlMmJmYjczMC1lY2FhLTExZTYtOGY4OC0zNDM2M2JjN2M0YzAiOnsiY3JlYXRlIjozMDAwMDAwMDAwMDB9fQ==",
          "dependencies": [
            "google_project_service.cicd_services",
            "google_project_service.deploy_project_services"
          ]
        }
      ]
    },
    {
      "mode": "managed",
      "type": "google_service_account_iam_member",
      "name": "cicd_run_invoker_account_user",
      "provider": "provider[\"registry.terraform.io/hashicorp/google\"]",
      "instances": [
        {
          "schema_version": 0,
          "attributes": {
            "condition": [],
            "etag": "BwZLqEl59rE=",
            "id": "projects/gemini-hack-487911/serviceAccounts/lorepack-cb@gemini-hack-487911.iam.gserviceaccount.com/roles/iam.serviceAccountUser/serviceAccount:lorepack-cb@gemini-hack-487911.iam.gserviceaccount.com",
            "member": "serviceAccount:lorepack-cb@gemini-hack-487911.iam.gserviceaccount.com",
            "role": "roles/iam.serviceAccountUser",
            "service_account_id": "projects/gemini-hack-487911/serviceAccounts/lorepack-cb@gemini-hack-487911.iam.gserviceaccount.com"
          },
          "sensitive_attributes": [],
          "identity_schema_version": 0,
          "private": "bnVsbA==",
          "dependencies": [
            "google_project_service.cicd_services",
            "google_project_service.deploy_project_services",
            "google_service_account.cicd_runner_sa"
          ]
        }
      ]
    },
    {
      "mode": "managed",
      "type": "google_service_account_iam_member",
      "name": "cicd_run_invoker_token_creator",
      "provider": "provider[\"registry.terraform.io/hashicorp/google\"]",
      "instances": [
        {
          "schema_version": 0,
          "attributes": {
            "condition": [],
            "etag": "BwZLqEl59rE=",
            "id": "projects/gemini-hack-487911/serviceAccounts/lorepack-cb@gemini-hack-487911.iam.gserviceaccount.com/roles/iam.serviceAccountTokenCreator/serviceAccount:lorepack-cb@gemini-hack-487911.iam.gserviceaccount.com",
            "member": "serviceAccount:lorepack-cb@gemini-hack-487911.iam.gserviceaccount.com",
            "role": "roles/iam.serviceAccountTokenCreator",
            "service_account_id": "projects/gemini-hack-487911/serviceAccounts/lorepack-cb@gemini-hack-487911.iam.gserviceaccount.com"
          },
          "sensitive_attributes": [],
          "identity_schema_version": 0,
          "private": "bnVsbA==",
          "dependencies": [
            "google_project_service.cicd_services",
            "google_project_service.deploy_project_services",
            "google_service_account.cicd_runner_sa"
          ]
        }
      ]
    },
    {
      "mode": "managed",
      "type": "google_service_account_iam_member",
      "name": "github_oidc_access",
      "provider": "provider[\"registry.terraform.io/hashicorp/google\"]",
      "instances": [
        {
          "schema_version": 0,
          "attributes": {
            "condition": [],
            "etag": "BwZLqEl59rE=",
            "id": "projects/gemini-hack-487911/serviceAccounts/lorepack-cb@gemini-hack-487911.iam.gserviceaccount.com/roles/iam.workloadIdentityUser/principalSet://iam.googleapis.com/projects/532146354338/locations/global/workloadIdentityPools/lorepack-pool/attribute.repository/KCL1104/LorePack",
            "member": "principalSet://iam.googleapis.com/projects/532146354338/locations/global/workloadIdentityPools/lorepack-pool/attribute.repository/KCL1104/LorePack",
            "role": "roles/iam.workloadIdentityUser",
            "service_account_id": "projects/gemini-hack-487911/serviceAccounts/lorepack-cb@gemini-hack-487911.iam.gserviceaccount.com"
          },
          "sensitive_attributes": [],
          "identity_schema_version": 0,
          "private": "bnVsbA==",
          "dependencies": [
            "data.google_project.cicd_project",
            "google_iam_workload_identity_pool.github_pool",
            "google_project_service.cicd_services",
            "google_project_service.deploy_project_services",
            "google_service_account.cicd_runner_sa"
          ]
        }
      ]
    },
    {
      "mode": "managed",
      "type": "google_service_account_iam_member",
      "name": "github_sa_impersonation",
      "provider": "provider[\"registry.terraform.io/hashicorp/google\"]",
      "instances": [
        {
          "schema_version": 0,
          "attributes": {
            "condition": [],
            "etag": "BwZLqEl59rE=",
            "id": "projects/gemini-hack-487911/serviceAccounts/lorepack-cb@gemini-hack-487911.iam.gserviceaccount.com/roles/iam.serviceAccountTokenCreator/principalSet://iam.googleapis.com/projects/532146354338/locations/global/workloadIdentityPools/lorepack-pool/attribute.repository/KCL1104/LorePack",
            "member": "principalSet://iam.googleapis.com/projects/532146354338/locations/global/workloadIdentityPools/lorepack-pool/attribute.repository/KCL1104/LorePack",
            "role": "roles/iam.serviceAccountTokenCreator",
            "service_account_id": "projects/gemini-hack-487911/serviceAccounts/lorepack-cb@gemini-hack-487911.iam.gserviceaccount.com"
          },
          "sensitive_attributes": [],
          "identity_schema_version": 0,
          "private": "bnVsbA==",
          "dependencies": [
            "data.google_project.cicd_project",
            "google_iam_workload_identity_pool.github_pool",
            "google_project_service.cicd_services",
            "google_project_service.deploy_project_services",
            "google_service_account.cicd_runner_sa"
          ]
        }
      ]
    },
    {
      "mode": "managed",
      "type": "google_storage_bucket",
      "name": "logs_data_bucket",
      "provider": "provider[\"registry.terraform.io/hashicorp/google\"]",
      "instances": [
        {
          "index_key": "gemini-hack-487911",
          "schema_version": 4,
          "attributes": {
            "autoclass": [],
            "cors": [],
            "custom_placement_config": [],
            "default_event_based_hold": false,
            "effective_labels": {
              "goog-terraform-provisioned": "true"
            },
            "enable_object_retention": false,
            "encryption": [],
            "force_destroy": true,
            "hierarchical_namespace": [
              {
                "enabled": false
              }
            ],
            "id": "gemini-hack-487911-lorepack-logs",
            "ip_filter": [],
            "labels": {},
            "lifecycle_rule": [],
            "location": "ASIA-EAST1",
            "logging": [],
            "name": "gemini-hack-487911-lorepack-logs",
            "project": "gemini-hack-487911",
            "project_number": 532146354338,
            "public_access_prevention": "inherited",
            "requester_pays": false,
            "retention_policy": [],
            "rpo": null,
            "self_link": "https://www.googleapis.com/storage/v1/b/gemini-hack-487911-lorepack-logs",
            "soft_delete_policy": [
              {
                "effective_time": "2026-02-25T16:13:13.450Z",
                "retention_duration_seconds": 604800
              }
            ],
            "storage_class": "STANDARD",
            "terraform_labels": {
              "goog-terraform-provisioned": "true"
            },
            "time_created": "2026-02-25T16:13:13.450Z",
            "timeouts": null,
            "uniform_bucket_level_access": true,
            "updated": "2026-02-25T17:03:23.220Z",
            "url": "gs://gemini-hack-487911-lorepack-logs",
            "versioning": [],
            "website": []
          },
          "sensitive_attributes": [],
          "identity_schema_version": 0,
          "private": "eyJlMmJmYjczMC1lY2FhLTExZTYtOGY4OC0zNDM2M2JjN2M0YzAiOnsiY3JlYXRlIjo2MDAwMDAwMDAwMDAsInJlYWQiOjI0MDAwMDAwMDAwMCwidXBkYXRlIjoyNDAwMDAwMDAwMDB9LCJzY2hlbWFfdmVyc2lvbiI6IjQifQ==",
          "dependencies": [
            "google_project_service.cicd_services",
            "google_project_service.deploy_project_services"
          ]
        }
      ]
    },
    {
      "mode": "managed",
      "type": "google_storage_bucket_iam_member",
      "name": "telemetry_connection_access",
      "provider": "provider[\"registry.terraform.io/hashicorp/google\"]",
      "instances": [
        {
          "index_key": "prod",
          "schema_version": 0,
          "attributes": {
            "bucket": "b/gemini-hack-487911-lorepack-logs",
            "condition": [],
            "etag": "CAM=",
            "id": "b/gemini-hack-487911-lorepack-logs/roles/storage.objectViewer/serviceAccount:bqcx-532146354338-aiyz@gcp-sa-bigquery-condel.iam.gserviceaccount.com",
            "member": "serviceAccount:bqcx-532146354338-aiyz@gcp-sa-bigquery-condel.iam.gserviceaccount.com",
            "role": "roles/storage.objectViewer",
            "timeouts": null
          },
          "sensitive_attributes": [],
          "identity_schema_version": 0,
          "private": "eyJlMmJmYjczMC1lY2FhLTExZTYtOGY4OC0zNDM2M2JjN2M0YzAiOnsiY3JlYXRlIjoxMjAwMDAwMDAwMDAwfX0=",
          "dependencies": [
            "google_bigquery_connection.genai_telemetry_connection",
            "google_project_service.cicd_services",
            "google_project_service.deploy_project_services",
            "google_storage_bucket.logs_data_bucket",
            "time_sleep.wait_for_bq_connection_sa"
          ]
        },
        {
          "index_key": "staging",
          "schema_version": 0,
          "attributes": {
            "bucket": "b/gemini-hack-487911-lorepack-logs",
            "condition": [],
            "etag": "CAM=",
            "id": "b/gemini-hack-487911-lorepack-logs/roles/storage.objectViewer/serviceAccount:bqcx-532146354338-aiyz@gcp-sa-bigquery-condel.iam.gserviceaccount.com",
            "member": "serviceAccount:bqcx-532146354338-aiyz@gcp-sa-bigquery-condel.iam.gserviceaccount.com",
            "role": "roles/storage.objectViewer",
            "timeouts": null
          },
          "sensitive_attributes": [],
          "identity_schema_version": 0,
          "private": "eyJlMmJmYjczMC1lY2FhLTExZTYtOGY4OC0zNDM2M2JjN2M0YzAiOnsiY3JlYXRlIjoxMjAwMDAwMDAwMDAwfX0=",
          "dependencies": [
            "google_bigquery_connection.genai_telemetry_connection",
            "google_project_service.cicd_services",
            "google_project_service.deploy_project_services",
            "google_storage_bucket.logs_data_bucket",
            "time_sleep.wait_for_bq_connection_sa"
          ]
        }
      ]
    },
    {
      "mode": "managed",
      "type": "google_vertex_ai_reasoning_engine",
      "name": "app",
      "provider": "provider[\"registry.terraform.io/hashicorp/google\"]",
      "instances": [
        {
          "index_key": "prod",
          "schema_version": 0,
          "attributes": {
            "create_time": "2026-02-25T17:03:14.755131Z",
            "description": "Agent deployed via Terraform",
            "display_name": "lorepack",
            "encryption_spec": [],
            "id": "projects/gemini-hack-487911/locations/asia-east1/reasoningEngines/2021113478084820992",
            "name": "2021113478084820992",
            "project": "gemini-hack-487911",
            "region": "asia-east1",
            "spec": [
              {
                "agent_framework": "google-adk",
                "class_methods": "",
                "deployment_spec": [
                  {
                    "container_concurrency": 9,
                    "env": [
                      {
                        "name": "GOOGLE_CLOUD_AGENT_ENGINE_ENABLE_TELEMETRY",
                        "value": "true"
                      },
                      {
                        "name": "LOGS_BUCKET_NAME",
                        "value": "gemini-hack-487911-lorepack-logs"
                      },
                      {
                        "name": "OTEL_INSTRUMENTATION_GENAI_CAPTURE_MESSAGE_CONTENT",
                        "value": "true"
                      }
                    ],
                    "max_instances": 10,
                    "min_instances": 1,
                    "resource_limits": {
                      "cpu": "4",
                      "memory": "8Gi"
                    },
                    "secret_env": []
                  }
                ],
                "package_spec": [],
                "service_account": "lorepack-app@gemini-hack-487911.iam.gserviceaccount.com",
                "source_code_spec": [
                  {
                    "inline_source": [
                      {
                        "source_archive": "H4sIAJZMO2kAA+2c3W7bNhiG1QLDMO94Oya8g7bYwogUJdkFfOClARqgw7I0CFoMm8FZTCxEf5XlNDncXey817Db2dnuY9SPY0dOImuTOED+HsRJLFM2RfH7Xr2k6GN+/VpwR8T7eIK1dtB13TZNpNkZKH0uWf6VyBeJSYhlMdM2CNIJs4itoeuW6nOHxTzhsayK8Fw+F9PpzL2/3MeZEN4j73P3oFAbVW0DYqKF64wI0YembfUMHfmJ64sRsS2TDQ2bEsx0YpiE0mHv/64s0DjtRf2KZfwzYtmyo23EP2VGKf6pZcj411uvmbbz8a999vXn2lNN+4FP0Y9v0TtUkG7TvpAPKh8f5CN9/mm7txyfnp4U/6Z7/CEfX5aKPFlt/2oa+phHkSdwFIdXIuDBVGhPnmqf/g5+/fP8r98bOEjgIY5v9X+6iGMRJI4bN/0ZVfpPqV2Kf4tR0H8l1NJ/00Zvjr4fnxy8Pjo7xNc8SWJ8X/SOxj8djcNvzxbv4jPfCA97bIjeyp3evH9sp7WQhysNVeD99j+jSv/TJyX9Z7apIbP9qu18/OP94zUHKGOyhc+o9n9sef4tIgvqxDRsyP9KKOV/Oryb/wfWEMuopWxgUUjKHQS3FvUravi/Iv4NRnXwf0oA/7fTrOt/W3mg2v9ZZf0nlgH6r4I6+g/2r3vgNOpb9oA1/N9S/6lpgf9TQX7+1z3gZOIGbjKZ4Oimoc+Q7WGlTbLV/J/F5Pm3TUuH/K+CqvE/NsCEGYRZhsUgLXePPP7biPoVy/jfav4vi38Z/uD/1AD+b6cp638beaBK/+/M/+X6bzAG+q+CWvoPBrBz5PHfpvpX67++Gv9Z6r9hUdB/FXyDXi18/wbxCxEkKOLTS/kfhN/OsOn/s54wEcGFG4h0aui/54Qa/j8f/6GEwvyvGir0Pxv/NYfyAgD8fydZ+v/mo35FDf9fjP/aBoH7f9UA/n+nKet/G3mghv9f6r8O879qqKX/4P87Rx7/bap/tf7brDz/axOdgf6roN/v5wMA42wA4DDrAkh2AXQexigdFXK5h05FHHO5wUeOiLzwxpdlca93OnPnKPL4VMxCT6oHkk9jkW1w0G836OBo/+AVitxINm4g5oifJ2L1ptNY8MQNA9yTlej1zuPQRxdheCGzAncucdYn58j1ozBO8urlZa5EnIhr7uL1Xrsq6FyOo6jXywc0RvmOz3vpNY0fOsIb9S+EL6uwR7G+d+7x+az/XfZqwGXa6ztpY+RXw8V2N5gn8WKa1nTUfx8uEI9lA9057Kw4RidiHoWBgz66yewlepa1jvy5p2zRjLKVrly+al2Mjj0he2HxMkpmQranbKp8p7Rs1qT4mazbi+IYiwZIDzU79OfZ1lH2+0VlIr3H/0fRZJG43ryxPqZvv/7XktKfXf/bMP+vhCr9H1pYnp/BYGDD+t8ucuv/G4/6FXqN+7/z+DcZgfl/NYD/32k2/H8LeaBK/9f9f6H/MgOA/quglv6D/+8chf9fRn0rd4JX6b++dv93of+Uwf3fSiif/3UniGPxYeHGInX7c5xcJ//yM6rGfzf8nxQEG/K/ErbK/zob6owNICt3j3L8Nxf1K6rGfzf8n/xFYPxXDeD/dppH9L+xPFCl/xv+j1JY/6WIWvoP/q9zbOh/4+q/xf3fFi3Fvy77Iui/CvIJ172pFy6cPe5GHk/Smcifs+nDvWJu9ZdeUYw7lxCaneIx/9/UqpAa/j9f/0EJ6L8itlj/Re0Bo4wS+AKwDrLp/9v7/oft13/bsP5bFeD/d5qH9b+5PFDD/y/1H9Z/K6KW/oP/7xzl+G/z+x8e9P8G3fj+BxPWfynhdv33sgfAGnAAAICd4B8tnTeQAG4AAA=="
                      }
                    ],
                    "python_spec": [
                      {
                        "entrypoint_module": "app.agent_engine_app",
                        "entrypoint_object": "agent_engine",
                        "requirements_file": "app/app_utils/.requirements.txt",
                        "version": "3.13"
                      }
                    ]
                  }
                ]
              }
            ],
            "timeouts": null,
            "update_time": "2026-02-25T17:06:46.910598Z"
          },
          "sensitive_attributes": [],
          "identity_schema_version": 0,
          "private": "eyJlMmJmYjczMC1lY2FhLTExZTYtOGY4OC0zNDM2M2JjN2M0YzAiOnsiY3JlYXRlIjoxMjAwMDAwMDAwMDAwLCJkZWxldGUiOjM2MDAwMDAwMDAwMDAsInVwZGF0ZSI6MTIwMDAwMDAwMDAwMH19",
          "dependencies": [
            "data.google_storage_bucket_object_content.dummy_source_b64",
            "google_project_service.cicd_services",
            "google_project_service.deploy_project_services",
            "google_service_account.app_sa",
            "google_storage_bucket.logs_data_bucket"
          ]
        },
        {
          "index_key": "staging",
          "schema_version": 0,
          "attributes": {
            "create_time": "2026-02-25T17:02:30.171085Z",
            "description": "Agent deployed via Terraform",
            "display_name": "lorepack",
            "encryption_spec": [],
            "id": "projects/gemini-hack-487911/locations/asia-east1/reasoningEngines/3506738405163663360",
            "name": "3506738405163663360",
            "project": "gemini-hack-487911",
            "region": "asia-east1",
            "spec": [
              {
                "agent_framework": "google-adk",
                "class_methods": "",
                "deployment_spec": [
                  {
                    "container_concurrency": 9,
                    "env": [
                      {
                        "name": "GOOGLE_CLOUD_AGENT_ENGINE_ENABLE_TELEMETRY",
                        "value": "true"
                      },
                      {
                        "name": "LOGS_BUCKET_NAME",
                        "value": "gemini-hack-487911-lorepack-logs"
                      },
                      {
                        "name": "OTEL_INSTRUMENTATION_GENAI_CAPTURE_MESSAGE_CONTENT",
                        "value": "true"
                      }
                    ],
                    "max_instances": 10,
                    "min_instances": 1,
                    "resource_limits": {
                      "cpu": "4",
                      "memory": "8Gi"
                    },
                    "secret_env": []
                  }
                ],
                "package_spec": [],
                "service_account": "lorepack-app@gemini-hack-487911.iam.gserviceaccount.com",
                "source_code_spec": [
                  {
                    "inline_source": [
                      {
                        "source_archive": "H4sIAJZMO2kAA+2c3W7bNhiG1QLDMO94Oya8g7bYwogUJdkFfOClARqgw7I0CFoMm8FZTCxEf5XlNDncXey817Db2dnuY9SPY0dOImuTOED+HsRJLFM2RfH7Xr2k6GN+/VpwR8T7eIK1dtB13TZNpNkZKH0uWf6VyBeJSYhlMdM2CNIJs4itoeuW6nOHxTzhsayK8Fw+F9PpzL2/3MeZEN4j73P3oFAbVW0DYqKF64wI0YembfUMHfmJ64sRsS2TDQ2bEsx0YpiE0mHv/64s0DjtRf2KZfwzYtmyo23EP2VGKf6pZcj411uvmbbz8a999vXn2lNN+4FP0Y9v0TtUkG7TvpAPKh8f5CN9/mm7txyfnp4U/6Z7/CEfX5aKPFlt/2oa+phHkSdwFIdXIuDBVGhPnmqf/g5+/fP8r98bOEjgIY5v9X+6iGMRJI4bN/0ZVfpPqV2Kf4tR0H8l1NJ/00Zvjr4fnxy8Pjo7xNc8SWJ8X/SOxj8djcNvzxbv4jPfCA97bIjeyp3evH9sp7WQhysNVeD99j+jSv/TJyX9Z7apIbP9qu18/OP94zUHKGOyhc+o9n9sef4tIgvqxDRsyP9KKOV/Oryb/wfWEMuopWxgUUjKHQS3FvUravi/Iv4NRnXwf0oA/7fTrOt/W3mg2v9ZZf0nlgH6r4I6+g/2r3vgNOpb9oA1/N9S/6lpgf9TQX7+1z3gZOIGbjKZ4Oimoc+Q7WGlTbLV/J/F5Pm3TUuH/K+CqvE/NsCEGYRZhsUgLXePPP7biPoVy/jfav4vi38Z/uD/1AD+b6cp638beaBK/+/M/+X6bzAG+q+CWvoPBrBz5PHfpvpX67++Gv9Z6r9hUdB/FXyDXi18/wbxCxEkKOLTS/kfhN/OsOn/s54wEcGFG4h0aui/54Qa/j8f/6GEwvyvGir0Pxv/NYfyAgD8fydZ+v/mo35FDf9fjP/aBoH7f9UA/n+nKet/G3mghv9f6r8O879qqKX/4P87Rx7/bap/tf7brDz/axOdgf6roN/v5wMA42wA4DDrAkh2AXQexigdFXK5h05FHHO5wUeOiLzwxpdlca93OnPnKPL4VMxCT6oHkk9jkW1w0G836OBo/+AVitxINm4g5oifJ2L1ptNY8MQNA9yTlej1zuPQRxdheCGzAncucdYn58j1ozBO8urlZa5EnIhr7uL1Xrsq6FyOo6jXywc0RvmOz3vpNY0fOsIb9S+EL6uwR7G+d+7x+az/XfZqwGXa6ztpY+RXw8V2N5gn8WKa1nTUfx8uEI9lA9057Kw4RidiHoWBgz66yewlepa1jvy5p2zRjLKVrly+al2Mjj0he2HxMkpmQranbKp8p7Rs1qT4mazbi+IYiwZIDzU79OfZ1lH2+0VlIr3H/0fRZJG43ryxPqZvv/7XktKfXf/bMP+vhCr9H1pYnp/BYGDD+t8ucuv/G4/6FXqN+7/z+DcZgfl/NYD/32k2/H8LeaBK/9f9f6H/MgOA/quglv6D/+8chf9fRn0rd4JX6b++dv93of+Uwf3fSiif/3UniGPxYeHGInX7c5xcJ//yM6rGfzf8nxQEG/K/ErbK/zob6owNICt3j3L8Nxf1K6rGfzf8n/xFYPxXDeD/dppH9L+xPFCl/xv+j1JY/6WIWvoP/q9zbOh/4+q/xf3fFi3Fvy77Iui/CvIJ172pFy6cPe5GHk/Smcifs+nDvWJu9ZdeUYw7lxCaneIx/9/UqpAa/j9f/0EJ6L8itlj/Re0Bo4wS+AKwDrLp/9v7/oft13/bsP5bFeD/d5qH9b+5PFDD/y/1H9Z/K6KW/oP/7xzl+G/z+x8e9P8G3fj+BxPWfynhdv33sgfAGnAAAICd4B8tnTeQAG4AAA=="
                      }
                    ],
                    "python_spec": [
                      {
                        "entrypoint_module": "app.agent_engine_app",
                        "entrypoint_object": "agent_engine",
                        "requirements_file": "app/app_utils/.requirements.txt",
                        "version": "3.13"
                      }
                    ]
                  }
                ]
              }
            ],
            "timeouts": null,
            "update_time": "2026-02-25T17:06:17.543753Z"
          },
          "sensitive_attributes": [],
          "identity_schema_version": 0,
          "private": "eyJlMmJmYjczMC1lY2FhLTExZTYtOGY4OC0zNDM2M2JjN2M0YzAiOnsiY3JlYXRlIjoxMjAwMDAwMDAwMDAwLCJkZWxldGUiOjM2MDAwMDAwMDAwMDAsInVwZGF0ZSI6MTIwMDAwMDAwMDAwMH19",
          "dependencies": [
            "data.google_storage_bucket_object_content.dummy_source_b64",
            "google_project_service.cicd_services",
            "google_project_service.deploy_project_services",
            "google_service_account.app_sa",
            "google_storage_bucket.logs_data_bucket"
          ]
        }
      ]
    },
    {
      "mode": "managed",
      "type": "time_sleep",
      "name": "wait_for_bq_connection_sa",
      "provider": "provider[\"registry.terraform.io/hashicorp/time\"]",
      "instances": [
        {
          "index_key": "prod",
          "schema_version": 0,
          "attributes": {
            "create_duration": "10s",
            "destroy_duration": null,
            "id": "2026-02-25T17:02:38Z",
            "triggers": null
          },
          "sensitive_attributes": [],
          "identity_schema_version": 0,
          "dependencies": [
            "google_bigquery_connection.genai_telemetry_connection",
            "google_project_service.cicd_services",
            "google_project_service.deploy_project_services"
          ]
        },
        {
          "index_key": "staging",
          "schema_version": 0,
          "attributes": {
            "create_duration": "10s",
            "destroy_duration": null,
            "id": "2026-02-25T17:02:38Z",
            "triggers": null
          },
          "sensitive_attributes": [],
          "identity_schema_version": 0,
          "dependencies": [
            "google_bigquery_connection.genai_telemetry_connection",
            "google_project_service.cicd_services",
            "google_project_service.deploy_project_services"
          ]
        }
      ]
    },
    {
      "mode": "managed",
      "type": "time_sleep",
      "name": "wait_for_linked_dataset",
      "provider": "provider[\"registry.terraform.io/hashicorp/time\"]",
      "instances": [
        {
          "index_key": "prod",
          "schema_version": 0,
          "attributes": {
            "create_duration": "10s",
            "destroy_duration": null,
            "id": "2026-02-25T17:08:33Z",
            "triggers": null
          },
          "sensitive_attributes": [],
          "identity_schema_version": 0,
          "dependencies": [
            "google_logging_linked_dataset.genai_logs_linked_dataset",
            "google_logging_project_bucket_config.genai_telemetry_bucket",
            "google_logging_project_sink.genai_logs_to_bucket",
            "google_project_service.cicd_services",
            "google_project_service.deploy_project_services"
          ]
        },
        {
          "index_key": "staging",
          "schema_version": 0,
          "attributes": {
            "create_duration": "10s",
            "destroy_duration": null,
            "id": "2026-02-25T17:08:33Z",
            "triggers": null
          },
          "sensitive_attributes": [],
          "identity_schema_version": 0,
          "dependencies": [
            "google_logging_linked_dataset.genai_logs_linked_dataset",
            "google_logging_project_bucket_config.genai_telemetry_bucket",
            "google_logging_project_sink.genai_logs_to_bucket",
            "google_project_service.cicd_services",
            "google_project_service.deploy_project_services"
          ]
        }
      ]
    }
  ],
  "check_results": null
}
